<?xml version="1.0" encoding="utf-8"?>
<Project ToolsVersion="4.0" xmlns="http://schemas.microsoft.com/developer/msbuild/2003">
  <ItemGroup>
    <Filter Include="ソース ファイル">
      <UniqueIdentifier>{4FC737F1-C7A5-4376-A066-2A32D752A2FF}</UniqueIdentifier>
      <Extensions>cpp;c;cc;cxx;c++;cppm;ixx;def;odl;idl;hpj;bat;asm;asmx</Extensions>
    </Filter>
    <Filter Include="ヘッダー ファイル">
      <UniqueIdentifier>{93995380-89BD-4b04-88EB-625FBE52EBFB}</UniqueIdentifier>
      <Extensions>h;hh;hpp;hxx;h++;hm;inl;inc;ipp;xsd</Extensions>
    </Filter>
    <Filter Include="リソース ファイル">
      <UniqueIdentifier>{67DA6AB6-F800-4c08-8B7A-83BB121AAD01}</UniqueIdentifier>
      <Extensions>rc;ico;cur;bmp;dlg;rc2;rct;bin;rgs;gif;jpg;jpeg;jpe;resx;tiff;tif;png;wav;mfcribbon-ms</Extensions>
    </Filter>
    <Filter Include="Externals">
      <UniqueIdentifier>{c4323793-0208-4b71-b001-72680bd0cc08}</UniqueIdentifier>
    </Filter>
    <Filter Include="Externals\YokosukaEngine">
      <UniqueIdentifier>{26de49c6-c22c-409a-9070-d83b08bb715e}</UniqueIdentifier>
    </Filter>
    <Filter Include="Externals\YokosukaEngine\Include">
      <UniqueIdentifier>{3a7af73e-d8e7-4a47-83ec-44506ea412b4}</UniqueIdentifier>
    </Filter>
    <Filter Include="Externals\YokosukaEngine\Include\Base">
      <UniqueIdentifier>{8b37055f-0c46-4760-971d-a825617eb67e}</UniqueIdentifier>
    </Filter>
    <Filter Include="Externals\YokosukaEngine\Include\Base\WinApp">
      <UniqueIdentifier>{c29bf23f-d5ef-44f7-989c-68b67976123f}</UniqueIdentifier>
    </Filter>
    <Filter Include="Externals\YokosukaEngine\Include\Func">
      <UniqueIdentifier>{03d6fc5f-599e-410c-be7d-992896a4fd70}</UniqueIdentifier>
    </Filter>
    <Filter Include="Externals\YokosukaEngine\Include\Func\String">
      <UniqueIdentifier>{3d827cba-ab48-4cc8-8723-166539b8f26e}</UniqueIdentifier>
    </Filter>
    <Filter Include="Externals\YokosukaEngine\Include\Base\OutputLog">
      <UniqueIdentifier>{a1003834-b1f6-480c-8f9c-39be1069a703}</UniqueIdentifier>
    </Filter>
    <Filter Include="Externals\YokosukaEngine\Include\Base\DirectXCommon">
      <UniqueIdentifier>{76475598-178b-4577-8171-0fc66cd01585}</UniqueIdentifier>
    </Filter>
    <Filter Include="Externals\YokosukaEngine\Include\Func\CrashHandler">
      <UniqueIdentifier>{428ddbf1-4996-488e-b523-d2a688b7164c}</UniqueIdentifier>
    </Filter>
    <Filter Include="Externals\YokosukaEngine\Include\Math">
      <UniqueIdentifier>{a602ed82-23f2-450d-b538-5b2969e1d3ff}</UniqueIdentifier>
    </Filter>
    <Filter Include="Externals\YokosukaEngine\Include\Math\Vector4">
      <UniqueIdentifier>{a9e033a4-c3ad-40eb-ba63-32310a06d60e}</UniqueIdentifier>
    </Filter>
    <Filter Include="Externals\YokosukaEngine\Shader">
      <UniqueIdentifier>{91f9c939-f6d7-4787-9c6e-163365da9404}</UniqueIdentifier>
    </Filter>
    <Filter Include="Externals\YokosukaEngine\Include\Draw">
      <UniqueIdentifier>{51abd248-96e2-4d67-9cf5-1866579b5f8a}</UniqueIdentifier>
    </Filter>
    <Filter Include="Externals\YokosukaEngine\Include\Draw\DirectXShaderCompiler">
      <UniqueIdentifier>{8ee6ed87-991c-4530-bc1a-3cb0e601ffed}</UniqueIdentifier>
    </Filter>
    <Filter Include="Externals\YokosukaEngine\Include\Draw\BasePipelineStateObject">
      <UniqueIdentifier>{d5046620-cdd1-4e51-bbba-ea96e2612ab6}</UniqueIdentifier>
    </Filter>
    <Filter Include="Externals\YokosukaEngine\Include\Draw\BasePipelineStateObject\PipelineStateObjectNormal">
      <UniqueIdentifier>{eebb4e39-c71e-439d-9153-fd79feaef626}</UniqueIdentifier>
    </Filter>
    <Filter Include="Externals\YokosukaEngine\Include\Math\Vector3">
      <UniqueIdentifier>{69d0549d-0fc3-4590-9f9d-20970e02de42}</UniqueIdentifier>
    </Filter>
    <Filter Include="Externals\YokosukaEngine\Include\Math\Vector2">
      <UniqueIdentifier>{99c3e253-dc01-48e3-983f-99b1e15cef84}</UniqueIdentifier>
    </Filter>
    <Filter Include="Externals\YokosukaEngine\Include\Math\Matrix4x4">
      <UniqueIdentifier>{dc3453f5-0e6c-41c4-957a-158b2c1790f4}</UniqueIdentifier>
    </Filter>
    <Filter Include="Externals\YokosukaEngine\Include\Math\WorldTransform">
      <UniqueIdentifier>{708f4c9d-91e3-4c78-b894-63d0ea0d2985}</UniqueIdentifier>
    </Filter>
    <Filter Include="Externals\ImGui">
      <UniqueIdentifier>{9ead3b48-26bc-49e6-9cdc-2c28afdf9625}</UniqueIdentifier>
    </Filter>
    <Filter Include="Externals\YokosukaEngine\Include\Func\LoadTexture">
      <UniqueIdentifier>{befbc56e-805e-4238-8f6c-8221456463b3}</UniqueIdentifier>
    </Filter>
    <Filter Include="Externals\YokosukaEngine\Include\Draw\TextureStore">
      <UniqueIdentifier>{be21ca6b-1e3d-40a4-ae09-3c5386f1e0b3}</UniqueIdentifier>
    </Filter>
    <Filter Include="Externals\YokosukaEngine\Include\Draw\VertexData">
      <UniqueIdentifier>{ba767dc2-fe49-4c71-be73-7557dc28dd6c}</UniqueIdentifier>
    </Filter>
    <Filter Include="Externals\YokosukaEngine\Include\Camera">
      <UniqueIdentifier>{4a0f5a13-0393-4b83-921d-1d85c54c21aa}</UniqueIdentifier>
    </Filter>
    <Filter Include="Externals\YokosukaEngine\Include\Camera\Camera2D">
      <UniqueIdentifier>{0fa3084d-05f3-40c8-b998-65d3ac279a75}</UniqueIdentifier>
    </Filter>
    <Filter Include="Externals\YokosukaEngine\Include\Camera\Camera3D">
      <UniqueIdentifier>{ff4ad4b2-1b77-4c49-8738-c6dbc249d5ea}</UniqueIdentifier>
    </Filter>
  </ItemGroup>
  <ItemGroup>
    <ClCompile Include="main.cpp">
      <Filter>ソース ファイル</Filter>
    </ClCompile>
    <ClCompile Include="..\Externals\YokosukaEngine\Include\YokosukaEngine.cpp">
      <Filter>Externals\YokosukaEngine\Include</Filter>
    </ClCompile>
    <ClCompile Include="..\Externals\YokosukaEngine\Include\Base\WinApp\WinApp.cpp">
      <Filter>Externals\YokosukaEngine\Include\Base\WinApp</Filter>
    </ClCompile>
    <ClCompile Include="..\Externals\YokosukaEngine\Include\Func\String\String.cpp">
      <Filter>Externals\YokosukaEngine\Include\Func\String</Filter>
    </ClCompile>
    <ClCompile Include="..\Externals\YokosukaEngine\Include\Base\OutputLog\OutputLog.cpp">
      <Filter>Externals\YokosukaEngine\Include\Base\OutputLog</Filter>
    </ClCompile>
    <ClCompile Include="..\Externals\YokosukaEngine\Include\Base\DirectXCommon\DirectXCommon.cpp">
      <Filter>Externals\YokosukaEngine\Include\Base\DirectXCommon</Filter>
    </ClCompile>
    <ClCompile Include="..\Externals\YokosukaEngine\Include\Math\Vector4\Vector4.cpp">
      <Filter>Externals\YokosukaEngine\Include\Math\Vector4</Filter>
    </ClCompile>
    <ClCompile Include="..\Externals\YokosukaEngine\Include\Draw\DirectXShaderCompiler\DirectXShaderCompiler.cpp">
      <Filter>Externals\YokosukaEngine\Include\Draw\DirectXShaderCompiler</Filter>
    </ClCompile>
    <ClCompile Include="..\Externals\YokosukaEngine\Include\Draw\BasePipelineStateObject\BasePipelineStateObject.cpp">
      <Filter>Externals\YokosukaEngine\Include\Draw\BasePipelineStateObject</Filter>
    </ClCompile>
    <ClCompile Include="..\Externals\YokosukaEngine\Include\Draw\BasePipelineStateObject\PipelineStateObjectNormal\PipelineStateObjectNormal.cpp">
      <Filter>Externals\YokosukaEngine\Include\Draw\BasePipelineStateObject\PipelineStateObjectNormal</Filter>
    </ClCompile>
    <ClCompile Include="..\Externals\YokosukaEngine\Include\Math\Vector3\Vector3.cpp">
      <Filter>Externals\YokosukaEngine\Include\Math\Vector3</Filter>
    </ClCompile>
    <ClCompile Include="..\Externals\YokosukaEngine\Include\Math\Vector2\Vector2.cpp">
      <Filter>Externals\YokosukaEngine\Include\Math\Vector2</Filter>
    </ClCompile>
    <ClCompile Include="..\Externals\YokosukaEngine\Include\Math\Matrix4x4\Matrix4x4.cpp">
      <Filter>Externals\YokosukaEngine\Include\Math\Matrix4x4</Filter>
    </ClCompile>
    <ClCompile Include="..\Externals\YokosukaEngine\Include\Math\WorldTransform\WorldTransform.cpp">
      <Filter>Externals\YokosukaEngine\Include\Math\WorldTransform</Filter>
    </ClCompile>
    <ClCompile Include="..\Externals\ImGui\imgui.cpp">
      <Filter>Externals\ImGui</Filter>
    </ClCompile>
    <ClCompile Include="..\Externals\ImGui\imgui_demo.cpp">
      <Filter>Externals\ImGui</Filter>
    </ClCompile>
    <ClCompile Include="..\Externals\ImGui\imgui_draw.cpp">
      <Filter>Externals\ImGui</Filter>
    </ClCompile>
    <ClCompile Include="..\Externals\ImGui\imgui_impl_dx12.cpp">
      <Filter>Externals\ImGui</Filter>
    </ClCompile>
    <ClCompile Include="..\Externals\ImGui\imgui_impl_win32.cpp">
      <Filter>Externals\ImGui</Filter>
    </ClCompile>
    <ClCompile Include="..\Externals\ImGui\imgui_tables.cpp">
      <Filter>Externals\ImGui</Filter>
    </ClCompile>
    <ClCompile Include="..\Externals\ImGui\imgui_widgets.cpp">
      <Filter>Externals\ImGui</Filter>
    </ClCompile>
    <ClCompile Include="..\Externals\YokosukaEngine\Include\Func\LoadTexture\LoadTexture.cpp">
      <Filter>Externals\YokosukaEngine\Include\Func\LoadTexture</Filter>
    </ClCompile>
    <ClCompile Include="..\Externals\YokosukaEngine\Include\Draw\TextureStore\TextureStore.cpp">
      <Filter>Externals\YokosukaEngine\Include\Draw\TextureStore</Filter>
    </ClCompile>
    <ClCompile Include="..\Externals\YokosukaEngine\Include\Draw\VertexData\VertexData.cpp">
      <Filter>Externals\YokosukaEngine\Include\Draw\VertexData</Filter>
    </ClCompile>
    <ClCompile Include="..\Externals\YokosukaEngine\Include\Camera\Camera2D\Camera2D.cpp">
      <Filter>Externals\YokosukaEngine\Include\Camera\Camera2D</Filter>
    </ClCompile>
    <ClCompile Include="..\Externals\YokosukaEngine\Include\Camera\Camera3D\Camera3D.cpp">
      <Filter>Externals\YokosukaEngine\Include\Camera\Camera3D</Filter>
    </ClCompile>
  </ItemGroup>
  <ItemGroup>
    <ClInclude Include="..\Externals\YokosukaEngine\Include\YokosukaEngine.h">
      <Filter>Externals\YokosukaEngine\Include</Filter>
    </ClInclude>
    <ClInclude Include="..\Externals\YokosukaEngine\Include\Base\WinApp\WinApp.h">
      <Filter>Externals\YokosukaEngine\Include\Base\WinApp</Filter>
    </ClInclude>
    <ClInclude Include="..\Externals\YokosukaEngine\Include\Func\String\String.h">
      <Filter>Externals\YokosukaEngine\Include\Func\String</Filter>
    </ClInclude>
    <ClInclude Include="..\Externals\YokosukaEngine\Include\Base\OutputLog\OutputLog.h">
      <Filter>Externals\YokosukaEngine\Include\Base\OutputLog</Filter>
    </ClInclude>
    <ClInclude Include="..\Externals\YokosukaEngine\Include\Base\DirectXCommon\DirectXCommon.h">
      <Filter>Externals\YokosukaEngine\Include\Base\DirectXCommon</Filter>
    </ClInclude>
    <ClInclude Include="..\Externals\YokosukaEngine\Include\Func\CrashHandler\CrashHandler.h">
      <Filter>Externals\YokosukaEngine\Include\Func\CrashHandler</Filter>
    </ClInclude>
    <ClInclude Include="..\Externals\YokosukaEngine\Include\Math\Vector4\Vector4.h">
      <Filter>Externals\YokosukaEngine\Include\Math\Vector4</Filter>
    </ClInclude>
    <ClInclude Include="..\Externals\YokosukaEngine\Include\Draw\DirectXShaderCompiler\DirectXShaderCompiler.h">
      <Filter>Externals\YokosukaEngine\Include\Draw\DirectXShaderCompiler</Filter>
    </ClInclude>
    <ClInclude Include="..\Externals\YokosukaEngine\Include\Draw\BasePipelineStateObject\BasePipelineStateObject.h">
      <Filter>Externals\YokosukaEngine\Include\Draw\BasePipelineStateObject</Filter>
    </ClInclude>
    <ClInclude Include="..\Externals\YokosukaEngine\Include\Draw\BasePipelineStateObject\PipelineStateObjectNormal\PipelineStateObjectNormal.h">
      <Filter>Externals\YokosukaEngine\Include\Draw\BasePipelineStateObject\PipelineStateObjectNormal</Filter>
    </ClInclude>
    <ClInclude Include="..\Externals\YokosukaEngine\Include\Math\Vector3\Vector3.h">
      <Filter>Externals\YokosukaEngine\Include\Math\Vector3</Filter>
    </ClInclude>
    <ClInclude Include="..\Externals\YokosukaEngine\Include\Math\Vector2\Vector2.h">
      <Filter>Externals\YokosukaEngine\Include\Math\Vector2</Filter>
    </ClInclude>
    <ClInclude Include="..\Externals\YokosukaEngine\Include\Math\Matrix4x4\Matrix4x4.h">
      <Filter>Externals\YokosukaEngine\Include\Math\Matrix4x4</Filter>
    </ClInclude>
    <ClInclude Include="..\Externals\YokosukaEngine\Include\Math\WorldTransform\WorldTransform.h">
      <Filter>Externals\YokosukaEngine\Include\Math\WorldTransform</Filter>
    </ClInclude>
    <ClInclude Include="..\Externals\ImGui\imconfig.h">
      <Filter>Externals\ImGui</Filter>
    </ClInclude>
    <ClInclude Include="..\Externals\ImGui\imgui.h">
      <Filter>Externals\ImGui</Filter>
    </ClInclude>
    <ClInclude Include="..\Externals\ImGui\imgui_impl_dx12.h">
      <Filter>Externals\ImGui</Filter>
    </ClInclude>
    <ClInclude Include="..\Externals\ImGui\imgui_impl_win32.h">
      <Filter>Externals\ImGui</Filter>
    </ClInclude>
    <ClInclude Include="..\Externals\ImGui\imgui_internal.h">
      <Filter>Externals\ImGui</Filter>
    </ClInclude>
    <ClInclude Include="..\Externals\ImGui\imstb_rectpack.h">
      <Filter>Externals\ImGui</Filter>
    </ClInclude>
    <ClInclude Include="..\Externals\ImGui\imstb_textedit.h">
      <Filter>Externals\ImGui</Filter>
    </ClInclude>
    <ClInclude Include="..\Externals\ImGui\imstb_truetype.h">
      <Filter>Externals\ImGui</Filter>
    </ClInclude>
    <ClInclude Include="..\Externals\YokosukaEngine\Include\Func\LoadTexture\LoadTexture.h">
      <Filter>Externals\YokosukaEngine\Include\Func\LoadTexture</Filter>
    </ClInclude>
    <ClInclude Include="..\Externals\YokosukaEngine\Include\Draw\TextureStore\TextureStore.h">
      <Filter>Externals\YokosukaEngine\Include\Draw\TextureStore</Filter>
    </ClInclude>
    <ClInclude Include="..\Externals\YokosukaEngine\Include\Draw\VertexData\VertexData.h">
      <Filter>Externals\YokosukaEngine\Include\Draw\VertexData</Filter>
    </ClInclude>
    <ClInclude Include="..\Externals\YokosukaEngine\Include\Camera\Camera2D\Camera2D.h">
      <Filter>Externals\YokosukaEngine\Include\Camera\Camera2D</Filter>
    </ClInclude>
    <ClInclude Include="..\Externals\YokosukaEngine\Include\Camera\Camera3D\Camera3D.h">
      <Filter>Externals\YokosukaEngine\Include\Camera\Camera3D</Filter>
    </ClInclude>
  </ItemGroup>
  <ItemGroup>
    <FxCompile Include="..\Externals\YokosukaEngine\Shader\Object3d.VS.hlsl">
      <Filter>Externals\YokosukaEngine\Shader</Filter>
    </FxCompile>
    <FxCompile Include="..\Externals\YokosukaEngine\Shader\Object3d.PS.hlsl">
      <Filter>Externals\YokosukaEngine\Shader</Filter>
    </FxCompile>
  </ItemGroup>
  <ItemGroup>
    <Text Include="..\Externals\ImGui\LICENSE.txt">
      <Filter>Externals\ImGui</Filter>
    </Text>
  </ItemGroup>
  <ItemGroup>
    <None Include="..\Externals\YokosukaEngine\Shader\Object3d.hlsli">
      <Filter>Externals\YokosukaEngine\Shader</Filter>
    </None>
  </ItemGroup>
</Project>