<?xml version="1.0" encoding="utf-8"?>
<Project ToolsVersion="4.0" xmlns="http://schemas.microsoft.com/developer/msbuild/2003">
  <ItemGroup>
    <Filter Include="ソース ファイル">
      <UniqueIdentifier>{4FC737F1-C7A5-4376-A066-2A32D752A2FF}</UniqueIdentifier>
      <Extensions>cpp;c;cc;cxx;c++;cppm;ixx;def;odl;idl;hpj;bat;asm;asmx</Extensions>
    </Filter>
    <Filter Include="ヘッダー ファイル">
      <UniqueIdentifier>{93995380-89BD-4b04-88EB-625FBE52EBFB}</UniqueIdentifier>
      <Extensions>h;hh;hpp;hxx;h++;hm;inl;inc;ipp;xsd</Extensions>
    </Filter>
    <Filter Include="リソース ファイル">
      <UniqueIdentifier>{67DA6AB6-F800-4c08-8B7A-83BB121AAD01}</UniqueIdentifier>
      <Extensions>rc;ico;cur;bmp;dlg;rc2;rct;bin;rgs;gif;jpg;jpeg;jpe;resx;tiff;tif;png;wav;mfcribbon-ms</Extensions>
    </Filter>
    <Filter Include="Externals">
      <UniqueIdentifier>{c4323793-0208-4b71-b001-72680bd0cc08}</UniqueIdentifier>
    </Filter>
    <Filter Include="Externals\ImGui">
      <UniqueIdentifier>{9ead3b48-26bc-49e6-9cdc-2c28afdf9625}</UniqueIdentifier>
    </Filter>
    <Filter Include="YokosukaEngine">
      <UniqueIdentifier>{26de49c6-c22c-409a-9070-d83b08bb715e}</UniqueIdentifier>
    </Filter>
    <Filter Include="YokosukaEngine\Include">
      <UniqueIdentifier>{3a7af73e-d8e7-4a47-83ec-44506ea412b4}</UniqueIdentifier>
    </Filter>
    <Filter Include="YokosukaEngine\Include\Base">
      <UniqueIdentifier>{8b37055f-0c46-4760-971d-a825617eb67e}</UniqueIdentifier>
    </Filter>
    <Filter Include="YokosukaEngine\Include\Base\WinApp">
      <UniqueIdentifier>{c29bf23f-d5ef-44f7-989c-68b67976123f}</UniqueIdentifier>
    </Filter>
    <Filter Include="YokosukaEngine\Include\Base\DirectXCommon">
      <UniqueIdentifier>{76475598-178b-4577-8171-0fc66cd01585}</UniqueIdentifier>
    </Filter>
    <Filter Include="YokosukaEngine\Include\Func">
      <UniqueIdentifier>{03d6fc5f-599e-410c-be7d-992896a4fd70}</UniqueIdentifier>
    </Filter>
    <Filter Include="YokosukaEngine\Include\Func\String">
      <UniqueIdentifier>{3d827cba-ab48-4cc8-8723-166539b8f26e}</UniqueIdentifier>
    </Filter>
    <Filter Include="YokosukaEngine\Include\Func\CrashHandler">
      <UniqueIdentifier>{428ddbf1-4996-488e-b523-d2a688b7164c}</UniqueIdentifier>
    </Filter>
    <Filter Include="YokosukaEngine\Include\Math">
      <UniqueIdentifier>{a602ed82-23f2-450d-b538-5b2969e1d3ff}</UniqueIdentifier>
    </Filter>
    <Filter Include="YokosukaEngine\Include\Math\Vector4">
      <UniqueIdentifier>{a9e033a4-c3ad-40eb-ba63-32310a06d60e}</UniqueIdentifier>
    </Filter>
    <Filter Include="YokosukaEngine\Include\Math\Vector3">
      <UniqueIdentifier>{69d0549d-0fc3-4590-9f9d-20970e02de42}</UniqueIdentifier>
    </Filter>
    <Filter Include="YokosukaEngine\Include\Math\Vector2">
      <UniqueIdentifier>{99c3e253-dc01-48e3-983f-99b1e15cef84}</UniqueIdentifier>
    </Filter>
    <Filter Include="YokosukaEngine\Include\Math\Matrix4x4">
      <UniqueIdentifier>{dc3453f5-0e6c-41c4-957a-158b2c1790f4}</UniqueIdentifier>
    </Filter>
    <Filter Include="YokosukaEngine\Include\Draw">
      <UniqueIdentifier>{51abd248-96e2-4d67-9cf5-1866579b5f8a}</UniqueIdentifier>
    </Filter>
    <Filter Include="YokosukaEngine\Include\Draw\DirectXShaderCompiler">
      <UniqueIdentifier>{8ee6ed87-991c-4530-bc1a-3cb0e601ffed}</UniqueIdentifier>
    </Filter>
    <Filter Include="YokosukaEngine\Include\Camera">
      <UniqueIdentifier>{4a0f5a13-0393-4b83-921d-1d85c54c21aa}</UniqueIdentifier>
    </Filter>
    <Filter Include="YokosukaEngine\Include\Camera\Camera2D">
      <UniqueIdentifier>{0fa3084d-05f3-40c8-b998-65d3ac279a75}</UniqueIdentifier>
    </Filter>
    <Filter Include="YokosukaEngine\Include\Camera\Camera3D">
      <UniqueIdentifier>{ff4ad4b2-1b77-4c49-8738-c6dbc249d5ea}</UniqueIdentifier>
    </Filter>
    <Filter Include="YokosukaEngine\Shader">
      <UniqueIdentifier>{91f9c939-f6d7-4787-9c6e-163365da9404}</UniqueIdentifier>
    </Filter>
    <Filter Include="YokosukaEngine\Include\Base\Input">
      <UniqueIdentifier>{43abeb0e-7683-4ca5-af89-8370d34c953a}</UniqueIdentifier>
    </Filter>
    <Filter Include="YokosukaEngine\Include\PipelineStateObject">
      <UniqueIdentifier>{7bcc6cd4-dff3-4082-bc8c-d2288b789cd0}</UniqueIdentifier>
    </Filter>
    <Filter Include="YokosukaEngine\Include\PipelineStateObject\Object3d">
      <UniqueIdentifier>{6b6f304b-d6a2-4a5a-8207-f03bf33e5c2c}</UniqueIdentifier>
    </Filter>
    <Filter Include="YokosukaEngine\Include\PipelineStateObject\Particle">
      <UniqueIdentifier>{9f1fd4ea-5119-4eca-bd51-d1f4a48dd03c}</UniqueIdentifier>
    </Filter>
    <Filter Include="YokosukaEngine\Include\PipelineStateObject\Object3d\BlendAdd">
      <UniqueIdentifier>{ea2bc7da-e77b-4db4-8a66-747b0be2a717}</UniqueIdentifier>
    </Filter>
    <Filter Include="YokosukaEngine\Include\PipelineStateObject\Object3d\BlendMultiply">
      <UniqueIdentifier>{c94afd5f-82c6-4a3a-8f4a-66d42e499b7e}</UniqueIdentifier>
    </Filter>
    <Filter Include="YokosukaEngine\Include\PipelineStateObject\Object3d\BlendNone">
      <UniqueIdentifier>{0708d84c-dc58-4cbd-bc1b-edb66cd227e1}</UniqueIdentifier>
    </Filter>
    <Filter Include="YokosukaEngine\Include\PipelineStateObject\Object3d\BlendNormal">
      <UniqueIdentifier>{eebb4e39-c71e-439d-9153-fd79feaef626}</UniqueIdentifier>
    </Filter>
    <Filter Include="YokosukaEngine\Include\PipelineStateObject\Object3d\BlendScreen">
      <UniqueIdentifier>{ac83da9b-6fc7-44a5-83d2-61b353316801}</UniqueIdentifier>
    </Filter>
    <Filter Include="YokosukaEngine\Include\PipelineStateObject\Object3d\BlendSubtract">
      <UniqueIdentifier>{97ae0498-9c9d-4f83-a7a3-7ac745ccfbf2}</UniqueIdentifier>
    </Filter>
    <Filter Include="YokosukaEngine\Include\PipelineStateObject\Particle\BlendNormal">
      <UniqueIdentifier>{baddb874-6c77-4ffd-8243-52e6e782b486}</UniqueIdentifier>
    </Filter>
    <Filter Include="YokosukaEngine\Include\Math\Transform3D">
      <UniqueIdentifier>{661d76fa-774d-4f5f-99ba-421e5e1f6763}</UniqueIdentifier>
    </Filter>
    <Filter Include="YokosukaEngine\Include\PipelineStateObject\Particle\BlendAdd">
      <UniqueIdentifier>{36781d30-4d3d-486c-83e8-3596c79ab7a5}</UniqueIdentifier>
    </Filter>
    <Filter Include="YokosukaEngine\Include\PipelineStateObject\Particle\BlendNone">
      <UniqueIdentifier>{bc1cff5c-4d4e-4503-8b5d-04b857449f41}</UniqueIdentifier>
    </Filter>
    <Filter Include="YokosukaEngine\Include\PipelineStateObject\Particle\BlendSubtract">
      <UniqueIdentifier>{047cd924-44cb-44c1-9453-80a778531623}</UniqueIdentifier>
    </Filter>
    <Filter Include="YokosukaEngine\Include\PipelineStateObject\Particle\BlendMultiply">
      <UniqueIdentifier>{fb6fb3fa-4147-44ee-9cf5-e1b491c88be0}</UniqueIdentifier>
    </Filter>
    <Filter Include="YokosukaEngine\Include\PipelineStateObject\Particle\BlendScreen">
      <UniqueIdentifier>{f591ef5d-f467-4308-a94e-8b620c409326}</UniqueIdentifier>
    </Filter>
    <Filter Include="YokosukaEngine\Include\Func\Collision">
      <UniqueIdentifier>{6f8fbd5a-7514-402f-ab47-270658511e4b}</UniqueIdentifier>
    </Filter>
    <Filter Include="YokosukaEngine\Include\Light">
      <UniqueIdentifier>{5dbb1ae0-aaf6-4aba-b688-77611cd3a83e}</UniqueIdentifier>
    </Filter>
    <Filter Include="YokosukaEngine\Include\Light\DirectionalLight">
      <UniqueIdentifier>{bfcf7414-fa9e-4787-aa27-ad425d97b641}</UniqueIdentifier>
    </Filter>
    <Filter Include="YokosukaEngine\Include\Light\PointLight">
      <UniqueIdentifier>{e35e0be4-d6f7-4ba2-8bec-5ffd6bebf038}</UniqueIdentifier>
    </Filter>
    <Filter Include="YokosukaEngine\Include\Light\SpotLight">
      <UniqueIdentifier>{d0237a7e-8f34-4bad-a890-306b1c05ff5a}</UniqueIdentifier>
    </Filter>
    <Filter Include="Game">
      <UniqueIdentifier>{8805619e-f798-46ef-b3f5-19d33281b017}</UniqueIdentifier>
    </Filter>
    <Filter Include="YokosukaEngine\Include\Transform">
      <UniqueIdentifier>{dd26c87e-8376-41ef-bf0b-1ad025d0d7c5}</UniqueIdentifier>
    </Filter>
    <Filter Include="YokosukaEngine\Include\Transform\WorldTransform">
      <UniqueIdentifier>{708f4c9d-91e3-4c78-b894-63d0ea0d2985}</UniqueIdentifier>
    </Filter>
    <Filter Include="YokosukaEngine\Include\Transform\UvTransform">
      <UniqueIdentifier>{c67260fd-7ab3-4043-9756-0f3500a5400d}</UniqueIdentifier>
    </Filter>
    <Filter Include="YokosukaEngine\Include\PipelineStateObject\Line3d">
      <UniqueIdentifier>{87972e88-be92-4dd9-bf6c-efcf1e39dd58}</UniqueIdentifier>
    </Filter>
    <Filter Include="YokosukaEngine\Include\PipelineStateObject\Line3d\BlendNormal">
      <UniqueIdentifier>{4211becd-ef13-4b44-b6ac-74106777c565}</UniqueIdentifier>
    </Filter>
    <Filter Include="YokosukaEngine\Include\Shape">
      <UniqueIdentifier>{fdc25f05-c106-4c72-ba7e-1b8427b1fc4a}</UniqueIdentifier>
    </Filter>
    <Filter Include="YokosukaEngine\Include\Shape\AABB">
      <UniqueIdentifier>{f1fde6df-22b7-43a5-9168-f5293c45b5d1}</UniqueIdentifier>
    </Filter>
    <Filter Include="YokosukaEngine\Include\Shape\Sphere">
      <UniqueIdentifier>{f597cb5f-6f2e-4ff1-92d1-886941437032}</UniqueIdentifier>
    </Filter>
    <Filter Include="YokosukaEngine\Include\ParticleEffect">
      <UniqueIdentifier>{3774c7a6-44ab-4d58-9a2d-3bc3c82b31e4}</UniqueIdentifier>
    </Filter>
    <Filter Include="YokosukaEngine\Include\ParticleEffect\Particle">
      <UniqueIdentifier>{adb730a0-6ec8-4852-a470-d280d8b77eab}</UniqueIdentifier>
    </Filter>
    <Filter Include="YokosukaEngine\Include\ParticleEffect\Emitter">
      <UniqueIdentifier>{02b13603-4d9f-4182-8c22-34b9400cbb85}</UniqueIdentifier>
    </Filter>
    <Filter Include="YokosukaEngine\Include\ParticleEffect\Feild">
      <UniqueIdentifier>{85ff0990-6f27-4eb4-b894-8dbc83bb39e5}</UniqueIdentifier>
    </Filter>
    <Filter Include="YokosukaEngine\Include\PipelineStateObject\Line3d\BlendNone">
      <UniqueIdentifier>{dcda4814-3aeb-458b-8a94-6fb4c997a847}</UniqueIdentifier>
    </Filter>
    <Filter Include="YokosukaEngine\Include\PipelineStateObject\Line3d\BlendAdd">
      <UniqueIdentifier>{ec0845f1-1511-42b9-964c-68fba41595bc}</UniqueIdentifier>
    </Filter>
    <Filter Include="YokosukaEngine\Include\PipelineStateObject\Line3d\BlendSubtract">
      <UniqueIdentifier>{3baf2808-7759-43ed-983d-127df81f0598}</UniqueIdentifier>
    </Filter>
    <Filter Include="YokosukaEngine\Include\PipelineStateObject\Line3d\BlendMultiply">
      <UniqueIdentifier>{edbed98e-69e1-406a-81a6-d38375ef2083}</UniqueIdentifier>
    </Filter>
    <Filter Include="YokosukaEngine\Include\PipelineStateObject\Line3d\BlendScreen">
      <UniqueIdentifier>{8b1135a1-7d1b-42f7-8f84-6f03b0da6ebf}</UniqueIdentifier>
    </Filter>
    <Filter Include="YokosukaEngine\Include\Math\Vector1">
      <UniqueIdentifier>{19adbe13-7f58-4788-8516-0992f76d5b47}</UniqueIdentifier>
    </Filter>
    <Filter Include="YokosukaEngine\Include\Store">
      <UniqueIdentifier>{7d8dbd18-f07f-4b39-a544-a0a2a1df9ade}</UniqueIdentifier>
    </Filter>
    <Filter Include="YokosukaEngine\Include\Store\AudioStore">
      <UniqueIdentifier>{a286df51-8447-483b-9dbe-996c19ab367f}</UniqueIdentifier>
    </Filter>
    <Filter Include="YokosukaEngine\Include\Store\ModelDataStore">
      <UniqueIdentifier>{1470573c-2aa7-4ace-be04-4b9019740360}</UniqueIdentifier>
    </Filter>
    <Filter Include="YokosukaEngine\Include\Store\TextureStore">
      <UniqueIdentifier>{be21ca6b-1e3d-40a4-ae09-3c5386f1e0b3}</UniqueIdentifier>
    </Filter>
    <Filter Include="YokosukaEngine\Include\Shape\Line">
      <UniqueIdentifier>{67670c6e-bb11-4ce7-857b-610d91f4cf91}</UniqueIdentifier>
    </Filter>
    <Filter Include="YokosukaEngine\Include\Math\Matrix3x3">
      <UniqueIdentifier>{497797df-8293-4128-8d83-6bc41f0dff45}</UniqueIdentifier>
    </Filter>
    <Filter Include="YokosukaEngine\Include\PipelineStateObject\Primitive">
      <UniqueIdentifier>{76684d38-82c7-4b10-90fc-57a89cf4bfa2}</UniqueIdentifier>
    </Filter>
    <Filter Include="YokosukaEngine\Include\PipelineStateObject\Primitive\BlendAdd">
      <UniqueIdentifier>{10185e20-a4b2-4747-ba07-22bfc3ae87b5}</UniqueIdentifier>
    </Filter>
    <Filter Include="YokosukaEngine\Include\PipelineStateObject\Primitive\BlendNone">
      <UniqueIdentifier>{a5514b04-9c81-49c5-b8ee-65ef78485352}</UniqueIdentifier>
    </Filter>
    <Filter Include="YokosukaEngine\Include\PipelineStateObject\Primitive\BlendNormal">
      <UniqueIdentifier>{e0f6cb14-1dd9-426e-9007-b3642b5ea381}</UniqueIdentifier>
    </Filter>
    <Filter Include="YokosukaEngine\Include\PipelineStateObject\Primitive\BlendScreen">
      <UniqueIdentifier>{9eeb8fb0-0bad-40a6-8cd4-cda032439abf}</UniqueIdentifier>
    </Filter>
    <Filter Include="YokosukaEngine\Include\PipelineStateObject\Primitive\BlendSubtract">
      <UniqueIdentifier>{37706916-39f8-461f-8576-1e1987af0b71}</UniqueIdentifier>
    </Filter>
    <Filter Include="YokosukaEngine\Include\PipelineStateObject\Primitive\BlendMultiply">
      <UniqueIdentifier>{2c00e768-09b4-47ca-85b4-92b9f63831f4}</UniqueIdentifier>
    </Filter>
    <Filter Include="YokosukaEngine\Include\PipelineStateObject\PostEffect">
      <UniqueIdentifier>{f6b3af59-8068-4580-8ac6-c138352ee212}</UniqueIdentifier>
    </Filter>
    <Filter Include="YokosukaEngine\Include\PipelineStateObject\PostEffect\CopyImage">
      <UniqueIdentifier>{60f7a3af-903c-4a2f-a157-461116a7547e}</UniqueIdentifier>
    </Filter>
    <Filter Include="YokosukaEngine\Include\PipelineStateObject\PostEffect\GrayScale">
      <UniqueIdentifier>{6d13bea3-7c7d-4a70-8b86-904213ebac8c}</UniqueIdentifier>
    </Filter>
    <Filter Include="YokosukaEngine\Include\PipelineStateObject\PostEffect\Sepia">
      <UniqueIdentifier>{6b7b4b0c-ee7d-435d-802c-0f8e32c0ea4e}</UniqueIdentifier>
    </Filter>
    <Filter Include="YokosukaEngine\Include\PipelineStateObject\PostEffect\Vignette">
      <UniqueIdentifier>{f7cd262a-34be-4cc2-88d3-507195649619}</UniqueIdentifier>
    </Filter>
    <Filter Include="YokosukaEngine\Include\PipelineStateObject\PostEffect\Smoothing">
      <UniqueIdentifier>{2e4c4cec-7805-40f3-8c10-62e08996476b}</UniqueIdentifier>
    </Filter>
    <Filter Include="YokosukaEngine\Include\PipelineStateObject\PostEffect\GaussianFilter">
      <UniqueIdentifier>{9ab71e68-a266-41c1-b44a-59774566665a}</UniqueIdentifier>
    </Filter>
    <Filter Include="YokosukaEngine\Include\PipelineStateObject\PostEffect\LuminanceBaseOutline">
      <UniqueIdentifier>{fbd35f31-1439-4d41-ade6-1bc3c1d24320}</UniqueIdentifier>
    </Filter>
    <Filter Include="YokosukaEngine\Shader\Object3d">
      <UniqueIdentifier>{f16bbf17-e0e7-4662-be7b-6c0f4dc6e94c}</UniqueIdentifier>
    </Filter>
    <Filter Include="YokosukaEngine\Shader\Particle">
      <UniqueIdentifier>{a098492c-8d0c-40c1-894b-957d1e35efa8}</UniqueIdentifier>
    </Filter>
    <Filter Include="YokosukaEngine\Shader\Line3d">
      <UniqueIdentifier>{75b52974-4466-4f09-b825-5a1a70d64be8}</UniqueIdentifier>
    </Filter>
    <Filter Include="YokosukaEngine\Shader\Primitive">
      <UniqueIdentifier>{0b659d91-29d5-4892-ae67-1191c7eaae8b}</UniqueIdentifier>
    </Filter>
    <Filter Include="YokosukaEngine\Shader\PostEffect">
      <UniqueIdentifier>{bf752d2d-0329-49e7-86be-733f5816a111}</UniqueIdentifier>
    </Filter>
    <Filter Include="YokosukaEngine\Include\PipelineStateObject\PostEffect\DepthBaseOutline">
      <UniqueIdentifier>{a68f04e5-d0ef-4866-ac27-4765abb237c1}</UniqueIdentifier>
    </Filter>
    <Filter Include="YokosukaEngine\Include\Math\Transform2D">
      <UniqueIdentifier>{687c72bf-614e-4a04-9a0f-0b008fb64cc2}</UniqueIdentifier>
    </Filter>
    <Filter Include="YokosukaEngine\Include\Transform\WorldTransform2D">
      <UniqueIdentifier>{41212535-d26f-48d9-ac7a-d6c8a4491b5f}</UniqueIdentifier>
    </Filter>
    <Filter Include="YokosukaEngine\Include\Draw\PostEffect">
      <UniqueIdentifier>{e7c2c1c3-339c-41c0-88a3-95a630e6c554}</UniqueIdentifier>
    </Filter>
    <Filter Include="YokosukaEngine\Include\PipelineStateObject\PostEffect\BrightnessExtraction">
      <UniqueIdentifier>{9c0f8638-75ef-4c3e-9d00-c43932b0b916}</UniqueIdentifier>
    </Filter>
    <Filter Include="YokosukaEngine\Include\PipelineStateObject\PostEffect\Hide">
      <UniqueIdentifier>{b088448d-245f-4fec-80ed-a13ec1f08f21}</UniqueIdentifier>
    </Filter>
    <Filter Include="YokosukaEngine\Include\PipelineStateObject\CopyImage">
      <UniqueIdentifier>{7da05fff-1b36-45b3-bfff-3b6a7f774453}</UniqueIdentifier>
    </Filter>
    <Filter Include="YokosukaEngine\Include\PipelineStateObject\CopyImage\BlendAdd">
      <UniqueIdentifier>{43eebe25-3abe-4a22-be57-49f3bfa7d141}</UniqueIdentifier>
    </Filter>
    <Filter Include="YokosukaEngine\Include\PipelineStateObject\CopyImage\BlendNone">
      <UniqueIdentifier>{ec44b8e7-199c-4459-b50f-a52f6dacc2d7}</UniqueIdentifier>
    </Filter>
    <Filter Include="YokosukaEngine\Include\PipelineStateObject\CopyImage\BlendNormal">
      <UniqueIdentifier>{2a504130-15a3-4214-9a3b-a15f351bf115}</UniqueIdentifier>
    </Filter>
    <Filter Include="YokosukaEngine\Include\PipelineStateObject\CopyImage\BlendMultiply">
      <UniqueIdentifier>{d1fc5d65-7fef-4ace-b692-7643680e0229}</UniqueIdentifier>
    </Filter>
    <Filter Include="YokosukaEngine\Include\PipelineStateObject\CopyImage\BlendScreen">
      <UniqueIdentifier>{99d9f7e9-71fa-4608-8658-768cc309089f}</UniqueIdentifier>
    </Filter>
    <Filter Include="YokosukaEngine\Include\PipelineStateObject\CopyImage\BlendSubtract">
      <UniqueIdentifier>{1f869a60-9572-4938-8759-71b6d55eae69}</UniqueIdentifier>
    </Filter>
    <Filter Include="YokosukaEngine\Include\PipelineStateObject\PostEffect\RasterScroll">
      <UniqueIdentifier>{bbc3e2fe-a05a-4706-8fab-a8df5c95879d}</UniqueIdentifier>
    </Filter>
    <Filter Include="YokosukaEngine\Include\Base\Logging">
      <UniqueIdentifier>{a1003834-b1f6-480c-8f9c-39be1069a703}</UniqueIdentifier>
    </Filter>
    <Filter Include="YokosukaEngine\Include\Base\DirectXCommon\DirectXGPU">
      <UniqueIdentifier>{07f340fe-3a02-4fbe-b520-a7e15e637370}</UniqueIdentifier>
    </Filter>
    <Filter Include="YokosukaEngine\Include\Base\DirectXCommon\DirectXCommand">
      <UniqueIdentifier>{3157b2c6-6d88-4397-b09f-0c372b575ebb}</UniqueIdentifier>
    </Filter>
    <Filter Include="YokosukaEngine\Include\Shape\Segment">
      <UniqueIdentifier>{a952a129-5604-4a9d-8179-a1cee7d471c4}</UniqueIdentifier>
    </Filter>
    <Filter Include="YokosukaEngine\Include\Shape\Ray">
      <UniqueIdentifier>{679ba177-dc43-433c-8353-04edd4774004}</UniqueIdentifier>
    </Filter>
    <Filter Include="YokosukaEngine\Include\Base\DirectXCommon\Resource">
      <UniqueIdentifier>{e4e50e68-7e93-4db3-8a72-9128b2732dd9}</UniqueIdentifier>
    </Filter>
    <Filter Include="Game\ModelHandleStore">
      <UniqueIdentifier>{3ebc883d-4d9e-4962-bcdf-9724dbf7da31}</UniqueIdentifier>
    </Filter>
    <Filter Include="Game\ModelHandleStore\BaseModelHandles">
      <UniqueIdentifier>{ecf9ed14-f302-4c5a-82da-e532758fac8b}</UniqueIdentifier>
    </Filter>
    <Filter Include="Game\BaseScene">
      <UniqueIdentifier>{888e7eaf-da4b-4b8c-a876-5c37e2dd647b}</UniqueIdentifier>
    </Filter>
    <Filter Include="Game\BaseScene\GameScene">
      <UniqueIdentifier>{2f8ebca4-51e1-4e9c-a2b4-4f61c48cbd2b}</UniqueIdentifier>
    </Filter>
    <Filter Include="Game\BaseScene\GameScene\Skydome">
      <UniqueIdentifier>{9f1d50d8-4b34-4ef6-8df0-48713bd1fd62}</UniqueIdentifier>
    </Filter>
    <Filter Include="Game\BaseScene\GameScene\PlayerStateHud">
      <UniqueIdentifier>{7d067d9d-a0ab-432a-a514-f26719bf0fa1}</UniqueIdentifier>
    </Filter>
    <Filter Include="Game\BaseScene\TitleScene">
      <UniqueIdentifier>{3428f662-9a98-484a-9eb1-6f48dee47e4b}</UniqueIdentifier>
    </Filter>
    <Filter Include="Game\BaseScene\GameScene\BaseCharacter">
      <UniqueIdentifier>{badb85fc-9195-4e3a-83ef-2a11ce3bf761}</UniqueIdentifier>
    </Filter>
    <Filter Include="Game\BaseScene\GameScene\BaseBullet">
      <UniqueIdentifier>{ca28f683-1f6b-4051-81ee-bf7ccdf7c430}</UniqueIdentifier>
    </Filter>
    <Filter Include="Game\BaseScene\GameScene\BaseCharacter\BaseEnemy">
      <UniqueIdentifier>{1e79be06-c943-47ce-8fe4-319072bec00f}</UniqueIdentifier>
    </Filter>
    <Filter Include="Game\BaseScene\GameScene\BaseCharacter\BaseEnemy\EnemyButterfly">
      <UniqueIdentifier>{797c3bb1-dbfa-483d-b767-2571fb4760b3}</UniqueIdentifier>
    </Filter>
    <Filter Include="Game\BaseScene\GameScene\BaseCharacter\Player">
      <UniqueIdentifier>{72fd857f-515e-4b32-8d13-f93ce03e2d61}</UniqueIdentifier>
    </Filter>
    <Filter Include="Game\BaseScene\GameScene\BaseBullet\BaseEnemyBullet">
      <UniqueIdentifier>{ac8b4fb6-e55b-44f2-a122-dbe396adad03}</UniqueIdentifier>
    </Filter>
    <Filter Include="Game\BaseScene\GameScene\BaseBullet\BaseEnemyBullet\EnemyBulletWeek">
      <UniqueIdentifier>{0d427355-9820-4c99-bea1-ba4edc4eb502}</UniqueIdentifier>
    </Filter>
    <Filter Include="Game\BaseScene\GameScene\BaseBullet\BasePlayerBullet">
      <UniqueIdentifier>{8a206c1e-e9fb-47ce-8c9d-643857a12ba4}</UniqueIdentifier>
    </Filter>
    <Filter Include="Game\BaseScene\GameScene\BaseBullet\BasePlayerBullet\PlayerBulletWeek">
      <UniqueIdentifier>{d921a83e-b455-418e-8aad-171a52b8246c}</UniqueIdentifier>
    </Filter>
    <Filter Include="Game\BaseScene\GameScene\BaseBullet\BasePlayerBullet\PlayerBulletStrong">
      <UniqueIdentifier>{0a5f6acf-694f-45b1-976d-11eee3c83fe2}</UniqueIdentifier>
    </Filter>
    <Filter Include="Game\BaseScene\GameScene\BaseGimmick">
      <UniqueIdentifier>{f610a5ed-4560-433e-849a-03a0c4800a0f}</UniqueIdentifier>
    </Filter>
    <Filter Include="Game\BaseScene\GameScene\BaseGimmick\GimmickFloating">
      <UniqueIdentifier>{3486d430-1717-4874-8997-d2ed4c5911bb}</UniqueIdentifier>
    </Filter>
    <Filter Include="Game\BaseScene\GameScene\BaseGimmick\GimmickFlapping">
      <UniqueIdentifier>{3dc7568b-d55b-48ba-a794-85be1deec369}</UniqueIdentifier>
    </Filter>
    <Filter Include="Game\BaseScene\GameScene\BaseGimmick\GimmickDamageColor">
      <UniqueIdentifier>{99f37e59-cec4-4288-9b1d-8f2970f7e68e}</UniqueIdentifier>
    </Filter>
    <Filter Include="Game\BaseScene\ClearScene">
      <UniqueIdentifier>{3d81d0da-2652-468f-8091-a893ba5be264}</UniqueIdentifier>
    </Filter>
    <Filter Include="Game\BaseScene\GameScene\Pose">
      <UniqueIdentifier>{fe473151-848b-4fcd-962f-615d273b900a}</UniqueIdentifier>
    </Filter>
    <Filter Include="Game\BaseScene\GameScene\Stage">
      <UniqueIdentifier>{b356f1e1-e984-43b4-aa8f-74fb39460a7a}</UniqueIdentifier>
    </Filter>
    <Filter Include="Game\BaseScene\GameScene\Stage\BaseStageObject">
      <UniqueIdentifier>{f19a43c7-d117-4ed0-a27b-8b17726e5f07}</UniqueIdentifier>
    </Filter>
    <Filter Include="Game\BaseScene\GameScene\Stage\BaseStageObject\StageObjectSaturnPlanet">
      <UniqueIdentifier>{69854a4c-c925-4074-b470-2ea38ad2acc2}</UniqueIdentifier>
    </Filter>
    <Filter Include="Game\BaseScene\GameScene\BaseCharacter\BaseEnemy\EnemyButterfly\BaseEnemyButterflyBehavior">
      <UniqueIdentifier>{edc766d7-f0ce-4986-b1dd-9d93f92f287b}</UniqueIdentifier>
    </Filter>
    <Filter Include="Game\BaseScene\GameScene\BaseCharacter\BaseEnemy\EnemyButterfly\BaseEnemyButterflyBehavior\EnemyButterflyBehaviorShot">
      <UniqueIdentifier>{5a7b96ac-49c3-497e-a8e1-6bf127a4af53}</UniqueIdentifier>
    </Filter>
    <Filter Include="Game\BaseScene\GameScene\BaseCharacter\BaseEnemy\EnemyButterfly\BaseEnemyButterflyBehavior\EnemyButterflyBehaviorNormal">
      <UniqueIdentifier>{ff05f379-0a50-476a-843d-1cacf4bf7f31}</UniqueIdentifier>
    </Filter>
    <Filter Include="Game\BaseScene\GameScene\BaseCharacter\BaseEnemy\EnemyButterfly\BaseEnemyButterflyState">
      <UniqueIdentifier>{f816f59d-168a-44cd-9751-f1629feb554e}</UniqueIdentifier>
    </Filter>
    <Filter Include="Game\BaseScene\GameScene\BaseCharacter\BaseEnemy\EnemyButterfly\BaseEnemyButterflyState\EnemyButterflyStateApproachingRearLeft">
      <UniqueIdentifier>{571f6b67-1b34-4c72-b9be-0bcce67cabb2}</UniqueIdentifier>
    </Filter>
    <Filter Include="Game\BaseScene\GameScene\BaseCharacter\BaseEnemy\EnemyButterfly\BaseEnemyButterflyState\EnemyButterflyStateStop">
      <UniqueIdentifier>{6ab18b8e-34f8-49a2-b623-f1ac09e4dced}</UniqueIdentifier>
    </Filter>
    <Filter Include="Game\BaseScene\GameScene\BaseEnemyGroup">
      <UniqueIdentifier>{b3ff7e40-0510-4712-9c2c-756e349783b5}</UniqueIdentifier>
    </Filter>
    <Filter Include="Game\BaseScene\GameScene\Stage\BaseStageObject\StageObjectBuildingA">
      <UniqueIdentifier>{2159293b-9134-4d5a-b7b3-d541e128036c}</UniqueIdentifier>
    </Filter>
    <Filter Include="Game\BaseScene\GameScene\Stage\BaseStageObject\StageObjectBuildingB">
      <UniqueIdentifier>{57c59212-df7e-45a0-aeb4-aa64e186de4b}</UniqueIdentifier>
    </Filter>
    <Filter Include="Game\BaseScene\GameScene\Stage\BaseStageObject\StageObjectBuildingC">
      <UniqueIdentifier>{abe605a1-abdc-4963-9c26-187db726f8fe}</UniqueIdentifier>
    </Filter>
    <Filter Include="Game\BaseScene\GameScene\Stage\BaseStageObject\StageObjectBuildingD">
      <UniqueIdentifier>{126a56ab-8ae5-48b2-a9ea-7af04d27bbb2}</UniqueIdentifier>
    </Filter>
    <Filter Include="Game\BaseScene\GameScene\Stage\CenterAxis">
      <UniqueIdentifier>{e07be900-aef5-444a-baa6-fb50f19e5b43}</UniqueIdentifier>
    </Filter>
    <Filter Include="Game\BaseScene\GameScene\BaseCharacter\BaseEnemy\EnemyButterfly\BaseEnemyButterflyState\EnemyButterflyStateAwayTop">
      <UniqueIdentifier>{25fb350b-a25a-4042-ac1d-7a4a6cc57138}</UniqueIdentifier>
    </Filter>
    <Filter Include="Game\TextureHandleStore">
      <UniqueIdentifier>{26bc058a-15dd-42bc-bec6-91923258190c}</UniqueIdentifier>
    </Filter>
    <Filter Include="Game\TextureHandleStore\BaseTextureHandles">
      <UniqueIdentifier>{9fcd247c-a248-4bec-9e94-38e81ac99223}</UniqueIdentifier>
    </Filter>
    <Filter Include="Game\TextureHandleStore\BaseTextureHandles\TextLStickTextureHandle">
      <UniqueIdentifier>{820e67d4-d20f-4797-8977-624f09c47cc9}</UniqueIdentifier>
    </Filter>
    <Filter Include="Game\TextureHandleStore\BaseTextureHandles\TextStartTextureHandle">
      <UniqueIdentifier>{9ed88a95-cf4f-46f9-a3aa-8539b0210ee9}</UniqueIdentifier>
    </Filter>
    <Filter Include="Game\TextureHandleStore\BaseTextureHandles\TextLStickThumbTextureHandle">
      <UniqueIdentifier>{716221f5-6b16-456f-8672-62a4d43d8b33}</UniqueIdentifier>
    </Filter>
    <Filter Include="Game\TextureHandleStore\BaseTextureHandles\TextAButtonTextureHandle">
      <UniqueIdentifier>{a16b93b9-0d16-4345-9ac1-fe1f3a60a0c1}</UniqueIdentifier>
    </Filter>
    <Filter Include="Game\BaseScene\TitleScene\TitleHud">
      <UniqueIdentifier>{fbeb40ab-39c3-44fb-9dd1-94cbff0fa11a}</UniqueIdentifier>
    </Filter>
    <Filter Include="Game\BaseScene\GameScene\BaseCharacter\BaseEnemy\EnemyBird">
      <UniqueIdentifier>{d67a08b3-19de-4dbe-b80e-ea22511a680c}</UniqueIdentifier>
    </Filter>
    <Filter Include="Game\BaseScene\GameScene\BaseCharacter\BaseEnemy\EnemyFairy">
      <UniqueIdentifier>{823cfc72-0ebc-41b1-b46c-6edd5fd4343d}</UniqueIdentifier>
    </Filter>
    <Filter Include="Game\BaseScene\GameScene\BaseCharacter\BaseEnemy\EnemyDevil">
      <UniqueIdentifier>{229c72c2-cfc5-4b28-81c4-68224590777a}</UniqueIdentifier>
    </Filter>
    <Filter Include="Game\BaseScene\GameScene\BaseCharacter\BaseEnemy\EnemyJet">
      <UniqueIdentifier>{164834d6-0e8a-4c3c-9de4-73df0e57fbd1}</UniqueIdentifier>
    </Filter>
    <Filter Include="Game\BaseScene\GameScene\BaseCharacter\BaseEnemy\EnemyStingray">
      <UniqueIdentifier>{76d6d45c-e055-4670-9c21-30d9591cc93c}</UniqueIdentifier>
    </Filter>
    <Filter Include="Game\ModelHandleStore\BaseModelHandles\StageObject">
      <UniqueIdentifier>{1d6220f5-5472-4a4f-83e0-8b8b7e425d1f}</UniqueIdentifier>
    </Filter>
    <Filter Include="Game\ModelHandleStore\BaseModelHandles\StageObject\StageObjectBuildingAModelHandles">
      <UniqueIdentifier>{fb9ab72f-ca1c-4135-ab5f-cb963353c5a8}</UniqueIdentifier>
    </Filter>
    <Filter Include="Game\ModelHandleStore\BaseModelHandles\StageObject\StageObjectBuildingBModelHandles">
      <UniqueIdentifier>{37967ea0-3971-4a22-8485-59a20e7dac00}</UniqueIdentifier>
    </Filter>
    <Filter Include="Game\ModelHandleStore\BaseModelHandles\StageObject\StageObjectBuildingCModelHandles">
      <UniqueIdentifier>{956ae533-b879-4ce9-aadd-1d9e1baa745e}</UniqueIdentifier>
    </Filter>
    <Filter Include="Game\ModelHandleStore\BaseModelHandles\StageObject\StageObjectBuildingDModelHandles">
      <UniqueIdentifier>{d6fd1cbd-de5c-4693-9f60-590c1ce3d33c}</UniqueIdentifier>
    </Filter>
    <Filter Include="Game\ModelHandleStore\BaseModelHandles\StageObject\StageObjectSaturnPlanetModelHandles">
      <UniqueIdentifier>{ed287c48-030f-464d-9f2b-9cf9b552968c}</UniqueIdentifier>
    </Filter>
    <Filter Include="Game\ModelHandleStore\BaseModelHandles\Character">
      <UniqueIdentifier>{b819ce66-8595-4c3c-9030-03e54cd26452}</UniqueIdentifier>
    </Filter>
    <Filter Include="Game\ModelHandleStore\BaseModelHandles\Character\Enemy">
      <UniqueIdentifier>{5f367059-171c-485f-a10e-e4c1727c5c75}</UniqueIdentifier>
    </Filter>
    <Filter Include="Game\ModelHandleStore\BaseModelHandles\Character\Enemy\EnemyBirdModelHandle">
      <UniqueIdentifier>{ca05a82f-78f9-4582-ad19-1810413cf167}</UniqueIdentifier>
    </Filter>
    <Filter Include="Game\ModelHandleStore\BaseModelHandles\Character\Enemy\EnemyButterflyModelHandle">
      <UniqueIdentifier>{6286938e-d9ea-462d-8916-faefeda79902}</UniqueIdentifier>
    </Filter>
    <Filter Include="Game\ModelHandleStore\BaseModelHandles\Character\Enemy\EnemyFairyModelHandles">
      <UniqueIdentifier>{73799854-98fb-4f43-b9ab-f5af5ee9fdea}</UniqueIdentifier>
    </Filter>
    <Filter Include="Game\ModelHandleStore\BaseModelHandles\Character\Enemy\EnemyDevilModelHandles">
      <UniqueIdentifier>{d4152300-f940-49e7-af74-268af212f67f}</UniqueIdentifier>
    </Filter>
    <Filter Include="Game\ModelHandleStore\BaseModelHandles\Character\Enemy\EnemyJetModelHandles">
      <UniqueIdentifier>{70284c1f-bfd0-4264-9dae-b4c469088d42}</UniqueIdentifier>
    </Filter>
    <Filter Include="Game\ModelHandleStore\BaseModelHandles\Character\Enemy\EnemyStingrayModelHandles">
      <UniqueIdentifier>{b84978dc-421f-4cd2-8f30-2234a20a431c}</UniqueIdentifier>
    </Filter>
    <Filter Include="Game\ModelHandleStore\BaseModelHandles\Bullet">
      <UniqueIdentifier>{327c7dbc-31e3-4422-b0ce-a2882821950d}</UniqueIdentifier>
    </Filter>
    <Filter Include="Game\ModelHandleStore\BaseModelHandles\Bullet\PlayerBullet">
      <UniqueIdentifier>{eff494bc-70a2-4c6f-995f-5b9060b416b7}</UniqueIdentifier>
    </Filter>
    <Filter Include="Game\ModelHandleStore\BaseModelHandles\Bullet\PlayerBullet\PlayerBulletStrongModelHandle">
      <UniqueIdentifier>{ce39094a-33ec-41ba-ba4a-f97005e00b9d}</UniqueIdentifier>
    </Filter>
    <Filter Include="Game\ModelHandleStore\BaseModelHandles\Bullet\PlayerBullet\PlayerBulletWeekModelHandle">
      <UniqueIdentifier>{0ca8515e-0c81-4572-8a82-3f1f5995ba8e}</UniqueIdentifier>
    </Filter>
    <Filter Include="Game\ModelHandleStore\BaseModelHandles\Bullet\EnemyBullet">
      <UniqueIdentifier>{053d0454-347a-47a9-a280-815ec2cc3434}</UniqueIdentifier>
    </Filter>
    <Filter Include="Game\ModelHandleStore\BaseModelHandles\Bullet\EnemyBullet\EnemyBulletWeekModelHandle">
      <UniqueIdentifier>{8b226ad1-18b9-4173-b178-39f4631fc8fb}</UniqueIdentifier>
    </Filter>
    <Filter Include="Game\ModelHandleStore\BaseModelHandles\Character\Player">
      <UniqueIdentifier>{f42c4c3c-b86a-4dd8-9278-f627cd53ee00}</UniqueIdentifier>
    </Filter>
    <Filter Include="Game\ModelHandleStore\BaseModelHandles\Character\Player\PlayerModelHandles">
      <UniqueIdentifier>{d5c64a14-91bf-4121-8875-4a29e4d26e13}</UniqueIdentifier>
    </Filter>
  </ItemGroup>
  <ItemGroup>
    <ClCompile Include="main.cpp">
      <Filter>ソース ファイル</Filter>
    </ClCompile>
    <ClCompile Include="YokosukaEngine\Include\YokosukaEngine.cpp">
      <Filter>YokosukaEngine\Include</Filter>
    </ClCompile>
    <ClCompile Include="YokosukaEngine\Include\Base\WinApp\WinApp.cpp">
      <Filter>YokosukaEngine\Include\Base\WinApp</Filter>
    </ClCompile>
    <ClCompile Include="YokosukaEngine\Include\Func\String\String.cpp">
      <Filter>YokosukaEngine\Include\Func\String</Filter>
    </ClCompile>
    <ClCompile Include="YokosukaEngine\Include\Base\Logging\Logging.cpp">
      <Filter>YokosukaEngine\Include\Base\Logging</Filter>
    </ClCompile>
    <ClCompile Include="YokosukaEngine\Include\Base\DirectXCommon\DirectXCommon.cpp">
      <Filter>YokosukaEngine\Include\Base\DirectXCommon</Filter>
    </ClCompile>
    <ClCompile Include="YokosukaEngine\Include\Math\Vector4\Vector4.cpp">
      <Filter>YokosukaEngine\Include\Math\Vector4</Filter>
    </ClCompile>
    <ClCompile Include="YokosukaEngine\Include\Draw\DirectXShaderCompiler\DirectXShaderCompiler.cpp">
      <Filter>YokosukaEngine\Include\Draw\DirectXShaderCompiler</Filter>
    </ClCompile>
    <ClCompile Include="YokosukaEngine\Include\PipelineStateObject\Object3d\BlendNormal\Object3dBlendNormal.cpp">
      <Filter>YokosukaEngine\Include\PipelineStateObject\Object3d\BlendNormal</Filter>
    </ClCompile>
    <ClCompile Include="YokosukaEngine\Include\Math\Vector3\Vector3.cpp">
      <Filter>YokosukaEngine\Include\Math\Vector3</Filter>
    </ClCompile>
    <ClCompile Include="YokosukaEngine\Include\Math\Vector2\Vector2.cpp">
      <Filter>YokosukaEngine\Include\Math\Vector2</Filter>
    </ClCompile>
    <ClCompile Include="YokosukaEngine\Include\Math\Matrix4x4\Matrix4x4.cpp">
      <Filter>YokosukaEngine\Include\Math\Matrix4x4</Filter>
    </ClCompile>
    <ClCompile Include="YokosukaEngine\Include\Transform\WorldTransform\WorldTransform.cpp">
      <Filter>YokosukaEngine\Include\Transform\WorldTransform</Filter>
    </ClCompile>
    <ClCompile Include="Externals\ImGui\imgui.cpp">
      <Filter>Externals\ImGui</Filter>
    </ClCompile>
    <ClCompile Include="Externals\ImGui\imgui_demo.cpp">
      <Filter>Externals\ImGui</Filter>
    </ClCompile>
    <ClCompile Include="Externals\ImGui\imgui_draw.cpp">
      <Filter>Externals\ImGui</Filter>
    </ClCompile>
    <ClCompile Include="Externals\ImGui\imgui_impl_dx12.cpp">
      <Filter>Externals\ImGui</Filter>
    </ClCompile>
    <ClCompile Include="Externals\ImGui\imgui_impl_win32.cpp">
      <Filter>Externals\ImGui</Filter>
    </ClCompile>
    <ClCompile Include="Externals\ImGui\imgui_tables.cpp">
      <Filter>Externals\ImGui</Filter>
    </ClCompile>
    <ClCompile Include="Externals\ImGui\imgui_widgets.cpp">
      <Filter>Externals\ImGui</Filter>
    </ClCompile>
    <ClCompile Include="YokosukaEngine\Include\Store\TextureStore\TextureStore.cpp">
      <Filter>YokosukaEngine\Include\Store\TextureStore</Filter>
    </ClCompile>
    <ClCompile Include="YokosukaEngine\Include\Camera\Camera2D\Camera2D.cpp">
      <Filter>YokosukaEngine\Include\Camera\Camera2D</Filter>
    </ClCompile>
    <ClCompile Include="YokosukaEngine\Include\Camera\Camera3D\Camera3D.cpp">
      <Filter>YokosukaEngine\Include\Camera\Camera3D</Filter>
    </ClCompile>
    <ClCompile Include="YokosukaEngine\Include\Light\DirectionalLight\DirectionalLight.cpp">
      <Filter>YokosukaEngine\Include\Light\DirectionalLight</Filter>
    </ClCompile>
    <ClCompile Include="YokosukaEngine\Include\Store\ModelDataStore\ModelDataStore.cpp">
      <Filter>YokosukaEngine\Include\Store\ModelDataStore</Filter>
    </ClCompile>
    <ClCompile Include="YokosukaEngine\Include\Base\Input\Input.cpp">
      <Filter>YokosukaEngine\Include\Base\Input</Filter>
    </ClCompile>
    <ClCompile Include="YokosukaEngine\Include\Store\AudioStore\AudioStore.cpp">
      <Filter>YokosukaEngine\Include\Store\AudioStore</Filter>
    </ClCompile>
    <ClCompile Include="YokosukaEngine\Include\PipelineStateObject\Object3d\BlendNone\Object3dBlendNone.cpp">
      <Filter>YokosukaEngine\Include\PipelineStateObject\Object3d\BlendNone</Filter>
    </ClCompile>
    <ClCompile Include="YokosukaEngine\Include\PipelineStateObject\Object3d\BlendAdd\Object3dBlendAdd.cpp">
      <Filter>YokosukaEngine\Include\PipelineStateObject\Object3d\BlendAdd</Filter>
    </ClCompile>
    <ClCompile Include="YokosukaEngine\Include\PipelineStateObject\Object3d\BlendSubtract\Object3dBlendSubtract.cpp">
      <Filter>YokosukaEngine\Include\PipelineStateObject\Object3d\BlendSubtract</Filter>
    </ClCompile>
    <ClCompile Include="YokosukaEngine\Include\PipelineStateObject\Object3d\BlendMultiply\Object3dBlendMultiply.cpp">
      <Filter>YokosukaEngine\Include\PipelineStateObject\Object3d\BlendMultiply</Filter>
    </ClCompile>
    <ClCompile Include="YokosukaEngine\Include\PipelineStateObject\Object3d\BlendScreen\Object3dBlendScreen.cpp">
      <Filter>YokosukaEngine\Include\PipelineStateObject\Object3d\BlendScreen</Filter>
    </ClCompile>
    <ClCompile Include="YokosukaEngine\Include\PipelineStateObject\Object3d\BaseObject3d.cpp">
      <Filter>YokosukaEngine\Include\PipelineStateObject\Object3d</Filter>
    </ClCompile>
    <ClCompile Include="YokosukaEngine\Include\PipelineStateObject\Particle\BaseParticle.cpp">
      <Filter>YokosukaEngine\Include\PipelineStateObject\Particle</Filter>
    </ClCompile>
    <ClCompile Include="YokosukaEngine\Include\PipelineStateObject\Particle\BlendNormal\ParticleBlendNormal.cpp">
      <Filter>YokosukaEngine\Include\PipelineStateObject\Particle\BlendNormal</Filter>
    </ClCompile>
    <ClCompile Include="YokosukaEngine\Include\Math\Transform3D\Transform3D.cpp">
      <Filter>YokosukaEngine\Include\Math\Transform3D</Filter>
    </ClCompile>
    <ClCompile Include="YokosukaEngine\Include\ParticleEffect\Particle\Particle.cpp">
      <Filter>YokosukaEngine\Include\ParticleEffect\Particle</Filter>
    </ClCompile>
    <ClCompile Include="YokosukaEngine\Include\PipelineStateObject\Particle\BlendAdd\ParticleBlendAdd.cpp">
      <Filter>YokosukaEngine\Include\PipelineStateObject\Particle\BlendAdd</Filter>
    </ClCompile>
    <ClCompile Include="YokosukaEngine\Include\PipelineStateObject\Particle\BlendNone\ParticleBlendNone.cpp">
      <Filter>YokosukaEngine\Include\PipelineStateObject\Particle\BlendNone</Filter>
    </ClCompile>
    <ClCompile Include="YokosukaEngine\Include\PipelineStateObject\Particle\BlendSubtract\ParticleBlendSubtract.cpp">
      <Filter>YokosukaEngine\Include\PipelineStateObject\Particle\BlendSubtract</Filter>
    </ClCompile>
    <ClCompile Include="YokosukaEngine\Include\PipelineStateObject\Particle\BlendMultiply\ParticleBlendMultiply.cpp">
      <Filter>YokosukaEngine\Include\PipelineStateObject\Particle\BlendMultiply</Filter>
    </ClCompile>
    <ClCompile Include="YokosukaEngine\Include\PipelineStateObject\Particle\BlendScreen\ParticleBlendScreen.cpp">
      <Filter>YokosukaEngine\Include\PipelineStateObject\Particle\BlendScreen</Filter>
    </ClCompile>
    <ClCompile Include="YokosukaEngine\Include\Shape\AABB\AABB.cpp">
      <Filter>YokosukaEngine\Include\Shape\AABB</Filter>
    </ClCompile>
    <ClCompile Include="YokosukaEngine\Include\Func\Collision\Collision.cpp">
      <Filter>YokosukaEngine\Include\Func\Collision</Filter>
    </ClCompile>
    <ClCompile Include="YokosukaEngine\Include\Light\SpotLight\SpotLight.cpp">
      <Filter>YokosukaEngine\Include\Light\SpotLight</Filter>
    </ClCompile>
    <ClCompile Include="YokosukaEngine\Include\Light\PointLight\PointLight.cpp">
      <Filter>YokosukaEngine\Include\Light\PointLight</Filter>
    </ClCompile>
    <ClCompile Include="Game\Game.cpp">
      <Filter>Game</Filter>
    </ClCompile>
    <ClCompile Include="YokosukaEngine\Include\Transform\UvTransform\UvTransform.cpp">
      <Filter>YokosukaEngine\Include\Transform\UvTransform</Filter>
    </ClCompile>
    <ClCompile Include="YokosukaEngine\Include\PipelineStateObject\Line3d\BaseLine3d.cpp">
      <Filter>YokosukaEngine\Include\PipelineStateObject\Line3d</Filter>
    </ClCompile>
    <ClCompile Include="YokosukaEngine\Include\PipelineStateObject\Line3d\BlendNormal\Line3dBlendNormal.cpp">
      <Filter>YokosukaEngine\Include\PipelineStateObject\Line3d\BlendNormal</Filter>
    </ClCompile>
    <ClCompile Include="YokosukaEngine\Include\Shape\Sphere\Sphere.cpp">
      <Filter>YokosukaEngine\Include\Shape\Sphere</Filter>
    </ClCompile>
    <ClCompile Include="YokosukaEngine\Include\ParticleEffect\Emitter\Emitter.cpp">
      <Filter>YokosukaEngine\Include\ParticleEffect\Emitter</Filter>
    </ClCompile>
    <ClCompile Include="YokosukaEngine\Include\ParticleEffect\Feild\Feild.cpp">
      <Filter>YokosukaEngine\Include\ParticleEffect\Feild</Filter>
    </ClCompile>
    <ClCompile Include="YokosukaEngine\Include\PipelineStateObject\Line3d\BlendNone\Line3dBlendNone.cpp">
      <Filter>YokosukaEngine\Include\PipelineStateObject\Line3d\BlendNone</Filter>
    </ClCompile>
    <ClCompile Include="YokosukaEngine\Include\PipelineStateObject\Line3d\BlendAdd\Line3dBlendAdd.cpp">
      <Filter>YokosukaEngine\Include\PipelineStateObject\Line3d\BlendAdd</Filter>
    </ClCompile>
    <ClCompile Include="YokosukaEngine\Include\PipelineStateObject\Line3d\BlendSubtract\Line3dBlendSubtract.cpp">
      <Filter>YokosukaEngine\Include\PipelineStateObject\Line3d\BlendSubtract</Filter>
    </ClCompile>
    <ClCompile Include="YokosukaEngine\Include\PipelineStateObject\Line3d\BlendMultiply\Line3dBlendMultiply.cpp">
      <Filter>YokosukaEngine\Include\PipelineStateObject\Line3d\BlendMultiply</Filter>
    </ClCompile>
    <ClCompile Include="YokosukaEngine\Include\PipelineStateObject\Line3d\BlendScreen\Line3dBlendScreen.cpp">
      <Filter>YokosukaEngine\Include\PipelineStateObject\Line3d\BlendScreen</Filter>
    </ClCompile>
    <ClCompile Include="YokosukaEngine\Include\Math\Vector1\Vector1.cpp">
      <Filter>YokosukaEngine\Include\Math\Vector1</Filter>
    </ClCompile>
    <ClCompile Include="Game\BaseScene\GameScene\GameScene.cpp">
      <Filter>Game\BaseScene\GameScene</Filter>
    </ClCompile>
    <ClCompile Include="YokosukaEngine\Include\Math\Matrix3x3\Matrix3x3.cpp">
      <Filter>YokosukaEngine\Include\Math\Matrix3x3</Filter>
    </ClCompile>
    <ClCompile Include="YokosukaEngine\Include\PipelineStateObject\Primitive\BasePrimitive.cpp">
      <Filter>YokosukaEngine\Include\PipelineStateObject\Primitive</Filter>
    </ClCompile>
    <ClCompile Include="YokosukaEngine\Include\PipelineStateObject\Primitive\BlendNone\PrimitiveBlendNone.cpp">
      <Filter>YokosukaEngine\Include\PipelineStateObject\Primitive\BlendNone</Filter>
    </ClCompile>
    <ClCompile Include="YokosukaEngine\Include\PipelineStateObject\Primitive\BlendNormal\PrimitiveBlendNormal.cpp">
      <Filter>YokosukaEngine\Include\PipelineStateObject\Primitive\BlendNormal</Filter>
    </ClCompile>
    <ClCompile Include="YokosukaEngine\Include\PipelineStateObject\Primitive\BlendAdd\PrimitiveBlendAdd.cpp">
      <Filter>YokosukaEngine\Include\PipelineStateObject\Primitive\BlendAdd</Filter>
    </ClCompile>
    <ClCompile Include="YokosukaEngine\Include\PipelineStateObject\Primitive\BlendSubtract\PrimitiveBlendSubtract.cpp">
      <Filter>YokosukaEngine\Include\PipelineStateObject\Primitive\BlendSubtract</Filter>
    </ClCompile>
    <ClCompile Include="YokosukaEngine\Include\PipelineStateObject\Primitive\BlendMultiply\PrimitiveBlendMultiply.cpp">
      <Filter>YokosukaEngine\Include\PipelineStateObject\Primitive\BlendMultiply</Filter>
    </ClCompile>
    <ClCompile Include="YokosukaEngine\Include\PipelineStateObject\Primitive\BlendScreen\PrimitiveBlendScreen.cpp">
      <Filter>YokosukaEngine\Include\PipelineStateObject\Primitive\BlendScreen</Filter>
    </ClCompile>
    <ClCompile Include="YokosukaEngine\Include\PipelineStateObject\PostEffect\CopyImage\CopyImage.cpp">
      <Filter>YokosukaEngine\Include\PipelineStateObject\PostEffect\CopyImage</Filter>
    </ClCompile>
    <ClCompile Include="YokosukaEngine\Include\PipelineStateObject\PostEffect\GrayScale\GrayScale.cpp">
      <Filter>YokosukaEngine\Include\PipelineStateObject\PostEffect\GrayScale</Filter>
    </ClCompile>
    <ClCompile Include="YokosukaEngine\Include\PipelineStateObject\PostEffect\PostEffect.cpp">
      <Filter>YokosukaEngine\Include\PipelineStateObject\PostEffect</Filter>
    </ClCompile>
    <ClCompile Include="YokosukaEngine\Include\PipelineStateObject\PostEffect\Sepia\Sepia.cpp">
      <Filter>YokosukaEngine\Include\PipelineStateObject\PostEffect\Sepia</Filter>
    </ClCompile>
    <ClCompile Include="YokosukaEngine\Include\PipelineStateObject\PostEffect\Vignette\Vignette.cpp">
      <Filter>YokosukaEngine\Include\PipelineStateObject\PostEffect\Vignette</Filter>
    </ClCompile>
    <ClCompile Include="YokosukaEngine\Include\PipelineStateObject\PostEffect\Smoothing\Smoothing.cpp">
      <Filter>YokosukaEngine\Include\PipelineStateObject\PostEffect\Smoothing</Filter>
    </ClCompile>
    <ClCompile Include="YokosukaEngine\Include\PipelineStateObject\PostEffect\GaussianFillter\GaussianFilter.cpp">
      <Filter>YokosukaEngine\Include\PipelineStateObject\PostEffect\GaussianFilter</Filter>
    </ClCompile>
    <ClCompile Include="YokosukaEngine\Include\PipelineStateObject\PostEffect\LuminanceBaseOutline\LuminanceBaseOutline.cpp">
      <Filter>YokosukaEngine\Include\PipelineStateObject\PostEffect\LuminanceBaseOutline</Filter>
    </ClCompile>
    <ClCompile Include="YokosukaEngine\Include\PipelineStateObject\PostEffect\DepthBaseOutline\DepthBaseOutline.cpp">
      <Filter>YokosukaEngine\Include\PipelineStateObject\PostEffect\DepthBaseOutline</Filter>
    </ClCompile>
    <ClCompile Include="YokosukaEngine\Include\Math\Transform2D\Transform2D.cpp">
      <Filter>YokosukaEngine\Include\Math\Transform2D</Filter>
    </ClCompile>
    <ClCompile Include="YokosukaEngine\Include\Transform\WorldTransform2D\WorldTransform2D.cpp">
      <Filter>YokosukaEngine\Include\Transform\WorldTransform2D</Filter>
    </ClCompile>
    <ClCompile Include="Game\BaseScene\GameScene\BaseCharacter\Player\Player.cpp">
      <Filter>Game\BaseScene\GameScene\BaseCharacter\Player</Filter>
    </ClCompile>
    <ClCompile Include="Game\BaseScene\GameScene\Skydome\Skydome.cpp">
      <Filter>Game\BaseScene\GameScene\Skydome</Filter>
    </ClCompile>
    <ClCompile Include="Game\BaseScene\GameScene\BaseBullet\BasePlayerBullet\BasePlayerBullet.cpp">
      <Filter>Game\BaseScene\GameScene\BaseBullet\BasePlayerBullet</Filter>
    </ClCompile>
    <ClCompile Include="Game\BaseScene\GameScene\BaseBullet\BasePlayerBullet\PlayerBulletWeek\PlayerBulletWeek.cpp">
      <Filter>Game\BaseScene\GameScene\BaseBullet\BasePlayerBullet\PlayerBulletWeek</Filter>
    </ClCompile>
    <ClCompile Include="Game\BaseScene\GameScene\BaseBullet\BasePlayerBullet\PlayerBulletStrong\PlayerBulletStrong.cpp">
      <Filter>Game\BaseScene\GameScene\BaseBullet\BasePlayerBullet\PlayerBulletStrong</Filter>
    </ClCompile>
    <ClCompile Include="YokosukaEngine\Include\Draw\GPUforPostEffect\GPUforPostEffect.cpp">
      <Filter>YokosukaEngine\Include\Draw\PostEffect</Filter>
    </ClCompile>
    <ClCompile Include="YokosukaEngine\Include\PipelineStateObject\PostEffect\BrightnessExtraction\BrightnessExtraction.cpp">
      <Filter>YokosukaEngine\Include\PipelineStateObject\PostEffect\BrightnessExtraction</Filter>
    </ClCompile>
    <ClCompile Include="YokosukaEngine\Include\PipelineStateObject\PostEffect\Hide\Hide.cpp">
      <Filter>YokosukaEngine\Include\PipelineStateObject\PostEffect\Hide</Filter>
    </ClCompile>
    <ClCompile Include="YokosukaEngine\Include\PipelineStateObject\CopyImage\BaseCopyImage.cpp">
      <Filter>YokosukaEngine\Include\PipelineStateObject\CopyImage</Filter>
    </ClCompile>
    <ClCompile Include="YokosukaEngine\Include\PipelineStateObject\CopyImage\CopyImageBlendNone\CopyImageBlendNone.cpp">
      <Filter>YokosukaEngine\Include\PipelineStateObject\CopyImage\BlendNone</Filter>
    </ClCompile>
    <ClCompile Include="YokosukaEngine\Include\PipelineStateObject\CopyImage\CopyImageBlendNormal\CopyImageBlendNormal.cpp">
      <Filter>YokosukaEngine\Include\PipelineStateObject\CopyImage\BlendNormal</Filter>
    </ClCompile>
    <ClCompile Include="YokosukaEngine\Include\PipelineStateObject\CopyImage\CopyImageBlendAdd\CopyImageBlendAdd.cpp">
      <Filter>YokosukaEngine\Include\PipelineStateObject\CopyImage\BlendAdd</Filter>
    </ClCompile>
    <ClCompile Include="YokosukaEngine\Include\PipelineStateObject\CopyImage\CopyImageBlendSubtract\CopyImageBlendSubtract.cpp">
      <Filter>YokosukaEngine\Include\PipelineStateObject\CopyImage\BlendSubtract</Filter>
    </ClCompile>
    <ClCompile Include="YokosukaEngine\Include\PipelineStateObject\CopyImage\CopyImageBlendMultiply\CopyImageBlendMultiply.cpp">
      <Filter>YokosukaEngine\Include\PipelineStateObject\CopyImage\BlendMultiply</Filter>
    </ClCompile>
    <ClCompile Include="YokosukaEngine\Include\PipelineStateObject\CopyImage\CopyImageBlendScreen\CopyImageBlendScreen.cpp">
      <Filter>YokosukaEngine\Include\PipelineStateObject\CopyImage\BlendScreen</Filter>
    </ClCompile>
    <ClCompile Include="Game\BaseScene\GameScene\BaseCharacter\BaseEnemy\BaseEnemy.cpp">
      <Filter>Game\BaseScene\GameScene\BaseCharacter\BaseEnemy</Filter>
    </ClCompile>
    <ClCompile Include="Game\BaseScene\GameScene\BaseCharacter\BaseEnemy\EnemyButterfly\EnemyButterfly.cpp">
      <Filter>Game\BaseScene\GameScene\BaseCharacter\BaseEnemy\EnemyButterfly</Filter>
    </ClCompile>
    <ClCompile Include="YokosukaEngine\Include\PipelineStateObject\PostEffect\RasterScroll\RasterScroll.cpp">
      <Filter>YokosukaEngine\Include\PipelineStateObject\PostEffect\RasterScroll</Filter>
    </ClCompile>
    <ClCompile Include="YokosukaEngine\Include\Base\DirectXCommon\DirectXGPU\DirectXGPU.cpp">
      <Filter>YokosukaEngine\Include\Base\DirectXCommon\DirectXGPU</Filter>
    </ClCompile>
    <ClCompile Include="YokosukaEngine\Include\Base\DirectXCommon\DirectXCommand\DirectXCommand.cpp">
      <Filter>YokosukaEngine\Include\Base\DirectXCommon\DirectXCommand</Filter>
    </ClCompile>
    <ClCompile Include="YokosukaEngine\Include\Shape\Segment\Segment.cpp">
      <Filter>YokosukaEngine\Include\Shape\Segment</Filter>
    </ClCompile>
    <ClCompile Include="YokosukaEngine\Include\Shape\Ray\Ray.cpp">
      <Filter>YokosukaEngine\Include\Shape\Ray</Filter>
    </ClCompile>
    <ClCompile Include="YokosukaEngine\Include\Shape\Line\Line.cpp">
      <Filter>YokosukaEngine\Include\Shape\Line</Filter>
    </ClCompile>
    <ClCompile Include="Game\BaseScene\GameScene\BaseBullet\BaseEnemyBullet\BaseEnemyBullet.cpp">
      <Filter>Game\BaseScene\GameScene\BaseBullet\BaseEnemyBullet</Filter>
    </ClCompile>
    <ClCompile Include="Game\BaseScene\GameScene\BaseBullet\BaseEnemyBullet\EnemyBulletWeek\EnemyBulletWeek.cpp">
      <Filter>Game\BaseScene\GameScene\BaseBullet\BaseEnemyBullet\EnemyBulletWeek</Filter>
    </ClCompile>
    <ClCompile Include="YokosukaEngine\Include\Base\DirectXCommon\Resource\Resource.cpp">
      <Filter>YokosukaEngine\Include\Base\DirectXCommon\Resource</Filter>
    </ClCompile>
    <ClCompile Include="Game\BaseScene\GameScene\Stage\CenterAxis\CenterAxis.cpp">
      <Filter>Game\BaseScene\GameScene\Stage\CenterAxis</Filter>
    </ClCompile>
    <ClCompile Include="Game\BaseScene\GameScene\PlayerStateHud\PlayerStateHud.cpp">
      <Filter>Game\BaseScene\GameScene\PlayerStateHud</Filter>
    </ClCompile>
    <ClCompile Include="Game\BaseScene\TitleScene\TitleScene.cpp">
      <Filter>Game\BaseScene\TitleScene</Filter>
    </ClCompile>
    <ClCompile Include="Game\ModelHandleStore\ModelHandleStore.cpp">
      <Filter>Game\ModelHandleStore</Filter>
    </ClCompile>
    <ClCompile Include="Game\ModelHandleStore\BaseModelHandles\BaseModelHandles.cpp">
      <Filter>Game\ModelHandleStore\BaseModelHandles</Filter>
    </ClCompile>
    <ClCompile Include="Game\ModelHandleStore\BaseModelHandles\PlayerModelHandles\PlayerModelHandles.cpp">
      <Filter>Game\ModelHandleStore\BaseModelHandles\Character\Player\PlayerModelHandles</Filter>
    </ClCompile>
    <ClCompile Include="Game\ModelHandleStore\BaseModelHandles\PlayerBulletWeekModelHandles\PlayerBulletWeekModelHandles.cpp">
      <Filter>Game\ModelHandleStore\BaseModelHandles\Bullet\PlayerBullet\PlayerBulletWeekModelHandle</Filter>
    </ClCompile>
    <ClCompile Include="Game\ModelHandleStore\BaseModelHandles\PlayerBulletStrongModelHandles\PlayerBulletStrongModelHandles.cpp">
      <Filter>Game\ModelHandleStore\BaseModelHandles\Bullet\PlayerBullet\PlayerBulletStrongModelHandle</Filter>
    </ClCompile>
    <ClCompile Include="Game\ModelHandleStore\BaseModelHandles\EnemyButterflyModelHandles\EnemyButterflyodelHandles.cpp">
      <Filter>Game\ModelHandleStore\BaseModelHandles\Character\Enemy\EnemyButterflyModelHandle</Filter>
    </ClCompile>
    <ClCompile Include="Game\ModelHandleStore\BaseModelHandles\EnemyBulletWeekModelHandles\EnemyBulletWeekModelHandles.cpp">
      <Filter>Game\ModelHandleStore\BaseModelHandles\Bullet\EnemyBullet\EnemyBulletWeekModelHandle</Filter>
    </ClCompile>
    <ClCompile Include="Game\BaseScene\BaseScene.cpp">
      <Filter>Game\BaseScene</Filter>
    </ClCompile>
    <ClCompile Include="Game\BaseScene\GameScene\BaseBullet\BaseBullet.cpp">
      <Filter>Game\BaseScene\GameScene\BaseBullet</Filter>
    </ClCompile>
    <ClCompile Include="Game\BaseScene\GameScene\BaseCharacter\BaseCharacter.cpp">
      <Filter>Game\BaseScene\GameScene\BaseCharacter</Filter>
    </ClCompile>
    <ClCompile Include="Game\BaseScene\GameScene\BaseGimmick\BaseGimmick.cpp">
      <Filter>Game\BaseScene\GameScene\BaseGimmick</Filter>
    </ClCompile>
    <ClCompile Include="Game\BaseScene\GameScene\BaseGimmick\GimmickFloating\GimmickFloating.cpp">
      <Filter>Game\BaseScene\GameScene\BaseGimmick\GimmickFloating</Filter>
    </ClCompile>
    <ClCompile Include="Game\BaseScene\GameScene\BaseCharacter\BaseEnemy\EnemyButterfly\BaseEnemyButterflyState\BaseEnemyButterflyState.cpp">
      <Filter>Game\BaseScene\GameScene\BaseCharacter\BaseEnemy\EnemyButterfly\BaseEnemyButterflyState</Filter>
    </ClCompile>
    <ClCompile Include="Game\BaseScene\GameScene\BaseCharacter\BaseEnemy\EnemyButterfly\BaseEnemyButterflyState\EnemyButterflyStateApproachingRearLeft\EnemyButterflyStateApproachingRearLeft.cpp">
      <Filter>Game\BaseScene\GameScene\BaseCharacter\BaseEnemy\EnemyButterfly\BaseEnemyButterflyState\EnemyButterflyStateApproachingRearLeft</Filter>
    </ClCompile>
    <ClCompile Include="Game\BaseScene\GameScene\BaseCharacter\BaseEnemy\EnemyButterfly\BaseEnemyButterflyState\EnemyButterflyStateStop\EnemyButterflyStateStop.cpp">
      <Filter>Game\BaseScene\GameScene\BaseCharacter\BaseEnemy\EnemyButterfly\BaseEnemyButterflyState\EnemyButterflyStateStop</Filter>
    </ClCompile>
    <ClCompile Include="Game\BaseScene\GameScene\BaseCharacter\BaseEnemy\EnemyButterfly\BaseEnemyButterflyBehavior\BaseEnemyButterflyBehavior.cpp">
      <Filter>Game\BaseScene\GameScene\BaseCharacter\BaseEnemy\EnemyButterfly\BaseEnemyButterflyBehavior</Filter>
    </ClCompile>
    <ClCompile Include="Game\BaseScene\GameScene\BaseCharacter\BaseEnemy\EnemyButterfly\BaseEnemyButterflyBehavior\EnemyButterflyBehaviorShot\EnemyButterflyBehaviorShot.cpp">
      <Filter>Game\BaseScene\GameScene\BaseCharacter\BaseEnemy\EnemyButterfly\BaseEnemyButterflyBehavior\EnemyButterflyBehaviorShot</Filter>
    </ClCompile>
    <ClCompile Include="Game\BaseScene\GameScene\BaseCharacter\BaseEnemy\EnemyButterfly\BaseEnemyButterflyBehavior\EnemyButterflyBehaviorNormal\EnemyButterflyBehaviorNormal.cpp">
      <Filter>Game\BaseScene\GameScene\BaseCharacter\BaseEnemy\EnemyButterfly\BaseEnemyButterflyBehavior\EnemyButterflyBehaviorNormal</Filter>
    </ClCompile>
    <ClCompile Include="Game\BaseScene\GameScene\BaseGimmick\GimmickFlapping\GimmickFlapping.cpp">
      <Filter>Game\BaseScene\GameScene\BaseGimmick\GimmickFlapping</Filter>
    </ClCompile>
    <ClCompile Include="Game\BaseScene\GameScene\BaseGimmick\GimmickDamageColor\GimmickDamageColor.cpp">
      <Filter>Game\BaseScene\GameScene\BaseGimmick\GimmickDamageColor</Filter>
    </ClCompile>
    <ClCompile Include="Game\BaseScene\ClearScene\ClearScene.cpp">
      <Filter>Game\BaseScene\ClearScene</Filter>
    </ClCompile>
    <ClCompile Include="Game\BaseScene\GameScene\Pose\Pose.cpp">
      <Filter>Game\BaseScene\GameScene\Pose</Filter>
    </ClCompile>
    <ClCompile Include="Game\BaseScene\GameScene\Stage\Stage.cpp">
      <Filter>Game\BaseScene\GameScene\Stage</Filter>
    </ClCompile>
    <ClCompile Include="Game\BaseScene\GameScene\Stage\BaseStageObject\BaseStageObject.cpp">
      <Filter>Game\BaseScene\GameScene\Stage\BaseStageObject</Filter>
    </ClCompile>
    <ClCompile Include="Game\BaseScene\GameScene\Stage\BaseStageObject\StageObjectSaturnPlanet\StageObjectSaturnPlanet.cpp">
      <Filter>Game\BaseScene\GameScene\Stage\BaseStageObject\StageObjectSaturnPlanet</Filter>
    </ClCompile>
    <ClCompile Include="Game\ModelHandleStore\BaseModelHandles\StageObjectSaturnPlanetModelHandles\StageObjectSaturnPlanetModelHandles.cpp">
      <Filter>Game\ModelHandleStore\BaseModelHandles\StageObject\StageObjectSaturnPlanetModelHandles</Filter>
    </ClCompile>
    <ClCompile Include="Game\BaseScene\GameScene\BaseEnemyGroup\BaseEnemyGroup.cpp">
      <Filter>Game\BaseScene\GameScene\BaseEnemyGroup</Filter>
    </ClCompile>
    <ClCompile Include="Game\ModelHandleStore\BaseModelHandles\StageObjectBuildingAModelHandles\StageObjectBuildingAModelHandles.cpp">
      <Filter>Game\ModelHandleStore\BaseModelHandles\StageObject\StageObjectBuildingAModelHandles</Filter>
    </ClCompile>
    <ClCompile Include="Game\ModelHandleStore\BaseModelHandles\StageObjectBuildingBModelHandles\StageObjectBuildingBModelHandles.cpp">
      <Filter>Game\ModelHandleStore\BaseModelHandles\StageObject\StageObjectBuildingBModelHandles</Filter>
    </ClCompile>
    <ClCompile Include="Game\ModelHandleStore\BaseModelHandles\StageObjectBuildingCModelHandles\StageObjectBuildingCModelHandles.cpp">
      <Filter>Game\ModelHandleStore\BaseModelHandles\StageObject\StageObjectBuildingCModelHandles</Filter>
    </ClCompile>
    <ClCompile Include="Game\ModelHandleStore\BaseModelHandles\StageObjectBuildingDModelHandles\StageObjectBuildingDModelHandles.cpp">
      <Filter>Game\ModelHandleStore\BaseModelHandles\StageObject\StageObjectBuildingDModelHandles</Filter>
    </ClCompile>
    <ClCompile Include="Game\BaseScene\GameScene\Stage\BaseStageObject\StageObjectBuildingA\StageObjectBuildingA.cpp">
      <Filter>Game\BaseScene\GameScene\Stage\BaseStageObject\StageObjectBuildingA</Filter>
    </ClCompile>
    <ClCompile Include="Game\BaseScene\GameScene\Stage\BaseStageObject\StageObjectBuildingB\StageObjectBuildingB.cpp">
      <Filter>Game\BaseScene\GameScene\Stage\BaseStageObject\StageObjectBuildingB</Filter>
    </ClCompile>
    <ClCompile Include="Game\BaseScene\GameScene\Stage\BaseStageObject\StageObjectBuildingC\StageObjectBuildingC.cpp">
      <Filter>Game\BaseScene\GameScene\Stage\BaseStageObject\StageObjectBuildingC</Filter>
    </ClCompile>
    <ClCompile Include="Game\BaseScene\GameScene\Stage\BaseStageObject\StageObjectBuildingD\StageObjectBuildingD.cpp">
      <Filter>Game\BaseScene\GameScene\Stage\BaseStageObject\StageObjectBuildingD</Filter>
    </ClCompile>
    <ClCompile Include="Game\BaseScene\GameScene\BaseCharacter\BaseEnemy\EnemyButterfly\BaseEnemyButterflyState\EnemyButterflyStateAwayTop\EnemyButterflyStateAwayTop.cpp">
      <Filter>Game\BaseScene\GameScene\BaseCharacter\BaseEnemy\EnemyButterfly\BaseEnemyButterflyState\EnemyButterflyStateAwayTop</Filter>
    </ClCompile>
    <ClCompile Include="Game\TextureHandleStore\TextureHandleStore.cpp">
      <Filter>Game\TextureHandleStore</Filter>
    </ClCompile>
    <ClCompile Include="Game\TextureHandleStore\BaseTextureHandles\BaseTextureHandles.cpp">
      <Filter>Game\TextureHandleStore\BaseTextureHandles</Filter>
    </ClCompile>
    <ClCompile Include="Game\TextureHandleStore\BaseTextureHandles\TextStartTextureHandle\TextStartTextureHandle.cpp">
      <Filter>Game\TextureHandleStore\BaseTextureHandles\TextStartTextureHandle</Filter>
    </ClCompile>
    <ClCompile Include="Game\TextureHandleStore\BaseTextureHandles\TextLStickTextureHandle\TextLStickTextureHandle.cpp">
      <Filter>Game\TextureHandleStore\BaseTextureHandles\TextLStickTextureHandle</Filter>
    </ClCompile>
    <ClCompile Include="Game\TextureHandleStore\BaseTextureHandles\TextAButtonTextureHandle\TextAButtonTextureHandle.cpp">
      <Filter>Game\TextureHandleStore\BaseTextureHandles\TextAButtonTextureHandle</Filter>
    </ClCompile>
    <ClCompile Include="Game\TextureHandleStore\BaseTextureHandles\TextLStickThumbTextureHandle\TextLStrickThumbTextureHandle.cpp">
      <Filter>Game\TextureHandleStore\BaseTextureHandles\TextLStickThumbTextureHandle</Filter>
    </ClCompile>
    <ClCompile Include="Game\BaseScene\TitleScene\TitleHud\TitleHud.cpp">
      <Filter>Game\BaseScene\TitleScene\TitleHud</Filter>
    </ClCompile>
    <ClCompile Include="Game\BaseScene\GameScene\BaseCharacter\BaseEnemy\EnemyBird\EnemyBird.cpp">
      <Filter>Game\BaseScene\GameScene\BaseCharacter\BaseEnemy\EnemyBird</Filter>
    </ClCompile>
    <ClCompile Include="Game\ModelHandleStore\BaseModelHandles\EnemyBirdModelHandles\EnemyBirdModelHandles.cpp">
      <Filter>Game\ModelHandleStore\BaseModelHandles\Character\Enemy\EnemyBirdModelHandle</Filter>
    </ClCompile>
    <ClCompile Include="Game\BaseScene\GameScene\BaseCharacter\BaseEnemy\EnemyFairy\EnemyFairy.cpp">
      <Filter>Game\BaseScene\GameScene\BaseCharacter\BaseEnemy\EnemyFairy</Filter>
    </ClCompile>
    <ClCompile Include="Game\BaseScene\GameScene\BaseCharacter\BaseEnemy\EnemyDevil\EnemyDevil.cpp">
      <Filter>Game\BaseScene\GameScene\BaseCharacter\BaseEnemy\EnemyDevil</Filter>
    </ClCompile>
    <ClCompile Include="Game\BaseScene\GameScene\BaseCharacter\BaseEnemy\EnemyJet\EnemyJet.cpp">
      <Filter>Game\BaseScene\GameScene\BaseCharacter\BaseEnemy\EnemyJet</Filter>
    </ClCompile>
    <ClCompile Include="Game\BaseScene\GameScene\BaseCharacter\BaseEnemy\EnemyStingray\EnemyStingray.cpp">
      <Filter>Game\BaseScene\GameScene\BaseCharacter\BaseEnemy\EnemyStingray</Filter>
    </ClCompile>
    <ClCompile Include="Game\ModelHandleStore\BaseModelHandles\EnemyDevilModelHandles\EnemyDevilModelHandles.cpp">
      <Filter>Game\ModelHandleStore\BaseModelHandles\Character\Enemy\EnemyDevilModelHandles</Filter>
    </ClCompile>
    <ClCompile Include="Game\ModelHandleStore\BaseModelHandles\EnemyFairyModelHandles\EnemyFairyModelHandles.cpp">
      <Filter>Game\ModelHandleStore\BaseModelHandles\Character\Enemy\EnemyFairyModelHandles</Filter>
    </ClCompile>
    <ClCompile Include="Game\ModelHandleStore\BaseModelHandles\EnemyJetModelHandles\EnemyJetModelHandles.cpp">
      <Filter>Game\ModelHandleStore\BaseModelHandles\Character\Enemy\EnemyJetModelHandles</Filter>
    </ClCompile>
    <ClCompile Include="Game\ModelHandleStore\BaseModelHandles\EnemyStingrayModelHandles\EnemyStingrayModelHandles.cpp">
      <Filter>Game\ModelHandleStore\BaseModelHandles\Character\Enemy\EnemyStingrayModelHandles</Filter>
    </ClCompile>
  </ItemGroup>
  <ItemGroup>
    <ClInclude Include="YokosukaEngine\Include\YokosukaEngine.h">
      <Filter>YokosukaEngine\Include</Filter>
    </ClInclude>
    <ClInclude Include="YokosukaEngine\Include\Base\WinApp\WinApp.h">
      <Filter>YokosukaEngine\Include\Base\WinApp</Filter>
    </ClInclude>
    <ClInclude Include="YokosukaEngine\Include\Func\String\String.h">
      <Filter>YokosukaEngine\Include\Func\String</Filter>
    </ClInclude>
    <ClInclude Include="YokosukaEngine\Include\Base\Logging\Logging.h">
      <Filter>YokosukaEngine\Include\Base\Logging</Filter>
    </ClInclude>
    <ClInclude Include="YokosukaEngine\Include\Base\DirectXCommon\DirectXCommon.h">
      <Filter>YokosukaEngine\Include\Base\DirectXCommon</Filter>
    </ClInclude>
    <ClInclude Include="YokosukaEngine\Include\Func\CrashHandler\CrashHandler.h">
      <Filter>YokosukaEngine\Include\Func\CrashHandler</Filter>
    </ClInclude>
    <ClInclude Include="YokosukaEngine\Include\Math\Vector4\Vector4.h">
      <Filter>YokosukaEngine\Include\Math\Vector4</Filter>
    </ClInclude>
    <ClInclude Include="YokosukaEngine\Include\Draw\DirectXShaderCompiler\DirectXShaderCompiler.h">
      <Filter>YokosukaEngine\Include\Draw\DirectXShaderCompiler</Filter>
    </ClInclude>
    <ClInclude Include="YokosukaEngine\Include\PipelineStateObject\Object3d\BlendNormal\Object3dBlendNormal.h">
      <Filter>YokosukaEngine\Include\PipelineStateObject\Object3d\BlendNormal</Filter>
    </ClInclude>
    <ClInclude Include="YokosukaEngine\Include\Math\Vector3\Vector3.h">
      <Filter>YokosukaEngine\Include\Math\Vector3</Filter>
    </ClInclude>
    <ClInclude Include="YokosukaEngine\Include\Math\Vector2\Vector2.h">
      <Filter>YokosukaEngine\Include\Math\Vector2</Filter>
    </ClInclude>
    <ClInclude Include="YokosukaEngine\Include\Math\Matrix4x4\Matrix4x4.h">
      <Filter>YokosukaEngine\Include\Math\Matrix4x4</Filter>
    </ClInclude>
    <ClInclude Include="YokosukaEngine\Include\Transform\WorldTransform\WorldTransform.h">
      <Filter>YokosukaEngine\Include\Transform\WorldTransform</Filter>
    </ClInclude>
    <ClInclude Include="Externals\ImGui\imconfig.h">
      <Filter>Externals\ImGui</Filter>
    </ClInclude>
    <ClInclude Include="Externals\ImGui\imgui.h">
      <Filter>Externals\ImGui</Filter>
    </ClInclude>
    <ClInclude Include="Externals\ImGui\imgui_impl_dx12.h">
      <Filter>Externals\ImGui</Filter>
    </ClInclude>
    <ClInclude Include="Externals\ImGui\imgui_impl_win32.h">
      <Filter>Externals\ImGui</Filter>
    </ClInclude>
    <ClInclude Include="Externals\ImGui\imgui_internal.h">
      <Filter>Externals\ImGui</Filter>
    </ClInclude>
    <ClInclude Include="Externals\ImGui\imstb_rectpack.h">
      <Filter>Externals\ImGui</Filter>
    </ClInclude>
    <ClInclude Include="Externals\ImGui\imstb_textedit.h">
      <Filter>Externals\ImGui</Filter>
    </ClInclude>
    <ClInclude Include="Externals\ImGui\imstb_truetype.h">
      <Filter>Externals\ImGui</Filter>
    </ClInclude>
    <ClInclude Include="YokosukaEngine\Include\Store\TextureStore\TextureStore.h">
      <Filter>YokosukaEngine\Include\Store\TextureStore</Filter>
    </ClInclude>
    <ClInclude Include="YokosukaEngine\Include\Camera\Camera2D\Camera2D.h">
      <Filter>YokosukaEngine\Include\Camera\Camera2D</Filter>
    </ClInclude>
    <ClInclude Include="YokosukaEngine\Include\Camera\Camera3D\Camera3D.h">
      <Filter>YokosukaEngine\Include\Camera\Camera3D</Filter>
    </ClInclude>
    <ClInclude Include="YokosukaEngine\Include\Light\DirectionalLight\DirectionalLight.h">
      <Filter>YokosukaEngine\Include\Light\DirectionalLight</Filter>
    </ClInclude>
    <ClInclude Include="YokosukaEngine\Include\Store\ModelDataStore\ModelDataStore.h">
      <Filter>YokosukaEngine\Include\Store\ModelDataStore</Filter>
    </ClInclude>
    <ClInclude Include="YokosukaEngine\Include\Base\Input\Input.h">
      <Filter>YokosukaEngine\Include\Base\Input</Filter>
    </ClInclude>
    <ClInclude Include="YokosukaEngine\Include\Store\AudioStore\AudioStore.h">
      <Filter>YokosukaEngine\Include\Store\AudioStore</Filter>
    </ClInclude>
    <ClInclude Include="YokosukaEngine\Include\PipelineStateObject\Object3d\BlendNone\Object3dBlendNone.h">
      <Filter>YokosukaEngine\Include\PipelineStateObject\Object3d\BlendNone</Filter>
    </ClInclude>
    <ClInclude Include="YokosukaEngine\Include\PipelineStateObject\Object3d\BlendAdd\Object3dBlendAdd.h">
      <Filter>YokosukaEngine\Include\PipelineStateObject\Object3d\BlendAdd</Filter>
    </ClInclude>
    <ClInclude Include="YokosukaEngine\Include\PipelineStateObject\Object3d\BlendSubtract\Object3dBlendSubtract.h">
      <Filter>YokosukaEngine\Include\PipelineStateObject\Object3d\BlendSubtract</Filter>
    </ClInclude>
    <ClInclude Include="YokosukaEngine\Include\PipelineStateObject\Object3d\BlendMultiply\Object3dBlendMultiply.h">
      <Filter>YokosukaEngine\Include\PipelineStateObject\Object3d\BlendMultiply</Filter>
    </ClInclude>
    <ClInclude Include="YokosukaEngine\Include\PipelineStateObject\Object3d\BlendScreen\Object3dBlendScreen.h">
      <Filter>YokosukaEngine\Include\PipelineStateObject\Object3d\BlendScreen</Filter>
    </ClInclude>
    <ClInclude Include="YokosukaEngine\Include\PipelineStateObject\Object3d\BaseObject3d.h">
      <Filter>YokosukaEngine\Include\PipelineStateObject\Object3d</Filter>
    </ClInclude>
    <ClInclude Include="YokosukaEngine\Include\PipelineStateObject\Particle\BaseParticle.h">
      <Filter>YokosukaEngine\Include\PipelineStateObject\Particle</Filter>
    </ClInclude>
    <ClInclude Include="YokosukaEngine\Include\PipelineStateObject\Particle\BlendNormal\ParticleBlendNormal.h">
      <Filter>YokosukaEngine\Include\PipelineStateObject\Particle\BlendNormal</Filter>
    </ClInclude>
    <ClInclude Include="YokosukaEngine\Include\Math\Transform3D\Transform3D.h">
      <Filter>YokosukaEngine\Include\Math\Transform3D</Filter>
    </ClInclude>
    <ClInclude Include="YokosukaEngine\Include\ParticleEffect\Particle\Particle.h">
      <Filter>YokosukaEngine\Include\ParticleEffect\Particle</Filter>
    </ClInclude>
    <ClInclude Include="YokosukaEngine\Include\PipelineStateObject\Particle\BlendAdd\ParticleBlendAdd.h">
      <Filter>YokosukaEngine\Include\PipelineStateObject\Particle\BlendAdd</Filter>
    </ClInclude>
    <ClInclude Include="YokosukaEngine\Include\PipelineStateObject\Particle\BlendNone\ParticleBlendNone.h">
      <Filter>YokosukaEngine\Include\PipelineStateObject\Particle\BlendNone</Filter>
    </ClInclude>
    <ClInclude Include="YokosukaEngine\Include\PipelineStateObject\Particle\BlendSubtract\ParticleBlendSubtract.h">
      <Filter>YokosukaEngine\Include\PipelineStateObject\Particle\BlendSubtract</Filter>
    </ClInclude>
    <ClInclude Include="YokosukaEngine\Include\PipelineStateObject\Particle\BlendMultiply\ParticleBlendMultiply.h">
      <Filter>YokosukaEngine\Include\PipelineStateObject\Particle\BlendMultiply</Filter>
    </ClInclude>
    <ClInclude Include="YokosukaEngine\Include\PipelineStateObject\Particle\BlendScreen\ParticleBlendScreen.h">
      <Filter>YokosukaEngine\Include\PipelineStateObject\Particle\BlendScreen</Filter>
    </ClInclude>
    <ClInclude Include="YokosukaEngine\Include\Shape\AABB\AABB.h">
      <Filter>YokosukaEngine\Include\Shape\AABB</Filter>
    </ClInclude>
    <ClInclude Include="YokosukaEngine\Include\Func\Collision\Collision.h">
      <Filter>YokosukaEngine\Include\Func\Collision</Filter>
    </ClInclude>
    <ClInclude Include="YokosukaEngine\Include\Light\SpotLight\SpotLight.h">
      <Filter>YokosukaEngine\Include\Light\SpotLight</Filter>
    </ClInclude>
    <ClInclude Include="YokosukaEngine\Include\Light\PointLight\PointLight.h">
      <Filter>YokosukaEngine\Include\Light\PointLight</Filter>
    </ClInclude>
    <ClInclude Include="Game\Game.h">
      <Filter>Game</Filter>
    </ClInclude>
    <ClInclude Include="YokosukaEngine\Include\Transform\UvTransform\UvTransform.h">
      <Filter>YokosukaEngine\Include\Transform\UvTransform</Filter>
    </ClInclude>
    <ClInclude Include="YokosukaEngine\Include\PipelineStateObject\Line3d\BaseLine3d.h">
      <Filter>YokosukaEngine\Include\PipelineStateObject\Line3d</Filter>
    </ClInclude>
    <ClInclude Include="YokosukaEngine\Include\PipelineStateObject\Line3d\BlendNormal\Line3dBlendNormal.h">
      <Filter>YokosukaEngine\Include\PipelineStateObject\Line3d\BlendNormal</Filter>
    </ClInclude>
    <ClInclude Include="YokosukaEngine\Include\Shape\Sphere\Sphere.h">
      <Filter>YokosukaEngine\Include\Shape\Sphere</Filter>
    </ClInclude>
    <ClInclude Include="YokosukaEngine\Include\ParticleEffect\Emitter\Emitter.h">
      <Filter>YokosukaEngine\Include\ParticleEffect\Emitter</Filter>
    </ClInclude>
    <ClInclude Include="YokosukaEngine\Include\ParticleEffect\Feild\Feild.h">
      <Filter>YokosukaEngine\Include\ParticleEffect\Feild</Filter>
    </ClInclude>
    <ClInclude Include="YokosukaEngine\Include\PipelineStateObject\Line3d\BlendNone\Line3dBlendNone.h">
      <Filter>YokosukaEngine\Include\PipelineStateObject\Line3d\BlendNone</Filter>
    </ClInclude>
    <ClInclude Include="YokosukaEngine\Include\PipelineStateObject\Line3d\BlendAdd\Line3dBlendAdd.h">
      <Filter>YokosukaEngine\Include\PipelineStateObject\Line3d\BlendAdd</Filter>
    </ClInclude>
    <ClInclude Include="YokosukaEngine\Include\PipelineStateObject\Line3d\BlendSubtract\Line3dBlendSubtract.h">
      <Filter>YokosukaEngine\Include\PipelineStateObject\Line3d\BlendSubtract</Filter>
    </ClInclude>
    <ClInclude Include="YokosukaEngine\Include\PipelineStateObject\Line3d\BlendMultiply\Line3dBlendMultiply.h">
      <Filter>YokosukaEngine\Include\PipelineStateObject\Line3d\BlendMultiply</Filter>
    </ClInclude>
    <ClInclude Include="YokosukaEngine\Include\PipelineStateObject\Line3d\BlendScreen\Line3dBlendScreen.h">
      <Filter>YokosukaEngine\Include\PipelineStateObject\Line3d\BlendScreen</Filter>
    </ClInclude>
    <ClInclude Include="YokosukaEngine\Include\Math\Vector1\Vector1.h">
      <Filter>YokosukaEngine\Include\Math\Vector1</Filter>
    </ClInclude>
    <ClInclude Include="Game\BaseScene\GameScene\GameScene.h">
      <Filter>Game\BaseScene\GameScene</Filter>
    </ClInclude>
    <ClInclude Include="YokosukaEngine\Include\Math\Matrix3x3\Matrix3x3.h">
      <Filter>YokosukaEngine\Include\Math\Matrix3x3</Filter>
    </ClInclude>
    <ClInclude Include="YokosukaEngine\Include\PipelineStateObject\Primitive\BasePrimitive.h">
      <Filter>YokosukaEngine\Include\PipelineStateObject\Primitive</Filter>
    </ClInclude>
    <ClInclude Include="YokosukaEngine\Include\PipelineStateObject\Primitive\BlendNone\PrimitiveBlendNone.h">
      <Filter>YokosukaEngine\Include\PipelineStateObject\Primitive\BlendNone</Filter>
    </ClInclude>
    <ClInclude Include="YokosukaEngine\Include\PipelineStateObject\Primitive\BlendNormal\PrimitiveBlendNormal.h">
      <Filter>YokosukaEngine\Include\PipelineStateObject\Primitive\BlendNormal</Filter>
    </ClInclude>
    <ClInclude Include="YokosukaEngine\Include\PipelineStateObject\Primitive\BlendAdd\PrimitiveBlendAdd.h">
      <Filter>YokosukaEngine\Include\PipelineStateObject\Primitive\BlendAdd</Filter>
    </ClInclude>
    <ClInclude Include="YokosukaEngine\Include\PipelineStateObject\Primitive\BlendSubtract\PrimitiveBlendSubtract.h">
      <Filter>YokosukaEngine\Include\PipelineStateObject\Primitive\BlendSubtract</Filter>
    </ClInclude>
    <ClInclude Include="YokosukaEngine\Include\PipelineStateObject\Primitive\BlendMultiply\PrimitiveBlendMultiply.h">
      <Filter>YokosukaEngine\Include\PipelineStateObject\Primitive\BlendMultiply</Filter>
    </ClInclude>
    <ClInclude Include="YokosukaEngine\Include\PipelineStateObject\Primitive\BlendScreen\PrimitiveBlendScreen.h">
      <Filter>YokosukaEngine\Include\PipelineStateObject\Primitive\BlendScreen</Filter>
    </ClInclude>
    <ClInclude Include="YokosukaEngine\Include\PipelineStateObject\PostEffect\CopyImage\CopyImage.h">
      <Filter>YokosukaEngine\Include\PipelineStateObject\PostEffect\CopyImage</Filter>
    </ClInclude>
    <ClInclude Include="YokosukaEngine\Include\PipelineStateObject\PostEffect\GrayScale\GrayScale.h">
      <Filter>YokosukaEngine\Include\PipelineStateObject\PostEffect\GrayScale</Filter>
    </ClInclude>
    <ClInclude Include="YokosukaEngine\Include\PipelineStateObject\PostEffect\PostEffect.h">
      <Filter>YokosukaEngine\Include\PipelineStateObject\PostEffect</Filter>
    </ClInclude>
    <ClInclude Include="YokosukaEngine\Include\PipelineStateObject\PostEffect\Sepia\Sepia.h">
      <Filter>YokosukaEngine\Include\PipelineStateObject\PostEffect\Sepia</Filter>
    </ClInclude>
    <ClInclude Include="YokosukaEngine\Include\PipelineStateObject\PostEffect\Vignette\Vignette.h">
      <Filter>YokosukaEngine\Include\PipelineStateObject\PostEffect\Vignette</Filter>
    </ClInclude>
    <ClInclude Include="YokosukaEngine\Include\PipelineStateObject\PostEffect\Smoothing\Smoothing.h">
      <Filter>YokosukaEngine\Include\PipelineStateObject\PostEffect\Smoothing</Filter>
    </ClInclude>
    <ClInclude Include="YokosukaEngine\Include\PipelineStateObject\PostEffect\GaussianFillter\GaussianFilter.h">
      <Filter>YokosukaEngine\Include\PipelineStateObject\PostEffect\GaussianFilter</Filter>
    </ClInclude>
    <ClInclude Include="YokosukaEngine\Include\PipelineStateObject\PostEffect\LuminanceBaseOutline\LuminanceBaseOutline.h">
      <Filter>YokosukaEngine\Include\PipelineStateObject\PostEffect\LuminanceBaseOutline</Filter>
    </ClInclude>
    <ClInclude Include="YokosukaEngine\Include\PipelineStateObject\PostEffect\DepthBaseOutline\DepthBaseOutline.h">
      <Filter>YokosukaEngine\Include\PipelineStateObject\PostEffect\DepthBaseOutline</Filter>
    </ClInclude>
    <ClInclude Include="YokosukaEngine\Include\Math\Transform2D\Transform2D.h">
      <Filter>YokosukaEngine\Include\Math\Transform2D</Filter>
    </ClInclude>
    <ClInclude Include="YokosukaEngine\Include\Transform\WorldTransform2D\WorldTransform2D.h">
      <Filter>YokosukaEngine\Include\Transform\WorldTransform2D</Filter>
    </ClInclude>
    <ClInclude Include="Game\BaseScene\GameScene\BaseCharacter\Player\Player.h">
      <Filter>Game\BaseScene\GameScene\BaseCharacter\Player</Filter>
    </ClInclude>
    <ClInclude Include="Game\BaseScene\GameScene\Skydome\Skydome.h">
      <Filter>Game\BaseScene\GameScene\Skydome</Filter>
    </ClInclude>
    <ClInclude Include="Game\BaseScene\GameScene\BaseBullet\BasePlayerBullet\BasePlayerBullet.h">
      <Filter>Game\BaseScene\GameScene\BaseBullet\BasePlayerBullet</Filter>
    </ClInclude>
    <ClInclude Include="Game\BaseScene\GameScene\BaseBullet\BasePlayerBullet\PlayerBulletWeek\PlayerBulletWeek.h">
      <Filter>Game\BaseScene\GameScene\BaseBullet\BasePlayerBullet\PlayerBulletWeek</Filter>
    </ClInclude>
    <ClInclude Include="Game\BaseScene\GameScene\BaseBullet\BasePlayerBullet\PlayerBulletStrong\PlayerBulletStrong.h">
      <Filter>Game\BaseScene\GameScene\BaseBullet\BasePlayerBullet\PlayerBulletStrong</Filter>
    </ClInclude>
    <ClInclude Include="YokosukaEngine\Include\Draw\GPUforPostEffect\GPUforPostEffect.h">
      <Filter>YokosukaEngine\Include\Draw\PostEffect</Filter>
    </ClInclude>
    <ClInclude Include="YokosukaEngine\Include\PipelineStateObject\PostEffect\BrightnessExtraction\BrightnessExtraction.h">
      <Filter>YokosukaEngine\Include\PipelineStateObject\PostEffect\BrightnessExtraction</Filter>
    </ClInclude>
    <ClInclude Include="YokosukaEngine\Include\PipelineStateObject\PostEffect\Hide\Hide.h">
      <Filter>YokosukaEngine\Include\PipelineStateObject\PostEffect\Hide</Filter>
    </ClInclude>
    <ClInclude Include="YokosukaEngine\Include\PipelineStateObject\CopyImage\BaseCopyImage.h">
      <Filter>YokosukaEngine\Include\PipelineStateObject\CopyImage</Filter>
    </ClInclude>
    <ClInclude Include="YokosukaEngine\Include\PipelineStateObject\CopyImage\CopyImageBlendNone\CopyImageBlendNone.h">
      <Filter>YokosukaEngine\Include\PipelineStateObject\CopyImage\BlendNone</Filter>
    </ClInclude>
    <ClInclude Include="YokosukaEngine\Include\PipelineStateObject\CopyImage\CopyImageBlendNormal\CopyImageBlendNormal.h">
      <Filter>YokosukaEngine\Include\PipelineStateObject\CopyImage\BlendNormal</Filter>
    </ClInclude>
    <ClInclude Include="YokosukaEngine\Include\PipelineStateObject\CopyImage\CopyImageBlendAdd\CopyImageBlendAdd.h">
      <Filter>YokosukaEngine\Include\PipelineStateObject\CopyImage\BlendAdd</Filter>
    </ClInclude>
    <ClInclude Include="YokosukaEngine\Include\PipelineStateObject\CopyImage\CopyImageBlendSubtract\CopyImageBlendSubtract.h">
      <Filter>YokosukaEngine\Include\PipelineStateObject\CopyImage\BlendSubtract</Filter>
    </ClInclude>
    <ClInclude Include="YokosukaEngine\Include\PipelineStateObject\CopyImage\CopyImageBlendMultiply\CopyImageBlendMultiply.h">
      <Filter>YokosukaEngine\Include\PipelineStateObject\CopyImage\BlendMultiply</Filter>
    </ClInclude>
    <ClInclude Include="YokosukaEngine\Include\PipelineStateObject\CopyImage\CopyImageBlendScreen\CopyImageBlendScreen.h">
      <Filter>YokosukaEngine\Include\PipelineStateObject\CopyImage\BlendScreen</Filter>
    </ClInclude>
    <ClInclude Include="Game\BaseScene\GameScene\BaseCharacter\BaseEnemy\BaseEnemy.h">
      <Filter>Game\BaseScene\GameScene\BaseCharacter\BaseEnemy</Filter>
    </ClInclude>
    <ClInclude Include="Game\BaseScene\GameScene\BaseCharacter\BaseEnemy\EnemyButterfly\EnemyButterfly.h">
      <Filter>Game\BaseScene\GameScene\BaseCharacter\BaseEnemy\EnemyButterfly</Filter>
    </ClInclude>
    <ClInclude Include="YokosukaEngine\Include\PipelineStateObject\PostEffect\RasterScroll\RasterScroll.h">
      <Filter>YokosukaEngine\Include\PipelineStateObject\PostEffect\RasterScroll</Filter>
    </ClInclude>
    <ClInclude Include="YokosukaEngine\Include\Base\DirectXCommon\DirectXGPU\DirectXGPU.h">
      <Filter>YokosukaEngine\Include\Base\DirectXCommon\DirectXGPU</Filter>
    </ClInclude>
    <ClInclude Include="YokosukaEngine\Include\Base\DirectXCommon\DirectXCommand\DirectXCommand.h">
      <Filter>YokosukaEngine\Include\Base\DirectXCommon\DirectXCommand</Filter>
    </ClInclude>
    <ClInclude Include="YokosukaEngine\Include\Shape\Segment\Segment.h">
      <Filter>YokosukaEngine\Include\Shape\Segment</Filter>
    </ClInclude>
    <ClInclude Include="YokosukaEngine\Include\Shape\Ray\Ray.h">
      <Filter>YokosukaEngine\Include\Shape\Ray</Filter>
    </ClInclude>
    <ClInclude Include="YokosukaEngine\Include\Shape\Line\Line.h">
      <Filter>YokosukaEngine\Include\Shape\Line</Filter>
    </ClInclude>
    <ClInclude Include="Game\BaseScene\GameScene\BaseBullet\BaseEnemyBullet\BaseEnemyBullet.h">
      <Filter>Game\BaseScene\GameScene\BaseBullet\BaseEnemyBullet</Filter>
    </ClInclude>
    <ClInclude Include="Game\BaseScene\GameScene\BaseBullet\BaseEnemyBullet\EnemyBulletWeek\EnemyBulletWeek.h">
      <Filter>Game\BaseScene\GameScene\BaseBullet\BaseEnemyBullet\EnemyBulletWeek</Filter>
    </ClInclude>
    <ClInclude Include="YokosukaEngine\Include\Base\DirectXCommon\Resource\Resource.h">
      <Filter>YokosukaEngine\Include\Base\DirectXCommon\Resource</Filter>
    </ClInclude>
    <ClInclude Include="Game\BaseScene\GameScene\Stage\CenterAxis\CenterAxis.h">
      <Filter>Game\BaseScene\GameScene\Stage\CenterAxis</Filter>
    </ClInclude>
    <ClInclude Include="Game\BaseScene\GameScene\PlayerStateHud\PlayerStateHud.h">
      <Filter>Game\BaseScene\GameScene\PlayerStateHud</Filter>
    </ClInclude>
    <ClInclude Include="Game\BaseScene\TitleScene\TitleScene.h">
      <Filter>Game\BaseScene\TitleScene</Filter>
    </ClInclude>
    <ClInclude Include="Game\ModelHandleStore\ModelHandleStore.h">
      <Filter>Game\ModelHandleStore</Filter>
    </ClInclude>
    <ClInclude Include="Game\ModelHandleStore\BaseModelHandles\BaseModelHandles.h">
      <Filter>Game\ModelHandleStore\BaseModelHandles</Filter>
    </ClInclude>
    <ClInclude Include="Game\ModelHandleStore\BaseModelHandles\PlayerModelHandles\PlayerModelHandles.h">
      <Filter>Game\ModelHandleStore\BaseModelHandles\Character\Player\PlayerModelHandles</Filter>
    </ClInclude>
    <ClInclude Include="Game\ModelHandleStore\BaseModelHandles\PlayerBulletWeekModelHandles\PlayerBulletWeekModelHandles.h">
      <Filter>Game\ModelHandleStore\BaseModelHandles\Bullet\PlayerBullet\PlayerBulletWeekModelHandle</Filter>
    </ClInclude>
    <ClInclude Include="Game\ModelHandleStore\BaseModelHandles\PlayerBulletStrongModelHandles\PlayerBulletStrongModelHandles.h">
      <Filter>Game\ModelHandleStore\BaseModelHandles\Bullet\PlayerBullet\PlayerBulletStrongModelHandle</Filter>
    </ClInclude>
    <ClInclude Include="Game\ModelHandleStore\BaseModelHandles\EnemyButterflyModelHandles\EnemyButterflyodelHandles.h">
      <Filter>Game\ModelHandleStore\BaseModelHandles\Character\Enemy\EnemyButterflyModelHandle</Filter>
    </ClInclude>
    <ClInclude Include="Game\ModelHandleStore\BaseModelHandles\EnemyBulletWeekModelHandles\EnemyBulletWeekModelHandles.h">
      <Filter>Game\ModelHandleStore\BaseModelHandles\Bullet\EnemyBullet\EnemyBulletWeekModelHandle</Filter>
    </ClInclude>
    <ClInclude Include="Game\BaseScene\BaseScene.h">
      <Filter>Game\BaseScene</Filter>
    </ClInclude>
    <ClInclude Include="Game\BaseScene\GameScene\BaseBullet\BaseBullet.h">
      <Filter>Game\BaseScene\GameScene\BaseBullet</Filter>
    </ClInclude>
    <ClInclude Include="Game\BaseScene\GameScene\BaseCharacter\BaseCharacter.h">
      <Filter>Game\BaseScene\GameScene\BaseCharacter</Filter>
    </ClInclude>
    <ClInclude Include="Game\BaseScene\GameScene\BaseGimmick\BaseGimmick.h">
      <Filter>Game\BaseScene\GameScene\BaseGimmick</Filter>
    </ClInclude>
    <ClInclude Include="Game\BaseScene\GameScene\BaseGimmick\GimmickFloating\GimmickFloating.h">
      <Filter>Game\BaseScene\GameScene\BaseGimmick\GimmickFloating</Filter>
    </ClInclude>
    <ClInclude Include="Game\BaseScene\GameScene\BaseCharacter\BaseEnemy\EnemyButterfly\BaseEnemyButterflyState\BaseEnemyButterflyState.h">
      <Filter>Game\BaseScene\GameScene\BaseCharacter\BaseEnemy\EnemyButterfly\BaseEnemyButterflyState</Filter>
    </ClInclude>
    <ClInclude Include="Game\BaseScene\GameScene\BaseCharacter\BaseEnemy\EnemyButterfly\BaseEnemyButterflyState\EnemyButterflyStateApproachingRearLeft\EnemyButterflyStateApproachingRearLeft.h">
      <Filter>Game\BaseScene\GameScene\BaseCharacter\BaseEnemy\EnemyButterfly\BaseEnemyButterflyState\EnemyButterflyStateApproachingRearLeft</Filter>
    </ClInclude>
    <ClInclude Include="Game\BaseScene\GameScene\BaseCharacter\BaseEnemy\EnemyButterfly\BaseEnemyButterflyState\EnemyButterflyStateStop\EnemyButterflyStateStop.h">
      <Filter>Game\BaseScene\GameScene\BaseCharacter\BaseEnemy\EnemyButterfly\BaseEnemyButterflyState\EnemyButterflyStateStop</Filter>
    </ClInclude>
    <ClInclude Include="Game\BaseScene\GameScene\BaseCharacter\BaseEnemy\EnemyButterfly\BaseEnemyButterflyBehavior\BaseEnemyButterflyBehavior.h">
      <Filter>Game\BaseScene\GameScene\BaseCharacter\BaseEnemy\EnemyButterfly\BaseEnemyButterflyBehavior</Filter>
    </ClInclude>
    <ClInclude Include="Game\BaseScene\GameScene\BaseCharacter\BaseEnemy\EnemyButterfly\BaseEnemyButterflyBehavior\EnemyButterflyBehaviorShot\EnemyButterflyBehaviorShot.h">
      <Filter>Game\BaseScene\GameScene\BaseCharacter\BaseEnemy\EnemyButterfly\BaseEnemyButterflyBehavior\EnemyButterflyBehaviorShot</Filter>
    </ClInclude>
    <ClInclude Include="Game\BaseScene\GameScene\BaseCharacter\BaseEnemy\EnemyButterfly\BaseEnemyButterflyBehavior\EnemyButterflyBehaviorNormal\EnemyButterflyBehaviorNormal.h">
      <Filter>Game\BaseScene\GameScene\BaseCharacter\BaseEnemy\EnemyButterfly\BaseEnemyButterflyBehavior\EnemyButterflyBehaviorNormal</Filter>
    </ClInclude>
    <ClInclude Include="Game\BaseScene\GameScene\BaseGimmick\GimmickFlapping\GimmickFlapping.h">
      <Filter>Game\BaseScene\GameScene\BaseGimmick\GimmickFlapping</Filter>
    </ClInclude>
    <ClInclude Include="Game\BaseScene\GameScene\BaseGimmick\GimmickDamageColor\GimmickDamageColor.h">
      <Filter>Game\BaseScene\GameScene\BaseGimmick\GimmickDamageColor</Filter>
    </ClInclude>
    <ClInclude Include="Game\BaseScene\ClearScene\ClearScene.h">
      <Filter>Game\BaseScene\ClearScene</Filter>
    </ClInclude>
    <ClInclude Include="Game\BaseScene\GameScene\Pose\Pose.h">
      <Filter>Game\BaseScene\GameScene\Pose</Filter>
    </ClInclude>
    <ClInclude Include="Game\BaseScene\GameScene\Stage\Stage.h">
      <Filter>Game\BaseScene\GameScene\Stage</Filter>
    </ClInclude>
    <ClInclude Include="Game\BaseScene\GameScene\Stage\BaseStageObject\BaseStageObject.h">
      <Filter>Game\BaseScene\GameScene\Stage\BaseStageObject</Filter>
    </ClInclude>
    <ClInclude Include="Game\BaseScene\GameScene\Stage\BaseStageObject\StageObjectSaturnPlanet\StageObjectSaturnPlanet.h">
      <Filter>Game\BaseScene\GameScene\Stage\BaseStageObject\StageObjectSaturnPlanet</Filter>
    </ClInclude>
    <ClInclude Include="Game\ModelHandleStore\BaseModelHandles\StageObjectSaturnPlanetModelHandles\StageObjectSaturnPlanetModelHandles.h">
      <Filter>Game\ModelHandleStore\BaseModelHandles\StageObject\StageObjectSaturnPlanetModelHandles</Filter>
    </ClInclude>
    <ClInclude Include="Game\BaseScene\GameScene\BaseEnemyGroup\BaseEnemyGroup.h">
      <Filter>Game\BaseScene\GameScene\BaseEnemyGroup</Filter>
    </ClInclude>
    <ClInclude Include="Game\ModelHandleStore\BaseModelHandles\StageObjectBuildingAModelHandles\StageObjectBuildingAModelHandles.h">
      <Filter>Game\ModelHandleStore\BaseModelHandles\StageObject\StageObjectBuildingAModelHandles</Filter>
    </ClInclude>
    <ClInclude Include="Game\ModelHandleStore\BaseModelHandles\StageObjectBuildingBModelHandles\StageObjectBuildingBModelHandles.h">
      <Filter>Game\ModelHandleStore\BaseModelHandles\StageObject\StageObjectBuildingBModelHandles</Filter>
    </ClInclude>
    <ClInclude Include="Game\ModelHandleStore\BaseModelHandles\StageObjectBuildingCModelHandles\StageObjectBuildingCModelHandles.h">
      <Filter>Game\ModelHandleStore\BaseModelHandles\StageObject\StageObjectBuildingCModelHandles</Filter>
    </ClInclude>
    <ClInclude Include="Game\ModelHandleStore\BaseModelHandles\StageObjectBuildingDModelHandles\StageObjectBuildingDModelHandles.h">
      <Filter>Game\ModelHandleStore\BaseModelHandles\StageObject\StageObjectBuildingDModelHandles</Filter>
    </ClInclude>
    <ClInclude Include="Game\BaseScene\GameScene\Stage\BaseStageObject\StageObjectBuildingA\StageObjectBuildingA.h">
      <Filter>Game\BaseScene\GameScene\Stage\BaseStageObject\StageObjectBuildingA</Filter>
    </ClInclude>
    <ClInclude Include="Game\BaseScene\GameScene\Stage\BaseStageObject\StageObjectBuildingB\StageObjectBuildingB.h">
      <Filter>Game\BaseScene\GameScene\Stage\BaseStageObject\StageObjectBuildingB</Filter>
    </ClInclude>
    <ClInclude Include="Game\BaseScene\GameScene\Stage\BaseStageObject\StageObjectBuildingC\StageObjectBuildingC.h">
      <Filter>Game\BaseScene\GameScene\Stage\BaseStageObject\StageObjectBuildingC</Filter>
    </ClInclude>
    <ClInclude Include="Game\BaseScene\GameScene\Stage\BaseStageObject\StageObjectBuildingD\StageObjectBuildingD.h">
      <Filter>Game\BaseScene\GameScene\Stage\BaseStageObject\StageObjectBuildingD</Filter>
    </ClInclude>
    <ClInclude Include="Game\BaseScene\GameScene\BaseCharacter\BaseEnemy\EnemyButterfly\BaseEnemyButterflyState\EnemyButterflyStateAwayTop\EnemyButterflyStateAwayTop.h">
      <Filter>Game\BaseScene\GameScene\BaseCharacter\BaseEnemy\EnemyButterfly\BaseEnemyButterflyState\EnemyButterflyStateAwayTop</Filter>
    </ClInclude>
    <ClInclude Include="Game\TextureHandleStore\TextureHandleStore.h">
      <Filter>Game\TextureHandleStore</Filter>
    </ClInclude>
    <ClInclude Include="Game\TextureHandleStore\BaseTextureHandles\BaseTextureHandles.h">
      <Filter>Game\TextureHandleStore\BaseTextureHandles</Filter>
    </ClInclude>
    <ClInclude Include="Game\TextureHandleStore\BaseTextureHandles\TextStartTextureHandle\TextStartTextureHandle.h">
      <Filter>Game\TextureHandleStore\BaseTextureHandles\TextStartTextureHandle</Filter>
    </ClInclude>
    <ClInclude Include="Game\TextureHandleStore\BaseTextureHandles\TextLStickTextureHandle\TextLStickTextureHandle.h">
      <Filter>Game\TextureHandleStore\BaseTextureHandles\TextLStickTextureHandle</Filter>
    </ClInclude>
    <ClInclude Include="Game\TextureHandleStore\BaseTextureHandles\TextAButtonTextureHandle\TextAButtonTextureHandle.h">
      <Filter>Game\TextureHandleStore\BaseTextureHandles\TextAButtonTextureHandle</Filter>
    </ClInclude>
    <ClInclude Include="Game\TextureHandleStore\BaseTextureHandles\TextLStickThumbTextureHandle\TextLStrickThumbTextureHandle.h">
      <Filter>Game\TextureHandleStore\BaseTextureHandles\TextLStickThumbTextureHandle</Filter>
    </ClInclude>
    <ClInclude Include="Game\BaseScene\TitleScene\TitleHud\TitleHud.h">
      <Filter>Game\BaseScene\TitleScene\TitleHud</Filter>
    </ClInclude>
    <ClInclude Include="Game\BaseScene\GameScene\BaseCharacter\BaseEnemy\EnemyBird\EnemyBird.h">
      <Filter>Game\BaseScene\GameScene\BaseCharacter\BaseEnemy\EnemyBird</Filter>
    </ClInclude>
    <ClInclude Include="Game\ModelHandleStore\BaseModelHandles\EnemyBirdModelHandles\EnemyBirdModelHandles.h">
      <Filter>Game\ModelHandleStore\BaseModelHandles\Character\Enemy\EnemyBirdModelHandle</Filter>
    </ClInclude>
    <ClInclude Include="Game\BaseScene\GameScene\BaseCharacter\BaseEnemy\EnemyFairy\EnemyFairy.h">
      <Filter>Game\BaseScene\GameScene\BaseCharacter\BaseEnemy\EnemyFairy</Filter>
    </ClInclude>
    <ClInclude Include="Game\BaseScene\GameScene\BaseCharacter\BaseEnemy\EnemyDevil\EnemyDevil.h">
      <Filter>Game\BaseScene\GameScene\BaseCharacter\BaseEnemy\EnemyDevil</Filter>
    </ClInclude>
    <ClInclude Include="Game\BaseScene\GameScene\BaseCharacter\BaseEnemy\EnemyJet\EnemyJet.h">
      <Filter>Game\BaseScene\GameScene\BaseCharacter\BaseEnemy\EnemyJet</Filter>
    </ClInclude>
    <ClInclude Include="Game\BaseScene\GameScene\BaseCharacter\BaseEnemy\EnemyStingray\EnemyStingray.h">
      <Filter>Game\BaseScene\GameScene\BaseCharacter\BaseEnemy\EnemyStingray</Filter>
    </ClInclude>
    <ClInclude Include="Game\ModelHandleStore\BaseModelHandles\EnemyDevilModelHandles\EnemyDevilModelHandles.h">
      <Filter>Game\ModelHandleStore\BaseModelHandles\Character\Enemy\EnemyDevilModelHandles</Filter>
    </ClInclude>
    <ClInclude Include="Game\ModelHandleStore\BaseModelHandles\EnemyFairyModelHandles\EnemyFairyModelHandles.h">
      <Filter>Game\ModelHandleStore\BaseModelHandles\Character\Enemy\EnemyFairyModelHandles</Filter>
    </ClInclude>
    <ClInclude Include="Game\ModelHandleStore\BaseModelHandles\EnemyJetModelHandles\EnemyJetModelHandles.h">
      <Filter>Game\ModelHandleStore\BaseModelHandles\Character\Enemy\EnemyJetModelHandles</Filter>
    </ClInclude>
    <ClInclude Include="Game\ModelHandleStore\BaseModelHandles\EnemyStingrayModelHandles\EnemyStingrayModelHandles.h">
      <Filter>Game\ModelHandleStore\BaseModelHandles\Character\Enemy\EnemyStingrayModelHandles</Filter>
    </ClInclude>
  </ItemGroup>
  <ItemGroup>
    <FxCompile Include="YokosukaEngine\Shader\Object3d\Object3d.VS.hlsl">
      <Filter>YokosukaEngine\Shader\Object3d</Filter>
    </FxCompile>
    <FxCompile Include="YokosukaEngine\Shader\Object3d\Object3d.PS.hlsl">
      <Filter>YokosukaEngine\Shader\Object3d</Filter>
    </FxCompile>
    <FxCompile Include="YokosukaEngine\Shader\Particle\Particle.PS.hlsl">
      <Filter>YokosukaEngine\Shader\Particle</Filter>
    </FxCompile>
    <FxCompile Include="YokosukaEngine\Shader\Particle\Particle.VS.hlsl">
      <Filter>YokosukaEngine\Shader\Particle</Filter>
    </FxCompile>
    <FxCompile Include="YokosukaEngine\Shader\Line3d\Line3d.PS.hlsl">
      <Filter>YokosukaEngine\Shader\Line3d</Filter>
    </FxCompile>
    <FxCompile Include="YokosukaEngine\Shader\Line3d\Line3d.VS.hlsl">
      <Filter>YokosukaEngine\Shader\Line3d</Filter>
    </FxCompile>
    <FxCompile Include="YokosukaEngine\Shader\Primitive\Primitive.PS.hlsl">
      <Filter>YokosukaEngine\Shader\Primitive</Filter>
    </FxCompile>
    <FxCompile Include="YokosukaEngine\Shader\Primitive\Primitive.VS.hlsl">
      <Filter>YokosukaEngine\Shader\Primitive</Filter>
    </FxCompile>
    <FxCompile Include="YokosukaEngine\Shader\PostEffect\CopyImage.PS.hlsl">
      <Filter>YokosukaEngine\Shader\PostEffect</Filter>
    </FxCompile>
    <FxCompile Include="YokosukaEngine\Shader\PostEffect\Fullscreen.VS.hlsl">
      <Filter>YokosukaEngine\Shader\PostEffect</Filter>
    </FxCompile>
    <FxCompile Include="YokosukaEngine\Shader\PostEffect\GaussianFilter.PS.hlsl">
      <Filter>YokosukaEngine\Shader\PostEffect</Filter>
    </FxCompile>
    <FxCompile Include="YokosukaEngine\Shader\PostEffect\GrayScale.PS.hlsl">
      <Filter>YokosukaEngine\Shader\PostEffect</Filter>
    </FxCompile>
    <FxCompile Include="YokosukaEngine\Shader\PostEffect\LuminaceBaseOutline.PS.hlsl">
      <Filter>YokosukaEngine\Shader\PostEffect</Filter>
    </FxCompile>
    <FxCompile Include="YokosukaEngine\Shader\PostEffect\Sepia.PS.hlsl">
      <Filter>YokosukaEngine\Shader\PostEffect</Filter>
    </FxCompile>
    <FxCompile Include="YokosukaEngine\Shader\PostEffect\Smoothing.PS.hlsl">
      <Filter>YokosukaEngine\Shader\PostEffect</Filter>
    </FxCompile>
    <FxCompile Include="YokosukaEngine\Shader\PostEffect\Vignette.PS.hlsl">
      <Filter>YokosukaEngine\Shader\PostEffect</Filter>
    </FxCompile>
    <FxCompile Include="YokosukaEngine\Shader\PostEffect\DepthBaseOutline.PS.hlsl">
      <Filter>YokosukaEngine\Shader\PostEffect</Filter>
    </FxCompile>
    <FxCompile Include="YokosukaEngine\Shader\PostEffect\BrightnessExtraction.PS.hlsl">
      <Filter>YokosukaEngine\Shader\PostEffect</Filter>
    </FxCompile>
    <FxCompile Include="YokosukaEngine\Shader\PostEffect\Hide.PS.hlsl">
      <Filter>YokosukaEngine\Shader\PostEffect</Filter>
    </FxCompile>
    <FxCompile Include="YokosukaEngine\Shader\PostEffect\RasterScroll.PS.hlsl">
      <Filter>YokosukaEngine\Shader\PostEffect</Filter>
    </FxCompile>
  </ItemGroup>
  <ItemGroup>
    <Text Include="Externals\ImGui\LICENSE.txt">
      <Filter>Externals\ImGui</Filter>
    </Text>
  </ItemGroup>
  <ItemGroup>
    <None Include="YokosukaEngine\Shader\Object3d\Object3d.hlsli">
      <Filter>YokosukaEngine\Shader\Object3d</Filter>
    </None>
    <None Include="YokosukaEngine\Shader\Particle\Particle.hlsli">
      <Filter>YokosukaEngine\Shader\Particle</Filter>
    </None>
    <None Include="YokosukaEngine\Shader\Line3d\Line3d.hlsli">
      <Filter>YokosukaEngine\Shader\Line3d</Filter>
    </None>
    <None Include="YokosukaEngine\Shader\Primitive\Primitive.hlsli">
      <Filter>YokosukaEngine\Shader\Primitive</Filter>
    </None>
    <None Include="YokosukaEngine\Shader\PostEffect\Fullscreen.hlsli">
      <Filter>YokosukaEngine\Shader\PostEffect</Filter>
    </None>
  </ItemGroup>
</Project>