<?xml version="1.0" encoding="utf-8"?>
<Project ToolsVersion="4.0" xmlns="http://schemas.microsoft.com/developer/msbuild/2003">
  <ItemGroup>
    <Filter Include="ソース ファイル">
      <UniqueIdentifier>{4FC737F1-C7A5-4376-A066-2A32D752A2FF}</UniqueIdentifier>
      <Extensions>cpp;c;cc;cxx;c++;cppm;ixx;def;odl;idl;hpj;bat;asm;asmx</Extensions>
    </Filter>
    <Filter Include="ヘッダー ファイル">
      <UniqueIdentifier>{93995380-89BD-4b04-88EB-625FBE52EBFB}</UniqueIdentifier>
      <Extensions>h;hh;hpp;hxx;h++;hm;inl;inc;ipp;xsd</Extensions>
    </Filter>
    <Filter Include="リソース ファイル">
      <UniqueIdentifier>{67DA6AB6-F800-4c08-8B7A-83BB121AAD01}</UniqueIdentifier>
      <Extensions>rc;ico;cur;bmp;dlg;rc2;rct;bin;rgs;gif;jpg;jpeg;jpe;resx;tiff;tif;png;wav;mfcribbon-ms</Extensions>
    </Filter>
    <Filter Include="Externals">
      <UniqueIdentifier>{c4323793-0208-4b71-b001-72680bd0cc08}</UniqueIdentifier>
    </Filter>
    <Filter Include="Externals\ImGui">
      <UniqueIdentifier>{9ead3b48-26bc-49e6-9cdc-2c28afdf9625}</UniqueIdentifier>
    </Filter>
    <Filter Include="YokosukaEngine">
      <UniqueIdentifier>{26de49c6-c22c-409a-9070-d83b08bb715e}</UniqueIdentifier>
    </Filter>
    <Filter Include="YokosukaEngine\Include">
      <UniqueIdentifier>{3a7af73e-d8e7-4a47-83ec-44506ea412b4}</UniqueIdentifier>
    </Filter>
    <Filter Include="YokosukaEngine\Include\Base">
      <UniqueIdentifier>{8b37055f-0c46-4760-971d-a825617eb67e}</UniqueIdentifier>
    </Filter>
    <Filter Include="YokosukaEngine\Include\Base\WinApp">
      <UniqueIdentifier>{c29bf23f-d5ef-44f7-989c-68b67976123f}</UniqueIdentifier>
    </Filter>
    <Filter Include="YokosukaEngine\Include\Base\OutputLog">
      <UniqueIdentifier>{a1003834-b1f6-480c-8f9c-39be1069a703}</UniqueIdentifier>
    </Filter>
    <Filter Include="YokosukaEngine\Include\Base\DirectXCommon">
      <UniqueIdentifier>{76475598-178b-4577-8171-0fc66cd01585}</UniqueIdentifier>
    </Filter>
    <Filter Include="YokosukaEngine\Include\Func">
      <UniqueIdentifier>{03d6fc5f-599e-410c-be7d-992896a4fd70}</UniqueIdentifier>
    </Filter>
    <Filter Include="YokosukaEngine\Include\Func\String">
      <UniqueIdentifier>{3d827cba-ab48-4cc8-8723-166539b8f26e}</UniqueIdentifier>
    </Filter>
    <Filter Include="YokosukaEngine\Include\Func\CrashHandler">
      <UniqueIdentifier>{428ddbf1-4996-488e-b523-d2a688b7164c}</UniqueIdentifier>
    </Filter>
    <Filter Include="YokosukaEngine\Include\Func\LoadTexture">
      <UniqueIdentifier>{befbc56e-805e-4238-8f6c-8221456463b3}</UniqueIdentifier>
    </Filter>
    <Filter Include="YokosukaEngine\Include\Math">
      <UniqueIdentifier>{a602ed82-23f2-450d-b538-5b2969e1d3ff}</UniqueIdentifier>
    </Filter>
    <Filter Include="YokosukaEngine\Include\Math\Vector4">
      <UniqueIdentifier>{a9e033a4-c3ad-40eb-ba63-32310a06d60e}</UniqueIdentifier>
    </Filter>
    <Filter Include="YokosukaEngine\Include\Math\Vector3">
      <UniqueIdentifier>{69d0549d-0fc3-4590-9f9d-20970e02de42}</UniqueIdentifier>
    </Filter>
    <Filter Include="YokosukaEngine\Include\Math\Vector2">
      <UniqueIdentifier>{99c3e253-dc01-48e3-983f-99b1e15cef84}</UniqueIdentifier>
    </Filter>
    <Filter Include="YokosukaEngine\Include\Math\Matrix4x4">
      <UniqueIdentifier>{dc3453f5-0e6c-41c4-957a-158b2c1790f4}</UniqueIdentifier>
    </Filter>
    <Filter Include="YokosukaEngine\Include\Draw">
      <UniqueIdentifier>{51abd248-96e2-4d67-9cf5-1866579b5f8a}</UniqueIdentifier>
    </Filter>
    <Filter Include="YokosukaEngine\Include\Draw\DirectXShaderCompiler">
      <UniqueIdentifier>{8ee6ed87-991c-4530-bc1a-3cb0e601ffed}</UniqueIdentifier>
    </Filter>
    <Filter Include="YokosukaEngine\Include\Draw\VertexData">
      <UniqueIdentifier>{ba767dc2-fe49-4c71-be73-7557dc28dd6c}</UniqueIdentifier>
    </Filter>
    <Filter Include="YokosukaEngine\Include\Camera">
      <UniqueIdentifier>{4a0f5a13-0393-4b83-921d-1d85c54c21aa}</UniqueIdentifier>
    </Filter>
    <Filter Include="YokosukaEngine\Include\Camera\Camera2D">
      <UniqueIdentifier>{0fa3084d-05f3-40c8-b998-65d3ac279a75}</UniqueIdentifier>
    </Filter>
    <Filter Include="YokosukaEngine\Include\Camera\Camera3D">
      <UniqueIdentifier>{ff4ad4b2-1b77-4c49-8738-c6dbc249d5ea}</UniqueIdentifier>
    </Filter>
    <Filter Include="YokosukaEngine\Shader">
      <UniqueIdentifier>{91f9c939-f6d7-4787-9c6e-163365da9404}</UniqueIdentifier>
    </Filter>
    <Filter Include="YokosukaEngine\Include\Draw\Material">
      <UniqueIdentifier>{c3c891ee-7eb1-451b-a528-3a2c008e7c31}</UniqueIdentifier>
    </Filter>
    <Filter Include="YokosukaEngine\Include\Draw\WorldTransformationMatrix">
      <UniqueIdentifier>{9e0f4b29-8f78-4631-8b84-45bf8a593c3e}</UniqueIdentifier>
    </Filter>
    <Filter Include="YokosukaEngine\Include\Func\LoadModelData">
      <UniqueIdentifier>{aaefeee9-b573-42b0-944a-bbb846a5daa5}</UniqueIdentifier>
    </Filter>
    <Filter Include="YokosukaEngine\Include\Func\LoadMaterialData">
      <UniqueIdentifier>{fa85f681-fec0-4e24-910a-173b675fd85a}</UniqueIdentifier>
    </Filter>
    <Filter Include="YokosukaEngine\Include\Base\Input">
      <UniqueIdentifier>{43abeb0e-7683-4ca5-af89-8370d34c953a}</UniqueIdentifier>
    </Filter>
    <Filter Include="YokosukaEngine\Include\PipelineStateObject">
      <UniqueIdentifier>{7bcc6cd4-dff3-4082-bc8c-d2288b789cd0}</UniqueIdentifier>
    </Filter>
    <Filter Include="YokosukaEngine\Include\PipelineStateObject\Object3d">
      <UniqueIdentifier>{6b6f304b-d6a2-4a5a-8207-f03bf33e5c2c}</UniqueIdentifier>
    </Filter>
    <Filter Include="YokosukaEngine\Include\PipelineStateObject\Particle">
      <UniqueIdentifier>{9f1fd4ea-5119-4eca-bd51-d1f4a48dd03c}</UniqueIdentifier>
    </Filter>
    <Filter Include="YokosukaEngine\Include\PipelineStateObject\Object3d\BlendAdd">
      <UniqueIdentifier>{ea2bc7da-e77b-4db4-8a66-747b0be2a717}</UniqueIdentifier>
    </Filter>
    <Filter Include="YokosukaEngine\Include\PipelineStateObject\Object3d\BlendMultiply">
      <UniqueIdentifier>{c94afd5f-82c6-4a3a-8f4a-66d42e499b7e}</UniqueIdentifier>
    </Filter>
    <Filter Include="YokosukaEngine\Include\PipelineStateObject\Object3d\BlendNone">
      <UniqueIdentifier>{0708d84c-dc58-4cbd-bc1b-edb66cd227e1}</UniqueIdentifier>
    </Filter>
    <Filter Include="YokosukaEngine\Include\PipelineStateObject\Object3d\BlendNormal">
      <UniqueIdentifier>{eebb4e39-c71e-439d-9153-fd79feaef626}</UniqueIdentifier>
    </Filter>
    <Filter Include="YokosukaEngine\Include\PipelineStateObject\Object3d\BlendScreen">
      <UniqueIdentifier>{ac83da9b-6fc7-44a5-83d2-61b353316801}</UniqueIdentifier>
    </Filter>
    <Filter Include="YokosukaEngine\Include\PipelineStateObject\Object3d\BlendSubtract">
      <UniqueIdentifier>{97ae0498-9c9d-4f83-a7a3-7ac745ccfbf2}</UniqueIdentifier>
    </Filter>
    <Filter Include="YokosukaEngine\Include\PipelineStateObject\Particle\BlendNormal">
      <UniqueIdentifier>{baddb874-6c77-4ffd-8243-52e6e782b486}</UniqueIdentifier>
    </Filter>
    <Filter Include="YokosukaEngine\Include\Math\Transform3D">
      <UniqueIdentifier>{661d76fa-774d-4f5f-99ba-421e5e1f6763}</UniqueIdentifier>
    </Filter>
    <Filter Include="YokosukaEngine\Include\PipelineStateObject\Particle\BlendAdd">
      <UniqueIdentifier>{36781d30-4d3d-486c-83e8-3596c79ab7a5}</UniqueIdentifier>
    </Filter>
    <Filter Include="YokosukaEngine\Include\PipelineStateObject\Particle\BlendNone">
      <UniqueIdentifier>{bc1cff5c-4d4e-4503-8b5d-04b857449f41}</UniqueIdentifier>
    </Filter>
    <Filter Include="YokosukaEngine\Include\PipelineStateObject\Particle\BlendSubtract">
      <UniqueIdentifier>{047cd924-44cb-44c1-9453-80a778531623}</UniqueIdentifier>
    </Filter>
    <Filter Include="YokosukaEngine\Include\PipelineStateObject\Particle\BlendMultiply">
      <UniqueIdentifier>{fb6fb3fa-4147-44ee-9cf5-e1b491c88be0}</UniqueIdentifier>
    </Filter>
    <Filter Include="YokosukaEngine\Include\PipelineStateObject\Particle\BlendScreen">
      <UniqueIdentifier>{f591ef5d-f467-4308-a94e-8b620c409326}</UniqueIdentifier>
    </Filter>
    <Filter Include="YokosukaEngine\Include\Func\Collision">
      <UniqueIdentifier>{6f8fbd5a-7514-402f-ab47-270658511e4b}</UniqueIdentifier>
    </Filter>
    <Filter Include="YokosukaEngine\Include\Light">
      <UniqueIdentifier>{5dbb1ae0-aaf6-4aba-b688-77611cd3a83e}</UniqueIdentifier>
    </Filter>
    <Filter Include="YokosukaEngine\Include\Light\DirectionalLight">
      <UniqueIdentifier>{bfcf7414-fa9e-4787-aa27-ad425d97b641}</UniqueIdentifier>
    </Filter>
    <Filter Include="YokosukaEngine\Include\Light\PointLight">
      <UniqueIdentifier>{e35e0be4-d6f7-4ba2-8bec-5ffd6bebf038}</UniqueIdentifier>
    </Filter>
    <Filter Include="YokosukaEngine\Include\Light\SpotLight">
      <UniqueIdentifier>{d0237a7e-8f34-4bad-a890-306b1c05ff5a}</UniqueIdentifier>
    </Filter>
    <Filter Include="Game">
      <UniqueIdentifier>{8805619e-f798-46ef-b3f5-19d33281b017}</UniqueIdentifier>
    </Filter>
    <Filter Include="YokosukaEngine\Include\Transform">
      <UniqueIdentifier>{dd26c87e-8376-41ef-bf0b-1ad025d0d7c5}</UniqueIdentifier>
    </Filter>
    <Filter Include="YokosukaEngine\Include\Transform\WorldTransform">
      <UniqueIdentifier>{708f4c9d-91e3-4c78-b894-63d0ea0d2985}</UniqueIdentifier>
    </Filter>
    <Filter Include="YokosukaEngine\Include\Transform\UvTransform">
      <UniqueIdentifier>{c67260fd-7ab3-4043-9756-0f3500a5400d}</UniqueIdentifier>
    </Filter>
    <Filter Include="YokosukaEngine\Include\PipelineStateObject\Line3d">
      <UniqueIdentifier>{87972e88-be92-4dd9-bf6c-efcf1e39dd58}</UniqueIdentifier>
    </Filter>
    <Filter Include="YokosukaEngine\Include\PipelineStateObject\Line3d\BlendNormal">
      <UniqueIdentifier>{4211becd-ef13-4b44-b6ac-74106777c565}</UniqueIdentifier>
    </Filter>
    <Filter Include="YokosukaEngine\Include\Shape">
      <UniqueIdentifier>{fdc25f05-c106-4c72-ba7e-1b8427b1fc4a}</UniqueIdentifier>
    </Filter>
    <Filter Include="YokosukaEngine\Include\Shape\AABB">
      <UniqueIdentifier>{f1fde6df-22b7-43a5-9168-f5293c45b5d1}</UniqueIdentifier>
    </Filter>
    <Filter Include="YokosukaEngine\Include\Shape\Sphere">
      <UniqueIdentifier>{f597cb5f-6f2e-4ff1-92d1-886941437032}</UniqueIdentifier>
    </Filter>
    <Filter Include="YokosukaEngine\Include\ParticleEffect">
      <UniqueIdentifier>{3774c7a6-44ab-4d58-9a2d-3bc3c82b31e4}</UniqueIdentifier>
    </Filter>
    <Filter Include="YokosukaEngine\Include\ParticleEffect\Particle">
      <UniqueIdentifier>{adb730a0-6ec8-4852-a470-d280d8b77eab}</UniqueIdentifier>
    </Filter>
    <Filter Include="YokosukaEngine\Include\ParticleEffect\Emitter">
      <UniqueIdentifier>{02b13603-4d9f-4182-8c22-34b9400cbb85}</UniqueIdentifier>
    </Filter>
    <Filter Include="YokosukaEngine\Include\ParticleEffect\Feild">
      <UniqueIdentifier>{85ff0990-6f27-4eb4-b894-8dbc83bb39e5}</UniqueIdentifier>
    </Filter>
    <Filter Include="YokosukaEngine\Include\PipelineStateObject\Line3d\BlendNone">
      <UniqueIdentifier>{dcda4814-3aeb-458b-8a94-6fb4c997a847}</UniqueIdentifier>
    </Filter>
    <Filter Include="YokosukaEngine\Include\PipelineStateObject\Line3d\BlendAdd">
      <UniqueIdentifier>{ec0845f1-1511-42b9-964c-68fba41595bc}</UniqueIdentifier>
    </Filter>
    <Filter Include="YokosukaEngine\Include\PipelineStateObject\Line3d\BlendSubtract">
      <UniqueIdentifier>{3baf2808-7759-43ed-983d-127df81f0598}</UniqueIdentifier>
    </Filter>
    <Filter Include="YokosukaEngine\Include\PipelineStateObject\Line3d\BlendMultiply">
      <UniqueIdentifier>{edbed98e-69e1-406a-81a6-d38375ef2083}</UniqueIdentifier>
    </Filter>
    <Filter Include="YokosukaEngine\Include\PipelineStateObject\Line3d\BlendScreen">
      <UniqueIdentifier>{8b1135a1-7d1b-42f7-8f84-6f03b0da6ebf}</UniqueIdentifier>
    </Filter>
    <Filter Include="YokosukaEngine\Include\Math\Vector1">
      <UniqueIdentifier>{19adbe13-7f58-4788-8516-0992f76d5b47}</UniqueIdentifier>
    </Filter>
    <Filter Include="Game\GameScene">
      <UniqueIdentifier>{2f8ebca4-51e1-4e9c-a2b4-4f61c48cbd2b}</UniqueIdentifier>
    </Filter>
    <Filter Include="YokosukaEngine\Include\Store">
      <UniqueIdentifier>{7d8dbd18-f07f-4b39-a544-a0a2a1df9ade}</UniqueIdentifier>
    </Filter>
    <Filter Include="YokosukaEngine\Include\Store\AudioStore">
      <UniqueIdentifier>{a286df51-8447-483b-9dbe-996c19ab367f}</UniqueIdentifier>
    </Filter>
    <Filter Include="YokosukaEngine\Include\Store\ModelDataStore">
      <UniqueIdentifier>{1470573c-2aa7-4ace-be04-4b9019740360}</UniqueIdentifier>
    </Filter>
    <Filter Include="YokosukaEngine\Include\Store\TextureStore">
      <UniqueIdentifier>{be21ca6b-1e3d-40a4-ae09-3c5386f1e0b3}</UniqueIdentifier>
    </Filter>
    <Filter Include="YokosukaEngine\Include\Shape\OBB">
      <UniqueIdentifier>{efbbef7d-2d8f-42cf-ada8-b9ef04ffdf21}</UniqueIdentifier>
    </Filter>
    <Filter Include="YokosukaEngine\Include\Shape\Line">
      <UniqueIdentifier>{67670c6e-bb11-4ce7-857b-610d91f4cf91}</UniqueIdentifier>
    </Filter>
    <Filter Include="YokosukaEngine\Include\Math\Matrix3x3">
      <UniqueIdentifier>{497797df-8293-4128-8d83-6bc41f0dff45}</UniqueIdentifier>
    </Filter>
    <Filter Include="YokosukaEngine\Include\PipelineStateObject\Primitive">
      <UniqueIdentifier>{76684d38-82c7-4b10-90fc-57a89cf4bfa2}</UniqueIdentifier>
    </Filter>
    <Filter Include="YokosukaEngine\Include\PipelineStateObject\Primitive\BlendAdd">
      <UniqueIdentifier>{10185e20-a4b2-4747-ba07-22bfc3ae87b5}</UniqueIdentifier>
    </Filter>
    <Filter Include="YokosukaEngine\Include\PipelineStateObject\Primitive\BlendNone">
      <UniqueIdentifier>{a5514b04-9c81-49c5-b8ee-65ef78485352}</UniqueIdentifier>
    </Filter>
    <Filter Include="YokosukaEngine\Include\PipelineStateObject\Primitive\BlendNormal">
      <UniqueIdentifier>{e0f6cb14-1dd9-426e-9007-b3642b5ea381}</UniqueIdentifier>
    </Filter>
    <Filter Include="YokosukaEngine\Include\PipelineStateObject\Primitive\BlendScreen">
      <UniqueIdentifier>{9eeb8fb0-0bad-40a6-8cd4-cda032439abf}</UniqueIdentifier>
    </Filter>
    <Filter Include="YokosukaEngine\Include\PipelineStateObject\Primitive\BlendSubtract">
      <UniqueIdentifier>{37706916-39f8-461f-8576-1e1987af0b71}</UniqueIdentifier>
    </Filter>
    <Filter Include="YokosukaEngine\Include\PipelineStateObject\Primitive\BlendMultiply">
      <UniqueIdentifier>{2c00e768-09b4-47ca-85b4-92b9f63831f4}</UniqueIdentifier>
    </Filter>
    <Filter Include="YokosukaEngine\Include\PipelineStateObject\PostEffect">
      <UniqueIdentifier>{f6b3af59-8068-4580-8ac6-c138352ee212}</UniqueIdentifier>
    </Filter>
    <Filter Include="YokosukaEngine\Include\PipelineStateObject\PostEffect\CopyImage">
      <UniqueIdentifier>{60f7a3af-903c-4a2f-a157-461116a7547e}</UniqueIdentifier>
    </Filter>
    <Filter Include="YokosukaEngine\Include\PipelineStateObject\PostEffect\GrayScale">
      <UniqueIdentifier>{6d13bea3-7c7d-4a70-8b86-904213ebac8c}</UniqueIdentifier>
    </Filter>
    <Filter Include="YokosukaEngine\Include\PipelineStateObject\PostEffect\Sepia">
      <UniqueIdentifier>{6b7b4b0c-ee7d-435d-802c-0f8e32c0ea4e}</UniqueIdentifier>
    </Filter>
    <Filter Include="YokosukaEngine\Include\PipelineStateObject\PostEffect\Vignette">
      <UniqueIdentifier>{f7cd262a-34be-4cc2-88d3-507195649619}</UniqueIdentifier>
    </Filter>
    <Filter Include="YokosukaEngine\Include\PipelineStateObject\PostEffect\Smoothing">
      <UniqueIdentifier>{2e4c4cec-7805-40f3-8c10-62e08996476b}</UniqueIdentifier>
    </Filter>
    <Filter Include="YokosukaEngine\Include\PipelineStateObject\PostEffect\GaussianFilter">
      <UniqueIdentifier>{9ab71e68-a266-41c1-b44a-59774566665a}</UniqueIdentifier>
    </Filter>
    <Filter Include="YokosukaEngine\Include\PipelineStateObject\PostEffect\LuminanceBaseOutline">
      <UniqueIdentifier>{fbd35f31-1439-4d41-ade6-1bc3c1d24320}</UniqueIdentifier>
    </Filter>
    <Filter Include="YokosukaEngine\Shader\Object3d">
      <UniqueIdentifier>{f16bbf17-e0e7-4662-be7b-6c0f4dc6e94c}</UniqueIdentifier>
    </Filter>
    <Filter Include="YokosukaEngine\Shader\Particle">
      <UniqueIdentifier>{a098492c-8d0c-40c1-894b-957d1e35efa8}</UniqueIdentifier>
    </Filter>
    <Filter Include="YokosukaEngine\Shader\Line3d">
      <UniqueIdentifier>{75b52974-4466-4f09-b825-5a1a70d64be8}</UniqueIdentifier>
    </Filter>
    <Filter Include="YokosukaEngine\Shader\Primitive">
      <UniqueIdentifier>{0b659d91-29d5-4892-ae67-1191c7eaae8b}</UniqueIdentifier>
    </Filter>
    <Filter Include="YokosukaEngine\Shader\PostEffect">
      <UniqueIdentifier>{bf752d2d-0329-49e7-86be-733f5816a111}</UniqueIdentifier>
    </Filter>
    <Filter Include="YokosukaEngine\Include\PipelineStateObject\PostEffect\DepthBaseOutline">
      <UniqueIdentifier>{a68f04e5-d0ef-4866-ac27-4765abb237c1}</UniqueIdentifier>
    </Filter>
    <Filter Include="YokosukaEngine\Include\Math\Transform2D">
      <UniqueIdentifier>{687c72bf-614e-4a04-9a0f-0b008fb64cc2}</UniqueIdentifier>
    </Filter>
    <Filter Include="YokosukaEngine\Include\Transform\WorldTransform2D">
      <UniqueIdentifier>{41212535-d26f-48d9-ac7a-d6c8a4491b5f}</UniqueIdentifier>
    </Filter>
    <Filter Include="Game\GameScene\Player">
      <UniqueIdentifier>{72fd857f-515e-4b32-8d13-f93ce03e2d61}</UniqueIdentifier>
    </Filter>
    <Filter Include="Game\GameScene\Skydome">
      <UniqueIdentifier>{9f1d50d8-4b34-4ef6-8df0-48713bd1fd62}</UniqueIdentifier>
    </Filter>
    <Filter Include="Game\GameScene\BasePlayerBullet">
      <UniqueIdentifier>{8a206c1e-e9fb-47ce-8c9d-643857a12ba4}</UniqueIdentifier>
    </Filter>
    <Filter Include="Game\GameScene\BasePlayerBullet\PlayerBulletWeek">
      <UniqueIdentifier>{d921a83e-b455-418e-8aad-171a52b8246c}</UniqueIdentifier>
    </Filter>
    <Filter Include="Game\GameScene\BasePlayerBullet\PlayerBulletStrong">
      <UniqueIdentifier>{0a5f6acf-694f-45b1-976d-11eee3c83fe2}</UniqueIdentifier>
    </Filter>
    <Filter Include="Game\GameScene\StageObject">
      <UniqueIdentifier>{e8d4c779-a15b-4bfe-b6b5-2c3883602dba}</UniqueIdentifier>
    </Filter>
    <Filter Include="YokosukaEngine\Include\Draw\PostEffect">
      <UniqueIdentifier>{e7c2c1c3-339c-41c0-88a3-95a630e6c554}</UniqueIdentifier>
    </Filter>
    <Filter Include="YokosukaEngine\Include\PipelineStateObject\PostEffect\BrightnessExtraction">
      <UniqueIdentifier>{9c0f8638-75ef-4c3e-9d00-c43932b0b916}</UniqueIdentifier>
    </Filter>
    <Filter Include="YokosukaEngine\Include\PipelineStateObject\PostEffect\Hide">
      <UniqueIdentifier>{b088448d-245f-4fec-80ed-a13ec1f08f21}</UniqueIdentifier>
    </Filter>
    <Filter Include="YokosukaEngine\Include\PipelineStateObject\CopyImage">
      <UniqueIdentifier>{7da05fff-1b36-45b3-bfff-3b6a7f774453}</UniqueIdentifier>
    </Filter>
    <Filter Include="YokosukaEngine\Include\PipelineStateObject\CopyImage\BlendAdd">
      <UniqueIdentifier>{43eebe25-3abe-4a22-be57-49f3bfa7d141}</UniqueIdentifier>
    </Filter>
    <Filter Include="YokosukaEngine\Include\PipelineStateObject\CopyImage\BlendNone">
      <UniqueIdentifier>{ec44b8e7-199c-4459-b50f-a52f6dacc2d7}</UniqueIdentifier>
    </Filter>
    <Filter Include="YokosukaEngine\Include\PipelineStateObject\CopyImage\BlendNormal">
      <UniqueIdentifier>{2a504130-15a3-4214-9a3b-a15f351bf115}</UniqueIdentifier>
    </Filter>
    <Filter Include="YokosukaEngine\Include\PipelineStateObject\CopyImage\BlendMultiply">
      <UniqueIdentifier>{d1fc5d65-7fef-4ace-b692-7643680e0229}</UniqueIdentifier>
    </Filter>
    <Filter Include="YokosukaEngine\Include\PipelineStateObject\CopyImage\BlendScreen">
      <UniqueIdentifier>{99d9f7e9-71fa-4608-8658-768cc309089f}</UniqueIdentifier>
    </Filter>
    <Filter Include="YokosukaEngine\Include\PipelineStateObject\CopyImage\BlendSubtract">
      <UniqueIdentifier>{1f869a60-9572-4938-8759-71b6d55eae69}</UniqueIdentifier>
    </Filter>
  </ItemGroup>
  <ItemGroup>
    <ClCompile Include="main.cpp">
      <Filter>ソース ファイル</Filter>
    </ClCompile>
    <ClCompile Include="YokosukaEngine\Include\YokosukaEngine.cpp">
      <Filter>YokosukaEngine\Include</Filter>
    </ClCompile>
    <ClCompile Include="YokosukaEngine\Include\Base\WinApp\WinApp.cpp">
      <Filter>YokosukaEngine\Include\Base\WinApp</Filter>
    </ClCompile>
    <ClCompile Include="YokosukaEngine\Include\Func\String\String.cpp">
      <Filter>YokosukaEngine\Include\Func\String</Filter>
    </ClCompile>
    <ClCompile Include="YokosukaEngine\Include\Base\OutputLog\OutputLog.cpp">
      <Filter>YokosukaEngine\Include\Base\OutputLog</Filter>
    </ClCompile>
    <ClCompile Include="YokosukaEngine\Include\Base\DirectXCommon\DirectXCommon.cpp">
      <Filter>YokosukaEngine\Include\Base\DirectXCommon</Filter>
    </ClCompile>
    <ClCompile Include="YokosukaEngine\Include\Math\Vector4\Vector4.cpp">
      <Filter>YokosukaEngine\Include\Math\Vector4</Filter>
    </ClCompile>
    <ClCompile Include="YokosukaEngine\Include\Draw\DirectXShaderCompiler\DirectXShaderCompiler.cpp">
      <Filter>YokosukaEngine\Include\Draw\DirectXShaderCompiler</Filter>
    </ClCompile>
    <ClCompile Include="YokosukaEngine\Include\PipelineStateObject\Object3d\BlendNormal\Object3dBlendNormal.cpp">
      <Filter>YokosukaEngine\Include\PipelineStateObject\Object3d\BlendNormal</Filter>
    </ClCompile>
    <ClCompile Include="YokosukaEngine\Include\Math\Vector3\Vector3.cpp">
      <Filter>YokosukaEngine\Include\Math\Vector3</Filter>
    </ClCompile>
    <ClCompile Include="YokosukaEngine\Include\Math\Vector2\Vector2.cpp">
      <Filter>YokosukaEngine\Include\Math\Vector2</Filter>
    </ClCompile>
    <ClCompile Include="YokosukaEngine\Include\Math\Matrix4x4\Matrix4x4.cpp">
      <Filter>YokosukaEngine\Include\Math\Matrix4x4</Filter>
    </ClCompile>
    <ClCompile Include="YokosukaEngine\Include\Transform\WorldTransform\WorldTransform.cpp">
      <Filter>YokosukaEngine\Include\Transform\WorldTransform</Filter>
    </ClCompile>
    <ClCompile Include="Externals\ImGui\imgui.cpp">
      <Filter>Externals\ImGui</Filter>
    </ClCompile>
    <ClCompile Include="Externals\ImGui\imgui_demo.cpp">
      <Filter>Externals\ImGui</Filter>
    </ClCompile>
    <ClCompile Include="Externals\ImGui\imgui_draw.cpp">
      <Filter>Externals\ImGui</Filter>
    </ClCompile>
    <ClCompile Include="Externals\ImGui\imgui_impl_dx12.cpp">
      <Filter>Externals\ImGui</Filter>
    </ClCompile>
    <ClCompile Include="Externals\ImGui\imgui_impl_win32.cpp">
      <Filter>Externals\ImGui</Filter>
    </ClCompile>
    <ClCompile Include="Externals\ImGui\imgui_tables.cpp">
      <Filter>Externals\ImGui</Filter>
    </ClCompile>
    <ClCompile Include="Externals\ImGui\imgui_widgets.cpp">
      <Filter>Externals\ImGui</Filter>
    </ClCompile>
    <ClCompile Include="YokosukaEngine\Include\Func\LoadTexture\LoadTexture.cpp">
      <Filter>YokosukaEngine\Include\Func\LoadTexture</Filter>
    </ClCompile>
    <ClCompile Include="YokosukaEngine\Include\Store\TextureStore\TextureStore.cpp">
      <Filter>YokosukaEngine\Include\Store\TextureStore</Filter>
    </ClCompile>
    <ClCompile Include="YokosukaEngine\Include\Draw\VertexData\VertexData.cpp">
      <Filter>YokosukaEngine\Include\Draw\VertexData</Filter>
    </ClCompile>
    <ClCompile Include="YokosukaEngine\Include\Camera\Camera2D\Camera2D.cpp">
      <Filter>YokosukaEngine\Include\Camera\Camera2D</Filter>
    </ClCompile>
    <ClCompile Include="YokosukaEngine\Include\Camera\Camera3D\Camera3D.cpp">
      <Filter>YokosukaEngine\Include\Camera\Camera3D</Filter>
    </ClCompile>
    <ClCompile Include="YokosukaEngine\Include\Draw\Material\Material.cpp">
      <Filter>YokosukaEngine\Include\Draw\Material</Filter>
    </ClCompile>
    <ClCompile Include="YokosukaEngine\Include\Draw\TransformationMatrix\TransformationMatrix.cpp">
      <Filter>YokosukaEngine\Include\Draw\WorldTransformationMatrix</Filter>
    </ClCompile>
    <ClCompile Include="YokosukaEngine\Include\Light\DirectionalLight\DirectionalLight.cpp">
      <Filter>YokosukaEngine\Include\Light\DirectionalLight</Filter>
    </ClCompile>
    <ClCompile Include="YokosukaEngine\Include\Func\LoadModelData\LoadModelData.cpp">
      <Filter>YokosukaEngine\Include\Func\LoadModelData</Filter>
    </ClCompile>
    <ClCompile Include="YokosukaEngine\Include\Store\ModelDataStore\ModelDataStore.cpp">
      <Filter>YokosukaEngine\Include\Store\ModelDataStore</Filter>
    </ClCompile>
    <ClCompile Include="YokosukaEngine\Include\Func\LoadMaterialData\LoadMaterialData.cpp">
      <Filter>YokosukaEngine\Include\Func\LoadMaterialData</Filter>
    </ClCompile>
    <ClCompile Include="YokosukaEngine\Include\Base\Input\Input.cpp">
      <Filter>YokosukaEngine\Include\Base\Input</Filter>
    </ClCompile>
    <ClCompile Include="YokosukaEngine\Include\Store\AudioStore\AudioStore.cpp">
      <Filter>YokosukaEngine\Include\Store\AudioStore</Filter>
    </ClCompile>
    <ClCompile Include="YokosukaEngine\Include\PipelineStateObject\Object3d\BlendNone\Object3dBlendNone.cpp">
      <Filter>YokosukaEngine\Include\PipelineStateObject\Object3d\BlendNone</Filter>
    </ClCompile>
    <ClCompile Include="YokosukaEngine\Include\PipelineStateObject\Object3d\BlendAdd\Object3dBlendAdd.cpp">
      <Filter>YokosukaEngine\Include\PipelineStateObject\Object3d\BlendAdd</Filter>
    </ClCompile>
    <ClCompile Include="YokosukaEngine\Include\PipelineStateObject\Object3d\BlendSubtract\Object3dBlendSubtract.cpp">
      <Filter>YokosukaEngine\Include\PipelineStateObject\Object3d\BlendSubtract</Filter>
    </ClCompile>
    <ClCompile Include="YokosukaEngine\Include\PipelineStateObject\Object3d\BlendMultiply\Object3dBlendMultiply.cpp">
      <Filter>YokosukaEngine\Include\PipelineStateObject\Object3d\BlendMultiply</Filter>
    </ClCompile>
    <ClCompile Include="YokosukaEngine\Include\PipelineStateObject\Object3d\BlendScreen\Object3dBlendScreen.cpp">
      <Filter>YokosukaEngine\Include\PipelineStateObject\Object3d\BlendScreen</Filter>
    </ClCompile>
    <ClCompile Include="YokosukaEngine\Include\PipelineStateObject\Object3d\BaseObject3d.cpp">
      <Filter>YokosukaEngine\Include\PipelineStateObject\Object3d</Filter>
    </ClCompile>
    <ClCompile Include="YokosukaEngine\Include\PipelineStateObject\Particle\BaseParticle.cpp">
      <Filter>YokosukaEngine\Include\PipelineStateObject\Particle</Filter>
    </ClCompile>
    <ClCompile Include="YokosukaEngine\Include\PipelineStateObject\Particle\BlendNormal\ParticleBlendNormal.cpp">
      <Filter>YokosukaEngine\Include\PipelineStateObject\Particle\BlendNormal</Filter>
    </ClCompile>
    <ClCompile Include="YokosukaEngine\Include\Math\Transform3D\Transform3D.cpp">
      <Filter>YokosukaEngine\Include\Math\Transform3D</Filter>
    </ClCompile>
    <ClCompile Include="YokosukaEngine\Include\ParticleEffect\Particle\Particle.cpp">
      <Filter>YokosukaEngine\Include\ParticleEffect\Particle</Filter>
    </ClCompile>
    <ClCompile Include="YokosukaEngine\Include\PipelineStateObject\Particle\BlendAdd\ParticleBlendAdd.cpp">
      <Filter>YokosukaEngine\Include\PipelineStateObject\Particle\BlendAdd</Filter>
    </ClCompile>
    <ClCompile Include="YokosukaEngine\Include\PipelineStateObject\Particle\BlendNone\ParticleBlendNone.cpp">
      <Filter>YokosukaEngine\Include\PipelineStateObject\Particle\BlendNone</Filter>
    </ClCompile>
    <ClCompile Include="YokosukaEngine\Include\PipelineStateObject\Particle\BlendSubtract\ParticleBlendSubtract.cpp">
      <Filter>YokosukaEngine\Include\PipelineStateObject\Particle\BlendSubtract</Filter>
    </ClCompile>
    <ClCompile Include="YokosukaEngine\Include\PipelineStateObject\Particle\BlendMultiply\ParticleBlendMultiply.cpp">
      <Filter>YokosukaEngine\Include\PipelineStateObject\Particle\BlendMultiply</Filter>
    </ClCompile>
    <ClCompile Include="YokosukaEngine\Include\PipelineStateObject\Particle\BlendScreen\ParticleBlendScreen.cpp">
      <Filter>YokosukaEngine\Include\PipelineStateObject\Particle\BlendScreen</Filter>
    </ClCompile>
    <ClCompile Include="YokosukaEngine\Include\Shape\AABB\AABB.cpp">
      <Filter>YokosukaEngine\Include\Shape\AABB</Filter>
    </ClCompile>
    <ClCompile Include="YokosukaEngine\Include\Func\Collision\Collision.cpp">
      <Filter>YokosukaEngine\Include\Func\Collision</Filter>
    </ClCompile>
    <ClCompile Include="YokosukaEngine\Include\Light\SpotLight\SpotLight.cpp">
      <Filter>YokosukaEngine\Include\Light\SpotLight</Filter>
    </ClCompile>
    <ClCompile Include="YokosukaEngine\Include\Light\PointLight\PointLight.cpp">
      <Filter>YokosukaEngine\Include\Light\PointLight</Filter>
    </ClCompile>
    <ClCompile Include="Game\Game.cpp">
      <Filter>Game</Filter>
    </ClCompile>
    <ClCompile Include="YokosukaEngine\Include\Transform\UvTransform\UvTransform.cpp">
      <Filter>YokosukaEngine\Include\Transform\UvTransform</Filter>
    </ClCompile>
    <ClCompile Include="YokosukaEngine\Include\PipelineStateObject\Line3d\BaseLine3d.cpp">
      <Filter>YokosukaEngine\Include\PipelineStateObject\Line3d</Filter>
    </ClCompile>
    <ClCompile Include="YokosukaEngine\Include\PipelineStateObject\Line3d\BlendNormal\Line3dBlendNormal.cpp">
      <Filter>YokosukaEngine\Include\PipelineStateObject\Line3d\BlendNormal</Filter>
    </ClCompile>
    <ClCompile Include="YokosukaEngine\Include\Shape\Sphere\Sphere.cpp">
      <Filter>YokosukaEngine\Include\Shape\Sphere</Filter>
    </ClCompile>
    <ClCompile Include="YokosukaEngine\Include\ParticleEffect\Emitter\Emitter.cpp">
      <Filter>YokosukaEngine\Include\ParticleEffect\Emitter</Filter>
    </ClCompile>
    <ClCompile Include="YokosukaEngine\Include\ParticleEffect\Feild\Feild.cpp">
      <Filter>YokosukaEngine\Include\ParticleEffect\Feild</Filter>
    </ClCompile>
    <ClCompile Include="YokosukaEngine\Include\PipelineStateObject\Line3d\BlendNone\Line3dBlendNone.cpp">
      <Filter>YokosukaEngine\Include\PipelineStateObject\Line3d\BlendNone</Filter>
    </ClCompile>
    <ClCompile Include="YokosukaEngine\Include\PipelineStateObject\Line3d\BlendAdd\Line3dBlendAdd.cpp">
      <Filter>YokosukaEngine\Include\PipelineStateObject\Line3d\BlendAdd</Filter>
    </ClCompile>
    <ClCompile Include="YokosukaEngine\Include\PipelineStateObject\Line3d\BlendSubtract\Line3dBlendSubtract.cpp">
      <Filter>YokosukaEngine\Include\PipelineStateObject\Line3d\BlendSubtract</Filter>
    </ClCompile>
    <ClCompile Include="YokosukaEngine\Include\PipelineStateObject\Line3d\BlendMultiply\Line3dBlendMultiply.cpp">
      <Filter>YokosukaEngine\Include\PipelineStateObject\Line3d\BlendMultiply</Filter>
    </ClCompile>
    <ClCompile Include="YokosukaEngine\Include\PipelineStateObject\Line3d\BlendScreen\Line3dBlendScreen.cpp">
      <Filter>YokosukaEngine\Include\PipelineStateObject\Line3d\BlendScreen</Filter>
    </ClCompile>
    <ClCompile Include="YokosukaEngine\Include\Math\Vector1\Vector1.cpp">
      <Filter>YokosukaEngine\Include\Math\Vector1</Filter>
    </ClCompile>
    <ClCompile Include="Game\GameScene\GameScene.cpp">
      <Filter>Game\GameScene</Filter>
    </ClCompile>
    <ClCompile Include="YokosukaEngine\Include\Math\Matrix3x3\Matrix3x3.cpp">
      <Filter>YokosukaEngine\Include\Math\Matrix3x3</Filter>
    </ClCompile>
    <ClCompile Include="YokosukaEngine\Include\PipelineStateObject\Primitive\BasePrimitive.cpp">
      <Filter>YokosukaEngine\Include\PipelineStateObject\Primitive</Filter>
    </ClCompile>
    <ClCompile Include="YokosukaEngine\Include\PipelineStateObject\Primitive\BlendNone\PrimitiveBlendNone.cpp">
      <Filter>YokosukaEngine\Include\PipelineStateObject\Primitive\BlendNone</Filter>
    </ClCompile>
    <ClCompile Include="YokosukaEngine\Include\PipelineStateObject\Primitive\BlendNormal\PrimitiveBlendNormal.cpp">
      <Filter>YokosukaEngine\Include\PipelineStateObject\Primitive\BlendNormal</Filter>
    </ClCompile>
    <ClCompile Include="YokosukaEngine\Include\PipelineStateObject\Primitive\BlendAdd\PrimitiveBlendAdd.cpp">
      <Filter>YokosukaEngine\Include\PipelineStateObject\Primitive\BlendAdd</Filter>
    </ClCompile>
    <ClCompile Include="YokosukaEngine\Include\PipelineStateObject\Primitive\BlendSubtract\PrimitiveBlendSubtract.cpp">
      <Filter>YokosukaEngine\Include\PipelineStateObject\Primitive\BlendSubtract</Filter>
    </ClCompile>
    <ClCompile Include="YokosukaEngine\Include\PipelineStateObject\Primitive\BlendMultiply\PrimitiveBlendMultiply.cpp">
      <Filter>YokosukaEngine\Include\PipelineStateObject\Primitive\BlendMultiply</Filter>
    </ClCompile>
    <ClCompile Include="YokosukaEngine\Include\PipelineStateObject\Primitive\BlendScreen\PrimitiveBlendScreen.cpp">
      <Filter>YokosukaEngine\Include\PipelineStateObject\Primitive\BlendScreen</Filter>
    </ClCompile>
    <ClCompile Include="YokosukaEngine\Include\PipelineStateObject\PostEffect\CopyImage\CopyImage.cpp">
      <Filter>YokosukaEngine\Include\PipelineStateObject\PostEffect\CopyImage</Filter>
    </ClCompile>
    <ClCompile Include="YokosukaEngine\Include\PipelineStateObject\PostEffect\GrayScale\GrayScale.cpp">
      <Filter>YokosukaEngine\Include\PipelineStateObject\PostEffect\GrayScale</Filter>
    </ClCompile>
    <ClCompile Include="YokosukaEngine\Include\PipelineStateObject\PostEffect\PostEffect.cpp">
      <Filter>YokosukaEngine\Include\PipelineStateObject\PostEffect</Filter>
    </ClCompile>
    <ClCompile Include="YokosukaEngine\Include\PipelineStateObject\PostEffect\Sepia\Sepia.cpp">
      <Filter>YokosukaEngine\Include\PipelineStateObject\PostEffect\Sepia</Filter>
    </ClCompile>
    <ClCompile Include="YokosukaEngine\Include\PipelineStateObject\PostEffect\Vignette\Vignette.cpp">
      <Filter>YokosukaEngine\Include\PipelineStateObject\PostEffect\Vignette</Filter>
    </ClCompile>
    <ClCompile Include="YokosukaEngine\Include\PipelineStateObject\PostEffect\Smoothing\Smoothing.cpp">
      <Filter>YokosukaEngine\Include\PipelineStateObject\PostEffect\Smoothing</Filter>
    </ClCompile>
    <ClCompile Include="YokosukaEngine\Include\PipelineStateObject\PostEffect\GaussianFillter\GaussianFilter.cpp">
      <Filter>YokosukaEngine\Include\PipelineStateObject\PostEffect\GaussianFilter</Filter>
    </ClCompile>
    <ClCompile Include="YokosukaEngine\Include\PipelineStateObject\PostEffect\LuminanceBaseOutline\LuminanceBaseOutline.cpp">
      <Filter>YokosukaEngine\Include\PipelineStateObject\PostEffect\LuminanceBaseOutline</Filter>
    </ClCompile>
    <ClCompile Include="YokosukaEngine\Include\PipelineStateObject\PostEffect\DepthBaseOutline\DepthBaseOutline.cpp">
      <Filter>YokosukaEngine\Include\PipelineStateObject\PostEffect\DepthBaseOutline</Filter>
    </ClCompile>
    <ClCompile Include="YokosukaEngine\Include\Math\Transform2D\Transform2D.cpp">
      <Filter>YokosukaEngine\Include\Math\Transform2D</Filter>
    </ClCompile>
    <ClCompile Include="YokosukaEngine\Include\Transform\WorldTransform2D\WorldTransform2D.cpp">
      <Filter>YokosukaEngine\Include\Transform\WorldTransform2D</Filter>
    </ClCompile>
    <ClCompile Include="Game\GameScene\Player\Player.cpp">
      <Filter>Game\GameScene\Player</Filter>
    </ClCompile>
    <ClCompile Include="Game\GameScene\Skydome\Skydome.cpp">
      <Filter>Game\GameScene\Skydome</Filter>
    </ClCompile>
    <ClCompile Include="Game\GameScene\BasePlayerBullet\BasePlayerBullet.cpp">
      <Filter>Game\GameScene\BasePlayerBullet</Filter>
    </ClCompile>
    <ClCompile Include="Game\GameScene\BasePlayerBullet\PlayerBulletWeek\PlayerBulletWeek.cpp">
      <Filter>Game\GameScene\BasePlayerBullet\PlayerBulletWeek</Filter>
    </ClCompile>
    <ClCompile Include="Game\GameScene\BasePlayerBullet\PlayerBulletStrong\PlayerBulletStrong.cpp">
      <Filter>Game\GameScene\BasePlayerBullet\PlayerBulletStrong</Filter>
    </ClCompile>
    <ClCompile Include="Game\GameScene\StageObject\StageObject.cpp">
      <Filter>Game\GameScene\StageObject</Filter>
    </ClCompile>
    <ClCompile Include="YokosukaEngine\Include\Draw\GPUforPostEffect\GPUforPostEffect.cpp">
      <Filter>YokosukaEngine\Include\Draw\PostEffect</Filter>
    </ClCompile>
    <ClCompile Include="YokosukaEngine\Include\PipelineStateObject\PostEffect\BrightnessExtraction\BrightnessExtraction.cpp">
      <Filter>YokosukaEngine\Include\PipelineStateObject\PostEffect\BrightnessExtraction</Filter>
    </ClCompile>
    <ClCompile Include="YokosukaEngine\Include\PipelineStateObject\PostEffect\Hide\Hide.cpp">
      <Filter>YokosukaEngine\Include\PipelineStateObject\PostEffect\Hide</Filter>
    </ClCompile>
    <ClCompile Include="YokosukaEngine\Include\PipelineStateObject\CopyImage\BaseCopyImage.cpp">
      <Filter>YokosukaEngine\Include\PipelineStateObject\CopyImage</Filter>
    </ClCompile>
    <ClCompile Include="YokosukaEngine\Include\PipelineStateObject\CopyImage\CopyImageBlendNone\CopyImageBlendNone.cpp">
      <Filter>YokosukaEngine\Include\PipelineStateObject\CopyImage\BlendNone</Filter>
    </ClCompile>
    <ClCompile Include="YokosukaEngine\Include\PipelineStateObject\CopyImage\CopyImageBlendNormal\CopyImageBlendNormal.cpp">
      <Filter>YokosukaEngine\Include\PipelineStateObject\CopyImage\BlendNormal</Filter>
    </ClCompile>
    <ClCompile Include="YokosukaEngine\Include\PipelineStateObject\CopyImage\CopyImageBlendAdd\CopyImageBlendAdd.cpp">
      <Filter>YokosukaEngine\Include\PipelineStateObject\CopyImage\BlendAdd</Filter>
    </ClCompile>
    <ClCompile Include="YokosukaEngine\Include\PipelineStateObject\CopyImage\CopyImageBlendSubtract\CopyImageBlendSubtract.cpp">
      <Filter>YokosukaEngine\Include\PipelineStateObject\CopyImage\BlendSubtract</Filter>
    </ClCompile>
    <ClCompile Include="YokosukaEngine\Include\PipelineStateObject\CopyImage\CopyImageBlendMultiply\CopyImageBlendMultiply.cpp">
      <Filter>YokosukaEngine\Include\PipelineStateObject\CopyImage\BlendMultiply</Filter>
    </ClCompile>
    <ClCompile Include="YokosukaEngine\Include\PipelineStateObject\CopyImage\CopyImageBlendScreen\CopyImageBlendScreen.cpp">
      <Filter>YokosukaEngine\Include\PipelineStateObject\CopyImage\BlendScreen</Filter>
    </ClCompile>
  </ItemGroup>
  <ItemGroup>
    <ClInclude Include="YokosukaEngine\Include\YokosukaEngine.h">
      <Filter>YokosukaEngine\Include</Filter>
    </ClInclude>
    <ClInclude Include="YokosukaEngine\Include\Base\WinApp\WinApp.h">
      <Filter>YokosukaEngine\Include\Base\WinApp</Filter>
    </ClInclude>
    <ClInclude Include="YokosukaEngine\Include\Func\String\String.h">
      <Filter>YokosukaEngine\Include\Func\String</Filter>
    </ClInclude>
    <ClInclude Include="YokosukaEngine\Include\Base\OutputLog\OutputLog.h">
      <Filter>YokosukaEngine\Include\Base\OutputLog</Filter>
    </ClInclude>
    <ClInclude Include="YokosukaEngine\Include\Base\DirectXCommon\DirectXCommon.h">
      <Filter>YokosukaEngine\Include\Base\DirectXCommon</Filter>
    </ClInclude>
    <ClInclude Include="YokosukaEngine\Include\Func\CrashHandler\CrashHandler.h">
      <Filter>YokosukaEngine\Include\Func\CrashHandler</Filter>
    </ClInclude>
    <ClInclude Include="YokosukaEngine\Include\Math\Vector4\Vector4.h">
      <Filter>YokosukaEngine\Include\Math\Vector4</Filter>
    </ClInclude>
    <ClInclude Include="YokosukaEngine\Include\Draw\DirectXShaderCompiler\DirectXShaderCompiler.h">
      <Filter>YokosukaEngine\Include\Draw\DirectXShaderCompiler</Filter>
    </ClInclude>
    <ClInclude Include="YokosukaEngine\Include\PipelineStateObject\Object3d\BlendNormal\Object3dBlendNormal.h">
      <Filter>YokosukaEngine\Include\PipelineStateObject\Object3d\BlendNormal</Filter>
    </ClInclude>
    <ClInclude Include="YokosukaEngine\Include\Math\Vector3\Vector3.h">
      <Filter>YokosukaEngine\Include\Math\Vector3</Filter>
    </ClInclude>
    <ClInclude Include="YokosukaEngine\Include\Math\Vector2\Vector2.h">
      <Filter>YokosukaEngine\Include\Math\Vector2</Filter>
    </ClInclude>
    <ClInclude Include="YokosukaEngine\Include\Math\Matrix4x4\Matrix4x4.h">
      <Filter>YokosukaEngine\Include\Math\Matrix4x4</Filter>
    </ClInclude>
    <ClInclude Include="YokosukaEngine\Include\Transform\WorldTransform\WorldTransform.h">
      <Filter>YokosukaEngine\Include\Transform\WorldTransform</Filter>
    </ClInclude>
    <ClInclude Include="Externals\ImGui\imconfig.h">
      <Filter>Externals\ImGui</Filter>
    </ClInclude>
    <ClInclude Include="Externals\ImGui\imgui.h">
      <Filter>Externals\ImGui</Filter>
    </ClInclude>
    <ClInclude Include="Externals\ImGui\imgui_impl_dx12.h">
      <Filter>Externals\ImGui</Filter>
    </ClInclude>
    <ClInclude Include="Externals\ImGui\imgui_impl_win32.h">
      <Filter>Externals\ImGui</Filter>
    </ClInclude>
    <ClInclude Include="Externals\ImGui\imgui_internal.h">
      <Filter>Externals\ImGui</Filter>
    </ClInclude>
    <ClInclude Include="Externals\ImGui\imstb_rectpack.h">
      <Filter>Externals\ImGui</Filter>
    </ClInclude>
    <ClInclude Include="Externals\ImGui\imstb_textedit.h">
      <Filter>Externals\ImGui</Filter>
    </ClInclude>
    <ClInclude Include="Externals\ImGui\imstb_truetype.h">
      <Filter>Externals\ImGui</Filter>
    </ClInclude>
    <ClInclude Include="YokosukaEngine\Include\Func\LoadTexture\LoadTexture.h">
      <Filter>YokosukaEngine\Include\Func\LoadTexture</Filter>
    </ClInclude>
    <ClInclude Include="YokosukaEngine\Include\Store\TextureStore\TextureStore.h">
      <Filter>YokosukaEngine\Include\Store\TextureStore</Filter>
    </ClInclude>
    <ClInclude Include="YokosukaEngine\Include\Draw\VertexData\VertexData.h">
      <Filter>YokosukaEngine\Include\Draw\VertexData</Filter>
    </ClInclude>
    <ClInclude Include="YokosukaEngine\Include\Camera\Camera2D\Camera2D.h">
      <Filter>YokosukaEngine\Include\Camera\Camera2D</Filter>
    </ClInclude>
    <ClInclude Include="YokosukaEngine\Include\Camera\Camera3D\Camera3D.h">
      <Filter>YokosukaEngine\Include\Camera\Camera3D</Filter>
    </ClInclude>
    <ClInclude Include="YokosukaEngine\Include\Draw\Material\Material.h">
      <Filter>YokosukaEngine\Include\Draw\Material</Filter>
    </ClInclude>
    <ClInclude Include="YokosukaEngine\Include\Draw\TransformationMatrix\TransformationMatrix.h">
      <Filter>YokosukaEngine\Include\Draw\WorldTransformationMatrix</Filter>
    </ClInclude>
    <ClInclude Include="YokosukaEngine\Include\Light\DirectionalLight\DirectionalLight.h">
      <Filter>YokosukaEngine\Include\Light\DirectionalLight</Filter>
    </ClInclude>
    <ClInclude Include="YokosukaEngine\Include\Func\LoadModelData\LoadModelData.h">
      <Filter>YokosukaEngine\Include\Func\LoadModelData</Filter>
    </ClInclude>
    <ClInclude Include="YokosukaEngine\Include\Store\ModelDataStore\ModelDataStore.h">
      <Filter>YokosukaEngine\Include\Store\ModelDataStore</Filter>
    </ClInclude>
    <ClInclude Include="YokosukaEngine\Include\Func\LoadMaterialData\LoadMaterialData.h">
      <Filter>YokosukaEngine\Include\Func\LoadMaterialData</Filter>
    </ClInclude>
    <ClInclude Include="YokosukaEngine\Include\Base\Input\Input.h">
      <Filter>YokosukaEngine\Include\Base\Input</Filter>
    </ClInclude>
    <ClInclude Include="YokosukaEngine\Include\Store\AudioStore\AudioStore.h">
      <Filter>YokosukaEngine\Include\Store\AudioStore</Filter>
    </ClInclude>
    <ClInclude Include="YokosukaEngine\Include\PipelineStateObject\Object3d\BlendNone\Object3dBlendNone.h">
      <Filter>YokosukaEngine\Include\PipelineStateObject\Object3d\BlendNone</Filter>
    </ClInclude>
    <ClInclude Include="YokosukaEngine\Include\PipelineStateObject\Object3d\BlendAdd\Object3dBlendAdd.h">
      <Filter>YokosukaEngine\Include\PipelineStateObject\Object3d\BlendAdd</Filter>
    </ClInclude>
    <ClInclude Include="YokosukaEngine\Include\PipelineStateObject\Object3d\BlendSubtract\Object3dBlendSubtract.h">
      <Filter>YokosukaEngine\Include\PipelineStateObject\Object3d\BlendSubtract</Filter>
    </ClInclude>
    <ClInclude Include="YokosukaEngine\Include\PipelineStateObject\Object3d\BlendMultiply\Object3dBlendMultiply.h">
      <Filter>YokosukaEngine\Include\PipelineStateObject\Object3d\BlendMultiply</Filter>
    </ClInclude>
    <ClInclude Include="YokosukaEngine\Include\PipelineStateObject\Object3d\BlendScreen\Object3dBlendScreen.h">
      <Filter>YokosukaEngine\Include\PipelineStateObject\Object3d\BlendScreen</Filter>
    </ClInclude>
    <ClInclude Include="YokosukaEngine\Include\PipelineStateObject\Object3d\BaseObject3d.h">
      <Filter>YokosukaEngine\Include\PipelineStateObject\Object3d</Filter>
    </ClInclude>
    <ClInclude Include="YokosukaEngine\Include\PipelineStateObject\Particle\BaseParticle.h">
      <Filter>YokosukaEngine\Include\PipelineStateObject\Particle</Filter>
    </ClInclude>
    <ClInclude Include="YokosukaEngine\Include\PipelineStateObject\Particle\BlendNormal\ParticleBlendNormal.h">
      <Filter>YokosukaEngine\Include\PipelineStateObject\Particle\BlendNormal</Filter>
    </ClInclude>
    <ClInclude Include="YokosukaEngine\Include\Math\Transform3D\Transform3D.h">
      <Filter>YokosukaEngine\Include\Math\Transform3D</Filter>
    </ClInclude>
    <ClInclude Include="YokosukaEngine\Include\ParticleEffect\Particle\Particle.h">
      <Filter>YokosukaEngine\Include\ParticleEffect\Particle</Filter>
    </ClInclude>
    <ClInclude Include="YokosukaEngine\Include\PipelineStateObject\Particle\BlendAdd\ParticleBlendAdd.h">
      <Filter>YokosukaEngine\Include\PipelineStateObject\Particle\BlendAdd</Filter>
    </ClInclude>
    <ClInclude Include="YokosukaEngine\Include\PipelineStateObject\Particle\BlendNone\ParticleBlendNone.h">
      <Filter>YokosukaEngine\Include\PipelineStateObject\Particle\BlendNone</Filter>
    </ClInclude>
    <ClInclude Include="YokosukaEngine\Include\PipelineStateObject\Particle\BlendSubtract\ParticleBlendSubtract.h">
      <Filter>YokosukaEngine\Include\PipelineStateObject\Particle\BlendSubtract</Filter>
    </ClInclude>
    <ClInclude Include="YokosukaEngine\Include\PipelineStateObject\Particle\BlendMultiply\ParticleBlendMultiply.h">
      <Filter>YokosukaEngine\Include\PipelineStateObject\Particle\BlendMultiply</Filter>
    </ClInclude>
    <ClInclude Include="YokosukaEngine\Include\PipelineStateObject\Particle\BlendScreen\ParticleBlendScreen.h">
      <Filter>YokosukaEngine\Include\PipelineStateObject\Particle\BlendScreen</Filter>
    </ClInclude>
    <ClInclude Include="YokosukaEngine\Include\Shape\AABB\AABB.h">
      <Filter>YokosukaEngine\Include\Shape\AABB</Filter>
    </ClInclude>
    <ClInclude Include="YokosukaEngine\Include\Func\Collision\Collision.h">
      <Filter>YokosukaEngine\Include\Func\Collision</Filter>
    </ClInclude>
    <ClInclude Include="YokosukaEngine\Include\Light\SpotLight\SpotLight.h">
      <Filter>YokosukaEngine\Include\Light\SpotLight</Filter>
    </ClInclude>
    <ClInclude Include="YokosukaEngine\Include\Light\PointLight\PointLight.h">
      <Filter>YokosukaEngine\Include\Light\PointLight</Filter>
    </ClInclude>
    <ClInclude Include="Game\Game.h">
      <Filter>Game</Filter>
    </ClInclude>
    <ClInclude Include="YokosukaEngine\Include\Transform\UvTransform\UvTransform.h">
      <Filter>YokosukaEngine\Include\Transform\UvTransform</Filter>
    </ClInclude>
    <ClInclude Include="YokosukaEngine\Include\PipelineStateObject\Line3d\BaseLine3d.h">
      <Filter>YokosukaEngine\Include\PipelineStateObject\Line3d</Filter>
    </ClInclude>
    <ClInclude Include="YokosukaEngine\Include\PipelineStateObject\Line3d\BlendNormal\Line3dBlendNormal.h">
      <Filter>YokosukaEngine\Include\PipelineStateObject\Line3d\BlendNormal</Filter>
    </ClInclude>
    <ClInclude Include="YokosukaEngine\Include\Shape\Sphere\Sphere.h">
      <Filter>YokosukaEngine\Include\Shape\Sphere</Filter>
    </ClInclude>
    <ClInclude Include="YokosukaEngine\Include\ParticleEffect\Emitter\Emitter.h">
      <Filter>YokosukaEngine\Include\ParticleEffect\Emitter</Filter>
    </ClInclude>
    <ClInclude Include="YokosukaEngine\Include\ParticleEffect\Feild\Feild.h">
      <Filter>YokosukaEngine\Include\ParticleEffect\Feild</Filter>
    </ClInclude>
    <ClInclude Include="YokosukaEngine\Include\PipelineStateObject\Line3d\BlendNone\Line3dBlendNone.h">
      <Filter>YokosukaEngine\Include\PipelineStateObject\Line3d\BlendNone</Filter>
    </ClInclude>
    <ClInclude Include="YokosukaEngine\Include\PipelineStateObject\Line3d\BlendAdd\Line3dBlendAdd.h">
      <Filter>YokosukaEngine\Include\PipelineStateObject\Line3d\BlendAdd</Filter>
    </ClInclude>
    <ClInclude Include="YokosukaEngine\Include\PipelineStateObject\Line3d\BlendSubtract\Line3dBlendSubtract.h">
      <Filter>YokosukaEngine\Include\PipelineStateObject\Line3d\BlendSubtract</Filter>
    </ClInclude>
    <ClInclude Include="YokosukaEngine\Include\PipelineStateObject\Line3d\BlendMultiply\Line3dBlendMultiply.h">
      <Filter>YokosukaEngine\Include\PipelineStateObject\Line3d\BlendMultiply</Filter>
    </ClInclude>
    <ClInclude Include="YokosukaEngine\Include\PipelineStateObject\Line3d\BlendScreen\Line3dBlendScreen.h">
      <Filter>YokosukaEngine\Include\PipelineStateObject\Line3d\BlendScreen</Filter>
    </ClInclude>
    <ClInclude Include="YokosukaEngine\Include\Math\Vector1\Vector1.h">
      <Filter>YokosukaEngine\Include\Math\Vector1</Filter>
    </ClInclude>
    <ClInclude Include="Game\GameScene\GameScene.h">
      <Filter>Game\GameScene</Filter>
    </ClInclude>
    <ClInclude Include="YokosukaEngine\Include\Math\Matrix3x3\Matrix3x3.h">
      <Filter>YokosukaEngine\Include\Math\Matrix3x3</Filter>
    </ClInclude>
    <ClInclude Include="YokosukaEngine\Include\PipelineStateObject\Primitive\BasePrimitive.h">
      <Filter>YokosukaEngine\Include\PipelineStateObject\Primitive</Filter>
    </ClInclude>
    <ClInclude Include="YokosukaEngine\Include\PipelineStateObject\Primitive\BlendNone\PrimitiveBlendNone.h">
      <Filter>YokosukaEngine\Include\PipelineStateObject\Primitive\BlendNone</Filter>
    </ClInclude>
    <ClInclude Include="YokosukaEngine\Include\PipelineStateObject\Primitive\BlendNormal\PrimitiveBlendNormal.h">
      <Filter>YokosukaEngine\Include\PipelineStateObject\Primitive\BlendNormal</Filter>
    </ClInclude>
    <ClInclude Include="YokosukaEngine\Include\PipelineStateObject\Primitive\BlendAdd\PrimitiveBlendAdd.h">
      <Filter>YokosukaEngine\Include\PipelineStateObject\Primitive\BlendAdd</Filter>
    </ClInclude>
    <ClInclude Include="YokosukaEngine\Include\PipelineStateObject\Primitive\BlendSubtract\PrimitiveBlendSubtract.h">
      <Filter>YokosukaEngine\Include\PipelineStateObject\Primitive\BlendSubtract</Filter>
    </ClInclude>
    <ClInclude Include="YokosukaEngine\Include\PipelineStateObject\Primitive\BlendMultiply\PrimitiveBlendMultiply.h">
      <Filter>YokosukaEngine\Include\PipelineStateObject\Primitive\BlendMultiply</Filter>
    </ClInclude>
    <ClInclude Include="YokosukaEngine\Include\PipelineStateObject\Primitive\BlendScreen\PrimitiveBlendScreen.h">
      <Filter>YokosukaEngine\Include\PipelineStateObject\Primitive\BlendScreen</Filter>
    </ClInclude>
    <ClInclude Include="YokosukaEngine\Include\PipelineStateObject\PostEffect\CopyImage\CopyImage.h">
      <Filter>YokosukaEngine\Include\PipelineStateObject\PostEffect\CopyImage</Filter>
    </ClInclude>
    <ClInclude Include="YokosukaEngine\Include\PipelineStateObject\PostEffect\GrayScale\GrayScale.h">
      <Filter>YokosukaEngine\Include\PipelineStateObject\PostEffect\GrayScale</Filter>
    </ClInclude>
    <ClInclude Include="YokosukaEngine\Include\PipelineStateObject\PostEffect\PostEffect.h">
      <Filter>YokosukaEngine\Include\PipelineStateObject\PostEffect</Filter>
    </ClInclude>
    <ClInclude Include="YokosukaEngine\Include\PipelineStateObject\PostEffect\Sepia\Sepia.h">
      <Filter>YokosukaEngine\Include\PipelineStateObject\PostEffect\Sepia</Filter>
    </ClInclude>
    <ClInclude Include="YokosukaEngine\Include\PipelineStateObject\PostEffect\Vignette\Vignette.h">
      <Filter>YokosukaEngine\Include\PipelineStateObject\PostEffect\Vignette</Filter>
    </ClInclude>
    <ClInclude Include="YokosukaEngine\Include\PipelineStateObject\PostEffect\Smoothing\Smoothing.h">
      <Filter>YokosukaEngine\Include\PipelineStateObject\PostEffect\Smoothing</Filter>
    </ClInclude>
    <ClInclude Include="YokosukaEngine\Include\PipelineStateObject\PostEffect\GaussianFillter\GaussianFilter.h">
      <Filter>YokosukaEngine\Include\PipelineStateObject\PostEffect\GaussianFilter</Filter>
    </ClInclude>
    <ClInclude Include="YokosukaEngine\Include\PipelineStateObject\PostEffect\LuminanceBaseOutline\LuminanceBaseOutline.h">
      <Filter>YokosukaEngine\Include\PipelineStateObject\PostEffect\LuminanceBaseOutline</Filter>
    </ClInclude>
    <ClInclude Include="YokosukaEngine\Include\PipelineStateObject\PostEffect\DepthBaseOutline\DepthBaseOutline.h">
      <Filter>YokosukaEngine\Include\PipelineStateObject\PostEffect\DepthBaseOutline</Filter>
    </ClInclude>
    <ClInclude Include="YokosukaEngine\Include\Math\Transform2D\Transform2D.h">
      <Filter>YokosukaEngine\Include\Math\Transform2D</Filter>
    </ClInclude>
    <ClInclude Include="YokosukaEngine\Include\Transform\WorldTransform2D\WorldTransform2D.h">
      <Filter>YokosukaEngine\Include\Transform\WorldTransform2D</Filter>
    </ClInclude>
    <ClInclude Include="Game\GameScene\Player\Player.h">
      <Filter>Game\GameScene\Player</Filter>
    </ClInclude>
    <ClInclude Include="Game\GameScene\Skydome\Skydome.h">
      <Filter>Game\GameScene\Skydome</Filter>
    </ClInclude>
    <ClInclude Include="Game\GameScene\BasePlayerBullet\BasePlayerBullet.h">
      <Filter>Game\GameScene\BasePlayerBullet</Filter>
    </ClInclude>
    <ClInclude Include="Game\GameScene\BasePlayerBullet\PlayerBulletWeek\PlayerBulletWeek.h">
      <Filter>Game\GameScene\BasePlayerBullet\PlayerBulletWeek</Filter>
    </ClInclude>
    <ClInclude Include="Game\GameScene\BasePlayerBullet\PlayerBulletStrong\PlayerBulletStrong.h">
      <Filter>Game\GameScene\BasePlayerBullet\PlayerBulletStrong</Filter>
    </ClInclude>
    <ClInclude Include="Game\GameScene\StageObject\StageObject.h">
      <Filter>Game\GameScene\StageObject</Filter>
    </ClInclude>
    <ClInclude Include="YokosukaEngine\Include\Draw\GPUforPostEffect\GPUforPostEffect.h">
      <Filter>YokosukaEngine\Include\Draw\PostEffect</Filter>
    </ClInclude>
    <ClInclude Include="YokosukaEngine\Include\PipelineStateObject\PostEffect\BrightnessExtraction\BrightnessExtraction.h">
      <Filter>YokosukaEngine\Include\PipelineStateObject\PostEffect\BrightnessExtraction</Filter>
    </ClInclude>
    <ClInclude Include="YokosukaEngine\Include\PipelineStateObject\PostEffect\Hide\Hide.h">
      <Filter>YokosukaEngine\Include\PipelineStateObject\PostEffect\Hide</Filter>
    </ClInclude>
    <ClInclude Include="YokosukaEngine\Include\PipelineStateObject\CopyImage\BaseCopyImage.h">
      <Filter>YokosukaEngine\Include\PipelineStateObject\CopyImage</Filter>
    </ClInclude>
    <ClInclude Include="YokosukaEngine\Include\PipelineStateObject\CopyImage\CopyImageBlendNone\CopyImageBlendNone.h">
      <Filter>YokosukaEngine\Include\PipelineStateObject\CopyImage\BlendNone</Filter>
    </ClInclude>
    <ClInclude Include="YokosukaEngine\Include\PipelineStateObject\CopyImage\CopyImageBlendNormal\CopyImageBlendNormal.h">
      <Filter>YokosukaEngine\Include\PipelineStateObject\CopyImage\BlendNormal</Filter>
    </ClInclude>
    <ClInclude Include="YokosukaEngine\Include\PipelineStateObject\CopyImage\CopyImageBlendAdd\CopyImageBlendAdd.h">
      <Filter>YokosukaEngine\Include\PipelineStateObject\CopyImage\BlendAdd</Filter>
    </ClInclude>
    <ClInclude Include="YokosukaEngine\Include\PipelineStateObject\CopyImage\CopyImageBlendSubtract\CopyImageBlendSubtract.h">
      <Filter>YokosukaEngine\Include\PipelineStateObject\CopyImage\BlendSubtract</Filter>
    </ClInclude>
    <ClInclude Include="YokosukaEngine\Include\PipelineStateObject\CopyImage\CopyImageBlendMultiply\CopyImageBlendMultiply.h">
      <Filter>YokosukaEngine\Include\PipelineStateObject\CopyImage\BlendMultiply</Filter>
    </ClInclude>
    <ClInclude Include="YokosukaEngine\Include\PipelineStateObject\CopyImage\CopyImageBlendScreen\CopyImageBlendScreen.h">
      <Filter>YokosukaEngine\Include\PipelineStateObject\CopyImage\BlendScreen</Filter>
    </ClInclude>
  </ItemGroup>
  <ItemGroup>
    <FxCompile Include="YokosukaEngine\Shader\Object3d\Object3d.VS.hlsl">
      <Filter>YokosukaEngine\Shader\Object3d</Filter>
    </FxCompile>
    <FxCompile Include="YokosukaEngine\Shader\Object3d\Object3d.PS.hlsl">
      <Filter>YokosukaEngine\Shader\Object3d</Filter>
    </FxCompile>
    <FxCompile Include="YokosukaEngine\Shader\Particle\Particle.PS.hlsl">
      <Filter>YokosukaEngine\Shader\Particle</Filter>
    </FxCompile>
    <FxCompile Include="YokosukaEngine\Shader\Particle\Particle.VS.hlsl">
      <Filter>YokosukaEngine\Shader\Particle</Filter>
    </FxCompile>
    <FxCompile Include="YokosukaEngine\Shader\Line3d\Line3d.PS.hlsl">
      <Filter>YokosukaEngine\Shader\Line3d</Filter>
    </FxCompile>
    <FxCompile Include="YokosukaEngine\Shader\Line3d\Line3d.VS.hlsl">
      <Filter>YokosukaEngine\Shader\Line3d</Filter>
    </FxCompile>
    <FxCompile Include="YokosukaEngine\Shader\Primitive\Primitive.PS.hlsl">
      <Filter>YokosukaEngine\Shader\Primitive</Filter>
    </FxCompile>
    <FxCompile Include="YokosukaEngine\Shader\Primitive\Primitive.VS.hlsl">
      <Filter>YokosukaEngine\Shader\Primitive</Filter>
    </FxCompile>
    <FxCompile Include="YokosukaEngine\Shader\PostEffect\CopyImage.PS.hlsl">
      <Filter>YokosukaEngine\Shader\PostEffect</Filter>
    </FxCompile>
    <FxCompile Include="YokosukaEngine\Shader\PostEffect\Fullscreen.VS.hlsl">
      <Filter>YokosukaEngine\Shader\PostEffect</Filter>
    </FxCompile>
    <FxCompile Include="YokosukaEngine\Shader\PostEffect\GaussianFilter.PS.hlsl">
      <Filter>YokosukaEngine\Shader\PostEffect</Filter>
    </FxCompile>
    <FxCompile Include="YokosukaEngine\Shader\PostEffect\GrayScale.PS.hlsl">
      <Filter>YokosukaEngine\Shader\PostEffect</Filter>
    </FxCompile>
    <FxCompile Include="YokosukaEngine\Shader\PostEffect\LuminaceBaseOutline.PS.hlsl">
      <Filter>YokosukaEngine\Shader\PostEffect</Filter>
    </FxCompile>
    <FxCompile Include="YokosukaEngine\Shader\PostEffect\Sepia.PS.hlsl">
      <Filter>YokosukaEngine\Shader\PostEffect</Filter>
    </FxCompile>
    <FxCompile Include="YokosukaEngine\Shader\PostEffect\Smoothing.PS.hlsl">
      <Filter>YokosukaEngine\Shader\PostEffect</Filter>
    </FxCompile>
    <FxCompile Include="YokosukaEngine\Shader\PostEffect\Vignette.PS.hlsl">
      <Filter>YokosukaEngine\Shader\PostEffect</Filter>
    </FxCompile>
    <FxCompile Include="YokosukaEngine\Shader\PostEffect\DepthBaseOutline.PS.hlsl">
      <Filter>YokosukaEngine\Shader\PostEffect</Filter>
    </FxCompile>
    <FxCompile Include="YokosukaEngine\Shader\PostEffect\BrightnessExtraction.PS.hlsl">
      <Filter>YokosukaEngine\Shader\PostEffect</Filter>
    </FxCompile>
    <FxCompile Include="YokosukaEngine\Shader\PostEffect\Hide.PS.hlsl">
      <Filter>YokosukaEngine\Shader\PostEffect</Filter>
    </FxCompile>
  </ItemGroup>
  <ItemGroup>
    <Text Include="Externals\ImGui\LICENSE.txt">
      <Filter>Externals\ImGui</Filter>
    </Text>
  </ItemGroup>
  <ItemGroup>
    <None Include="YokosukaEngine\Shader\Object3d\Object3d.hlsli">
      <Filter>YokosukaEngine\Shader\Object3d</Filter>
    </None>
    <None Include="YokosukaEngine\Shader\Particle\Particle.hlsli">
      <Filter>YokosukaEngine\Shader\Particle</Filter>
    </None>
    <None Include="YokosukaEngine\Shader\Line3d\Line3d.hlsli">
      <Filter>YokosukaEngine\Shader\Line3d</Filter>
    </None>
    <None Include="YokosukaEngine\Shader\Primitive\Primitive.hlsli">
      <Filter>YokosukaEngine\Shader\Primitive</Filter>
    </None>
    <None Include="YokosukaEngine\Shader\PostEffect\Fullscreen.hlsli">
      <Filter>YokosukaEngine\Shader\PostEffect</Filter>
    </None>
  </ItemGroup>
</Project>